// !$*UTF8*$!
{
	archiveVersion = 1;
	classes = {
	};
	objectVersion = 46;
	objects = {

/* Begin PBXBuildFile section */
		180388DF1DE2C658006182C6 /* NetWorkAspects.m in Sources */ = {isa = PBXBuildFile; fileRef = 180388DE1DE2C658006182C6 /* NetWorkAspects.m */; };
		182B19E31DC089E500C8DDE3 /* LPTabBarControllerConfig.m in Sources */ = {isa = PBXBuildFile; fileRef = 182B19E21DC089E500C8DDE3 /* LPTabBarControllerConfig.m */; };
		182B19E61DC0944D00C8DDE3 /* CYLPlusButtonSubclass.m in Sources */ = {isa = PBXBuildFile; fileRef = 182B19E51DC0944D00C8DDE3 /* CYLPlusButtonSubclass.m */; };
		182B19E91DC0A47F00C8DDE3 /* LPSecondViewController.m in Sources */ = {isa = PBXBuildFile; fileRef = 182B19E81DC0A47F00C8DDE3 /* LPSecondViewController.m */; };
		183D652E1DE57DCC00AF55E8 /* UIView+AFCLodingBlank.m in Sources */ = {isa = PBXBuildFile; fileRef = 183D652D1DE57DCC00AF55E8 /* UIView+AFCLodingBlank.m */; };
		183F6D0D1DBA134F009F91F4 /* LPNavigationController.m in Sources */ = {isa = PBXBuildFile; fileRef = 183F6D0C1DBA134F009F91F4 /* LPNavigationController.m */; };
		1847FEC01DD44A5800A4339B /* Aspects.m in Sources */ = {isa = PBXBuildFile; fileRef = 1847FEA01DD44A5800A4339B /* Aspects.m */; };
		1847FEC11DD44A5800A4339B /* LPAspectsConfig.m in Sources */ = {isa = PBXBuildFile; fileRef = 1847FEA21DD44A5800A4339B /* LPAspectsConfig.m */; };
		1847FEC21DD44A5800A4339B /* CYLPlusButton.m in Sources */ = {isa = PBXBuildFile; fileRef = 1847FEA61DD44A5800A4339B /* CYLPlusButton.m */; };
		1847FEC31DD44A5800A4339B /* CYLTabBar.m in Sources */ = {isa = PBXBuildFile; fileRef = 1847FEA81DD44A5800A4339B /* CYLTabBar.m */; };
		1847FEC41DD44A5800A4339B /* CYLTabBarController.m in Sources */ = {isa = PBXBuildFile; fileRef = 1847FEAA1DD44A5800A4339B /* CYLTabBarController.m */; };
		1847FEC51DD44A5800A4339B /* UIViewController+CYLTabBarControllerExtention.m in Sources */ = {isa = PBXBuildFile; fileRef = 1847FEAC1DD44A5800A4339B /* UIViewController+CYLTabBarControllerExtention.m */; };
		1847FEC61DD44A5800A4339B /* _JZNavigationInteractiveTransition.m in Sources */ = {isa = PBXBuildFile; fileRef = 1847FEB21DD44A5800A4339B /* _JZNavigationInteractiveTransition.m */; };
		1847FEC71DD44A5800A4339B /* _JZValue.m in Sources */ = {isa = PBXBuildFile; fileRef = 1847FEB41DD44A5800A4339B /* _JZValue.m */; };
		1847FEC81DD44A5800A4339B /* NSNumber+JZExtension.m in Sources */ = {isa = PBXBuildFile; fileRef = 1847FEB61DD44A5800A4339B /* NSNumber+JZExtension.m */; };
		1847FEC91DD44A5800A4339B /* UINavigationBar+JZExtension.m in Sources */ = {isa = PBXBuildFile; fileRef = 1847FEB81DD44A5800A4339B /* UINavigationBar+JZExtension.m */; };
		1847FECA1DD44A5800A4339B /* UIToolbar+JZExtension.m in Sources */ = {isa = PBXBuildFile; fileRef = 1847FEBA1DD44A5800A4339B /* UIToolbar+JZExtension.m */; };
		1847FECB1DD44A5800A4339B /* UINavigationController+JZExtension.m in Sources */ = {isa = PBXBuildFile; fileRef = 1847FEBC1DD44A5800A4339B /* UINavigationController+JZExtension.m */; };
		1847FECC1DD44A5800A4339B /* UIViewController+JZExtension.m in Sources */ = {isa = PBXBuildFile; fileRef = 1847FEBE1DD44A5800A4339B /* UIViewController+JZExtension.m */; };
		1847FF041DD44A6600A4339B /* CLLocation+YCLocation.m in Sources */ = {isa = PBXBuildFile; fileRef = 1847FED11DD44A6600A4339B /* CLLocation+YCLocation.m */; };
		1847FF051DD44A6600A4339B /* NSArray+SafeAccess.m in Sources */ = {isa = PBXBuildFile; fileRef = 1847FED31DD44A6600A4339B /* NSArray+SafeAccess.m */; };
		1847FF061DD44A6600A4339B /* NSMutableArray+SafeAccess.m in Sources */ = {isa = PBXBuildFile; fileRef = 1847FED51DD44A6600A4339B /* NSMutableArray+SafeAccess.m */; };
		1847FF071DD44A6600A4339B /* NSObject+Swizzle.m in Sources */ = {isa = PBXBuildFile; fileRef = 1847FED71DD44A6600A4339B /* NSObject+Swizzle.m */; };
		1847FF081DD44A6600A4339B /* NSTimer+Block.m in Sources */ = {isa = PBXBuildFile; fileRef = 1847FED91DD44A6600A4339B /* NSTimer+Block.m */; };
		1847FF091DD44A6600A4339B /* UIBarButtonItem+Badge.m in Sources */ = {isa = PBXBuildFile; fileRef = 1847FEDB1DD44A6600A4339B /* UIBarButtonItem+Badge.m */; };
		1847FF0A1DD44A6600A4339B /* UIButton+Badge.m in Sources */ = {isa = PBXBuildFile; fileRef = 1847FEDD1DD44A6600A4339B /* UIButton+Badge.m */; };
		1847FF0B1DD44A6600A4339B /* EAFeatureItem.m in Sources */ = {isa = PBXBuildFile; fileRef = 1847FEE11DD44A6600A4339B /* EAFeatureItem.m */; };
		1847FF0C1DD44A6600A4339B /* UIView+EAFeatureGuideView.m in Sources */ = {isa = PBXBuildFile; fileRef = 1847FEE31DD44A6600A4339B /* UIView+EAFeatureGuideView.m */; };
		1847FF0D1DD44A6600A4339B /* UIView+AnimationProperty.m in Sources */ = {isa = PBXBuildFile; fileRef = 1847FEE51DD44A6600A4339B /* UIView+AnimationProperty.m */; };
		1847FF0E1DD44A6600A4339B /* UIView+BlockGesture.m in Sources */ = {isa = PBXBuildFile; fileRef = 1847FEE71DD44A6600A4339B /* UIView+BlockGesture.m */; };
		1847FF0F1DD44A6600A4339B /* UIView+Blur.m in Sources */ = {isa = PBXBuildFile; fileRef = 1847FEE91DD44A6600A4339B /* UIView+Blur.m */; };
		1847FF101DD44A6600A4339B /* UIView+Find.m in Sources */ = {isa = PBXBuildFile; fileRef = 1847FEEB1DD44A6600A4339B /* UIView+Find.m */; };
		1847FF111DD44A6600A4339B /* UIView+GestureCallback.m in Sources */ = {isa = PBXBuildFile; fileRef = 1847FEED1DD44A6600A4339B /* UIView+GestureCallback.m */; };
		1847FF121DD44A6600A4339B /* UIView+GlowView.m in Sources */ = {isa = PBXBuildFile; fileRef = 1847FEEF1DD44A6600A4339B /* UIView+GlowView.m */; };
		1847FF141DD44A6600A4339B /* UIView+MAC.m in Sources */ = {isa = PBXBuildFile; fileRef = 1847FEF31DD44A6600A4339B /* UIView+MAC.m */; };
		1847FF151DD44A6600A4339B /* UIView+Nib.m in Sources */ = {isa = PBXBuildFile; fileRef = 1847FEF51DD44A6600A4339B /* UIView+Nib.m */; };
		1847FF161DD44A6600A4339B /* UIView+RecursiveDescription.m in Sources */ = {isa = PBXBuildFile; fileRef = 1847FEF71DD44A6600A4339B /* UIView+RecursiveDescription.m */; };
		1847FF171DD44A6600A4339B /* UIView+Screenshot.m in Sources */ = {isa = PBXBuildFile; fileRef = 1847FEF91DD44A6600A4339B /* UIView+Screenshot.m */; };
		1847FF181DD44A6700A4339B /* UIView+Shake.m in Sources */ = {isa = PBXBuildFile; fileRef = 1847FEFB1DD44A6600A4339B /* UIView+Shake.m */; };
		1847FF191DD44A6700A4339B /* UIView+ViewController.m in Sources */ = {isa = PBXBuildFile; fileRef = 1847FEFD1DD44A6600A4339B /* UIView+ViewController.m */; };
		1847FF1A1DD44A6700A4339B /* NetWorkRequest.m in Sources */ = {isa = PBXBuildFile; fileRef = 1847FF011DD44A6600A4339B /* NetWorkRequest.m */; };
		1847FF1B1DD44A6700A4339B /* NetWorkUrlConfig.m in Sources */ = {isa = PBXBuildFile; fileRef = 1847FF031DD44A6600A4339B /* NetWorkUrlConfig.m */; };
		1847FF1F1DD46CD100A4339B /* LPTestModel.m in Sources */ = {isa = PBXBuildFile; fileRef = 1847FF1E1DD46CD100A4339B /* LPTestModel.m */; };
		1851618C1DB772CD00FD1576 /* main.m in Sources */ = {isa = PBXBuildFile; fileRef = 1851618B1DB772CD00FD1576 /* main.m */; };
		185161971DB772CE00FD1576 /* Assets.xcassets in Resources */ = {isa = PBXBuildFile; fileRef = 185161961DB772CE00FD1576 /* Assets.xcassets */; };
		1851619A1DB772CE00FD1576 /* LaunchScreen.storyboard in Resources */ = {isa = PBXBuildFile; fileRef = 185161981DB772CE00FD1576 /* LaunchScreen.storyboard */; };
		185161A51DB772CE00FD1576 /* LPDevToolsTests.m in Sources */ = {isa = PBXBuildFile; fileRef = 185161A41DB772CE00FD1576 /* LPDevToolsTests.m */; };
		185161B21DB77D4F00FD1576 /* AppDelegate.m in Sources */ = {isa = PBXBuildFile; fileRef = 185161B11DB77D4F00FD1576 /* AppDelegate.m */; };
		186F0B171DF00AE900923CF2 /* UIViewController+BackButtonHandler.m in Sources */ = {isa = PBXBuildFile; fileRef = 186F0B161DF00AE900923CF2 /* UIViewController+BackButtonHandler.m */; };
		186FCE681DE7D18F005E717E /* UIView+HUD.m in Sources */ = {isa = PBXBuildFile; fileRef = 186FCE671DE7D18F005E717E /* UIView+HUD.m */; };
		18797D5D1DB855DB00AB093E /* LPTabBarController.m in Sources */ = {isa = PBXBuildFile; fileRef = 18797D5C1DB855DB00AB093E /* LPTabBarController.m */; };
		18797D601DB8562500AB093E /* LPHomeController.m in Sources */ = {isa = PBXBuildFile; fileRef = 18797D5F1DB8562500AB093E /* LPHomeController.m */; };
		18822F341DED1D9600480568 /* NSDate+Mac.m in Sources */ = {isa = PBXBuildFile; fileRef = 18822F301DED1D9600480568 /* NSDate+Mac.m */; };
		18822F351DED1D9600480568 /* NSDate+MacFormatter.m in Sources */ = {isa = PBXBuildFile; fileRef = 18822F321DED1D9600480568 /* NSDate+MacFormatter.m */; };
		18822F381DED529C00480568 /* NSObject+GCD.m in Sources */ = {isa = PBXBuildFile; fileRef = 18822F371DED529C00480568 /* NSObject+GCD.m */; };
		18822F511DED542600480568 /* NSString+HLHanZiToPinYin.m in Sources */ = {isa = PBXBuildFile; fileRef = 18822F3C1DED542600480568 /* NSString+HLHanZiToPinYin.m */; };
		18822F521DED542600480568 /* MF_Base64Additions.m in Sources */ = {isa = PBXBuildFile; fileRef = 18822F3E1DED542600480568 /* MF_Base64Additions.m */; };
		18822F531DED542600480568 /* NSString+Emoji.m in Sources */ = {isa = PBXBuildFile; fileRef = 18822F401DED542600480568 /* NSString+Emoji.m */; };
		18822F541DED542600480568 /* NSString+MAC.m in Sources */ = {isa = PBXBuildFile; fileRef = 18822F421DED542600480568 /* NSString+MAC.m */; };
		18822F551DED542600480568 /* NSString+MacRegexCategory.m in Sources */ = {isa = PBXBuildFile; fileRef = 18822F441DED542600480568 /* NSString+MacRegexCategory.m */; };
		18822F561DED542600480568 /* NSString+MIME.m in Sources */ = {isa = PBXBuildFile; fileRef = 18822F461DED542600480568 /* NSString+MIME.m */; };
		18822F571DED542600480568 /* NSString+RemoveEmoji.m in Sources */ = {isa = PBXBuildFile; fileRef = 18822F481DED542600480568 /* NSString+RemoveEmoji.m */; };
		18822F581DED542600480568 /* NSString+Trims.m in Sources */ = {isa = PBXBuildFile; fileRef = 18822F4A1DED542600480568 /* NSString+Trims.m */; };
		18822F591DED542600480568 /* NSString+UUID.m in Sources */ = {isa = PBXBuildFile; fileRef = 18822F4C1DED542600480568 /* NSString+UUID.m */; };
		18822F5A1DED542600480568 /* ChineseToPinyin.m in Sources */ = {isa = PBXBuildFile; fileRef = 18822F501DED542600480568 /* ChineseToPinyin.m */; };
		18822F601DED550500480568 /* AppleSystemService.m in Sources */ = {isa = PBXBuildFile; fileRef = 18822F5D1DED550500480568 /* AppleSystemService.m */; };
		18822F611DED550500480568 /* UIApplication+AppInfo.m in Sources */ = {isa = PBXBuildFile; fileRef = 18822F5F1DED550500480568 /* UIApplication+AppInfo.m */; };
		18822F681DED57C600480568 /* UIImage+LPCategory.m in Sources */ = {isa = PBXBuildFile; fileRef = 18822F631DED57C600480568 /* UIImage+LPCategory.m */; };
		18822F691DED57C600480568 /* UIImageView+LPCategory.m in Sources */ = {isa = PBXBuildFile; fileRef = 18822F651DED57C600480568 /* UIImageView+LPCategory.m */; };
		18822F6A1DED57C600480568 /* UITextView+Placeholder.m in Sources */ = {isa = PBXBuildFile; fileRef = 18822F671DED57C600480568 /* UITextView+Placeholder.m */; };
		18822F711DED580900480568 /* NSUserDefaults+LPCategory.m in Sources */ = {isa = PBXBuildFile; fileRef = 18822F6C1DED580900480568 /* NSUserDefaults+LPCategory.m */; };
		18822F721DED580900480568 /* UIColor+LPCategory.m in Sources */ = {isa = PBXBuildFile; fileRef = 18822F6E1DED580900480568 /* UIColor+LPCategory.m */; };
		18822F731DED580900480568 /* UIDevice+LPCategory.m in Sources */ = {isa = PBXBuildFile; fileRef = 18822F701DED580900480568 /* UIDevice+LPCategory.m */; };
		18822F7B1DED586600480568 /* UIViewController+Category.m in Sources */ = {isa = PBXBuildFile; fileRef = 18822F771DED586600480568 /* UIViewController+Category.m */; };
		18822F7C1DED586700480568 /* UIViewController+Swizzle.m in Sources */ = {isa = PBXBuildFile; fileRef = 18822F791DED586600480568 /* UIViewController+Swizzle.m */; };
		18822F801DED598300480568 /* ObjcRuntime.m in Sources */ = {isa = PBXBuildFile; fileRef = 18822F7F1DED598300480568 /* ObjcRuntime.m */; };
		1897A4241DF14AB100970A5B /* NSDictionary+SafeAccess.m in Sources */ = {isa = PBXBuildFile; fileRef = 1897A4231DF14AB100970A5B /* NSDictionary+SafeAccess.m */; };
		1897A4271DF14ADC00970A5B /* NSDictionary+Block.m in Sources */ = {isa = PBXBuildFile; fileRef = 1897A4261DF14ADC00970A5B /* NSDictionary+Block.m */; };
		CF604012695402B68CFD6C1B /* libPods-LPDevTools.a in Frameworks */ = {isa = PBXBuildFile; fileRef = 59D595416016D0870177CCC8 /* libPods-LPDevTools.a */; };
/* End PBXBuildFile section */

/* Begin PBXContainerItemProxy section */
		185161A11DB772CE00FD1576 /* PBXContainerItemProxy */ = {
			isa = PBXContainerItemProxy;
			containerPortal = 1851617F1DB772CC00FD1576 /* Project object */;
			proxyType = 1;
			remoteGlobalIDString = 185161861DB772CD00FD1576;
			remoteInfo = LPDevTools;
		};
/* End PBXContainerItemProxy section */

/* Begin PBXFileReference section */
		1372F38191AE2E389061DE59 /* Pods-LPDevTools.debug.xcconfig */ = {isa = PBXFileReference; includeInIndex = 1; lastKnownFileType = text.xcconfig; name = "Pods-LPDevTools.debug.xcconfig"; path = "Pods/Target Support Files/Pods-LPDevTools/Pods-LPDevTools.debug.xcconfig"; sourceTree = "<group>"; };
		180388DD1DE2C658006182C6 /* NetWorkAspects.h */ = {isa = PBXFileReference; fileEncoding = 4; lastKnownFileType = sourcecode.c.h; path = NetWorkAspects.h; sourceTree = "<group>"; };
		180388DE1DE2C658006182C6 /* NetWorkAspects.m */ = {isa = PBXFileReference; fileEncoding = 4; lastKnownFileType = sourcecode.c.objc; path = NetWorkAspects.m; sourceTree = "<group>"; };
		182B19E11DC089E500C8DDE3 /* LPTabBarControllerConfig.h */ = {isa = PBXFileReference; fileEncoding = 4; lastKnownFileType = sourcecode.c.h; path = LPTabBarControllerConfig.h; sourceTree = "<group>"; };
		182B19E21DC089E500C8DDE3 /* LPTabBarControllerConfig.m */ = {isa = PBXFileReference; fileEncoding = 4; lastKnownFileType = sourcecode.c.objc; path = LPTabBarControllerConfig.m; sourceTree = "<group>"; };
		182B19E41DC0944D00C8DDE3 /* CYLPlusButtonSubclass.h */ = {isa = PBXFileReference; fileEncoding = 4; lastKnownFileType = sourcecode.c.h; path = CYLPlusButtonSubclass.h; sourceTree = "<group>"; };
		182B19E51DC0944D00C8DDE3 /* CYLPlusButtonSubclass.m */ = {isa = PBXFileReference; fileEncoding = 4; lastKnownFileType = sourcecode.c.objc; path = CYLPlusButtonSubclass.m; sourceTree = "<group>"; };
		182B19E71DC0A47F00C8DDE3 /* LPSecondViewController.h */ = {isa = PBXFileReference; fileEncoding = 4; lastKnownFileType = sourcecode.c.h; path = LPSecondViewController.h; sourceTree = "<group>"; };
		182B19E81DC0A47F00C8DDE3 /* LPSecondViewController.m */ = {isa = PBXFileReference; fileEncoding = 4; lastKnownFileType = sourcecode.c.objc; path = LPSecondViewController.m; sourceTree = "<group>"; };
		183D652C1DE57DCC00AF55E8 /* UIView+AFCLodingBlank.h */ = {isa = PBXFileReference; fileEncoding = 4; lastKnownFileType = sourcecode.c.h; path = "UIView+AFCLodingBlank.h"; sourceTree = "<group>"; };
		183D652D1DE57DCC00AF55E8 /* UIView+AFCLodingBlank.m */ = {isa = PBXFileReference; fileEncoding = 4; lastKnownFileType = sourcecode.c.objc; path = "UIView+AFCLodingBlank.m"; sourceTree = "<group>"; };
		183F6D0B1DBA134F009F91F4 /* LPNavigationController.h */ = {isa = PBXFileReference; fileEncoding = 4; lastKnownFileType = sourcecode.c.h; path = LPNavigationController.h; sourceTree = "<group>"; };
		183F6D0C1DBA134F009F91F4 /* LPNavigationController.m */ = {isa = PBXFileReference; fileEncoding = 4; lastKnownFileType = sourcecode.c.objc; path = LPNavigationController.m; sourceTree = "<group>"; };
		1847FE9F1DD44A5800A4339B /* Aspects.h */ = {isa = PBXFileReference; fileEncoding = 4; lastKnownFileType = sourcecode.c.h; path = Aspects.h; sourceTree = "<group>"; };
		1847FEA01DD44A5800A4339B /* Aspects.m */ = {isa = PBXFileReference; fileEncoding = 4; lastKnownFileType = sourcecode.c.objc; path = Aspects.m; sourceTree = "<group>"; };
		1847FEA11DD44A5800A4339B /* LPAspectsConfig.h */ = {isa = PBXFileReference; fileEncoding = 4; lastKnownFileType = sourcecode.c.h; path = LPAspectsConfig.h; sourceTree = "<group>"; };
		1847FEA21DD44A5800A4339B /* LPAspectsConfig.m */ = {isa = PBXFileReference; fileEncoding = 4; lastKnownFileType = sourcecode.c.objc; path = LPAspectsConfig.m; sourceTree = "<group>"; };
		1847FEA41DD44A5800A4339B /* CYLConstants.h */ = {isa = PBXFileReference; fileEncoding = 4; lastKnownFileType = sourcecode.c.h; path = CYLConstants.h; sourceTree = "<group>"; };
		1847FEA51DD44A5800A4339B /* CYLPlusButton.h */ = {isa = PBXFileReference; fileEncoding = 4; lastKnownFileType = sourcecode.c.h; path = CYLPlusButton.h; sourceTree = "<group>"; };
		1847FEA61DD44A5800A4339B /* CYLPlusButton.m */ = {isa = PBXFileReference; fileEncoding = 4; lastKnownFileType = sourcecode.c.objc; path = CYLPlusButton.m; sourceTree = "<group>"; };
		1847FEA71DD44A5800A4339B /* CYLTabBar.h */ = {isa = PBXFileReference; fileEncoding = 4; lastKnownFileType = sourcecode.c.h; path = CYLTabBar.h; sourceTree = "<group>"; };
		1847FEA81DD44A5800A4339B /* CYLTabBar.m */ = {isa = PBXFileReference; fileEncoding = 4; lastKnownFileType = sourcecode.c.objc; path = CYLTabBar.m; sourceTree = "<group>"; };
		1847FEA91DD44A5800A4339B /* CYLTabBarController.h */ = {isa = PBXFileReference; fileEncoding = 4; lastKnownFileType = sourcecode.c.h; path = CYLTabBarController.h; sourceTree = "<group>"; };
		1847FEAA1DD44A5800A4339B /* CYLTabBarController.m */ = {isa = PBXFileReference; fileEncoding = 4; lastKnownFileType = sourcecode.c.objc; path = CYLTabBarController.m; sourceTree = "<group>"; };
		1847FEAB1DD44A5800A4339B /* UIViewController+CYLTabBarControllerExtention.h */ = {isa = PBXFileReference; fileEncoding = 4; lastKnownFileType = sourcecode.c.h; path = "UIViewController+CYLTabBarControllerExtention.h"; sourceTree = "<group>"; };
		1847FEAC1DD44A5800A4339B /* UIViewController+CYLTabBarControllerExtention.m */ = {isa = PBXFileReference; fileEncoding = 4; lastKnownFileType = sourcecode.c.objc; path = "UIViewController+CYLTabBarControllerExtention.m"; sourceTree = "<group>"; };
		1847FEAE1DD44A5800A4339B /* JZNavigationExtension.h */ = {isa = PBXFileReference; fileEncoding = 4; lastKnownFileType = sourcecode.c.h; path = JZNavigationExtension.h; sourceTree = "<group>"; };
		1847FEB01DD44A5800A4339B /* _JZ-objc-internal.h */ = {isa = PBXFileReference; fileEncoding = 4; lastKnownFileType = sourcecode.c.h; path = "_JZ-objc-internal.h"; sourceTree = "<group>"; };
		1847FEB11DD44A5800A4339B /* _JZNavigationInteractiveTransition.h */ = {isa = PBXFileReference; fileEncoding = 4; lastKnownFileType = sourcecode.c.h; path = _JZNavigationInteractiveTransition.h; sourceTree = "<group>"; };
		1847FEB21DD44A5800A4339B /* _JZNavigationInteractiveTransition.m */ = {isa = PBXFileReference; fileEncoding = 4; lastKnownFileType = sourcecode.c.objc; path = _JZNavigationInteractiveTransition.m; sourceTree = "<group>"; };
		1847FEB31DD44A5800A4339B /* _JZValue.h */ = {isa = PBXFileReference; fileEncoding = 4; lastKnownFileType = sourcecode.c.h; path = _JZValue.h; sourceTree = "<group>"; };
		1847FEB41DD44A5800A4339B /* _JZValue.m */ = {isa = PBXFileReference; fileEncoding = 4; lastKnownFileType = sourcecode.c.objc; path = _JZValue.m; sourceTree = "<group>"; };
		1847FEB51DD44A5800A4339B /* NSNumber+JZExtension.h */ = {isa = PBXFileReference; fileEncoding = 4; lastKnownFileType = sourcecode.c.h; path = "NSNumber+JZExtension.h"; sourceTree = "<group>"; };
		1847FEB61DD44A5800A4339B /* NSNumber+JZExtension.m */ = {isa = PBXFileReference; fileEncoding = 4; lastKnownFileType = sourcecode.c.objc; path = "NSNumber+JZExtension.m"; sourceTree = "<group>"; };
		1847FEB71DD44A5800A4339B /* UINavigationBar+JZExtension.h */ = {isa = PBXFileReference; fileEncoding = 4; lastKnownFileType = sourcecode.c.h; path = "UINavigationBar+JZExtension.h"; sourceTree = "<group>"; };
		1847FEB81DD44A5800A4339B /* UINavigationBar+JZExtension.m */ = {isa = PBXFileReference; fileEncoding = 4; lastKnownFileType = sourcecode.c.objc; path = "UINavigationBar+JZExtension.m"; sourceTree = "<group>"; };
		1847FEB91DD44A5800A4339B /* UIToolbar+JZExtension.h */ = {isa = PBXFileReference; fileEncoding = 4; lastKnownFileType = sourcecode.c.h; path = "UIToolbar+JZExtension.h"; sourceTree = "<group>"; };
		1847FEBA1DD44A5800A4339B /* UIToolbar+JZExtension.m */ = {isa = PBXFileReference; fileEncoding = 4; lastKnownFileType = sourcecode.c.objc; path = "UIToolbar+JZExtension.m"; sourceTree = "<group>"; };
		1847FEBB1DD44A5800A4339B /* UINavigationController+JZExtension.h */ = {isa = PBXFileReference; fileEncoding = 4; lastKnownFileType = sourcecode.c.h; path = "UINavigationController+JZExtension.h"; sourceTree = "<group>"; };
		1847FEBC1DD44A5800A4339B /* UINavigationController+JZExtension.m */ = {isa = PBXFileReference; fileEncoding = 4; lastKnownFileType = sourcecode.c.objc; path = "UINavigationController+JZExtension.m"; sourceTree = "<group>"; };
		1847FEBD1DD44A5800A4339B /* UIViewController+JZExtension.h */ = {isa = PBXFileReference; fileEncoding = 4; lastKnownFileType = sourcecode.c.h; path = "UIViewController+JZExtension.h"; sourceTree = "<group>"; };
		1847FEBE1DD44A5800A4339B /* UIViewController+JZExtension.m */ = {isa = PBXFileReference; fileEncoding = 4; lastKnownFileType = sourcecode.c.objc; path = "UIViewController+JZExtension.m"; sourceTree = "<group>"; };
		1847FEBF1DD44A5800A4339B /* Vendors.h */ = {isa = PBXFileReference; fileEncoding = 4; lastKnownFileType = sourcecode.c.h; path = Vendors.h; sourceTree = "<group>"; };
		1847FECF1DD44A6600A4339B /* Categorys.h */ = {isa = PBXFileReference; fileEncoding = 4; lastKnownFileType = sourcecode.c.h; path = Categorys.h; sourceTree = "<group>"; };
		1847FED01DD44A6600A4339B /* CLLocation+YCLocation.h */ = {isa = PBXFileReference; fileEncoding = 4; lastKnownFileType = sourcecode.c.h; path = "CLLocation+YCLocation.h"; sourceTree = "<group>"; };
		1847FED11DD44A6600A4339B /* CLLocation+YCLocation.m */ = {isa = PBXFileReference; fileEncoding = 4; lastKnownFileType = sourcecode.c.objc; path = "CLLocation+YCLocation.m"; sourceTree = "<group>"; };
		1847FED21DD44A6600A4339B /* NSArray+SafeAccess.h */ = {isa = PBXFileReference; fileEncoding = 4; lastKnownFileType = sourcecode.c.h; path = "NSArray+SafeAccess.h"; sourceTree = "<group>"; };
		1847FED31DD44A6600A4339B /* NSArray+SafeAccess.m */ = {isa = PBXFileReference; fileEncoding = 4; lastKnownFileType = sourcecode.c.objc; path = "NSArray+SafeAccess.m"; sourceTree = "<group>"; };
		1847FED41DD44A6600A4339B /* NSMutableArray+SafeAccess.h */ = {isa = PBXFileReference; fileEncoding = 4; lastKnownFileType = sourcecode.c.h; path = "NSMutableArray+SafeAccess.h"; sourceTree = "<group>"; };
		1847FED51DD44A6600A4339B /* NSMutableArray+SafeAccess.m */ = {isa = PBXFileReference; fileEncoding = 4; lastKnownFileType = sourcecode.c.objc; path = "NSMutableArray+SafeAccess.m"; sourceTree = "<group>"; };
		1847FED61DD44A6600A4339B /* NSObject+Swizzle.h */ = {isa = PBXFileReference; fileEncoding = 4; lastKnownFileType = sourcecode.c.h; path = "NSObject+Swizzle.h"; sourceTree = "<group>"; };
		1847FED71DD44A6600A4339B /* NSObject+Swizzle.m */ = {isa = PBXFileReference; fileEncoding = 4; lastKnownFileType = sourcecode.c.objc; path = "NSObject+Swizzle.m"; sourceTree = "<group>"; };
		1847FED81DD44A6600A4339B /* NSTimer+Block.h */ = {isa = PBXFileReference; fileEncoding = 4; lastKnownFileType = sourcecode.c.h; path = "NSTimer+Block.h"; sourceTree = "<group>"; };
		1847FED91DD44A6600A4339B /* NSTimer+Block.m */ = {isa = PBXFileReference; fileEncoding = 4; lastKnownFileType = sourcecode.c.objc; path = "NSTimer+Block.m"; sourceTree = "<group>"; };
		1847FEDA1DD44A6600A4339B /* UIBarButtonItem+Badge.h */ = {isa = PBXFileReference; fileEncoding = 4; lastKnownFileType = sourcecode.c.h; path = "UIBarButtonItem+Badge.h"; sourceTree = "<group>"; };
		1847FEDB1DD44A6600A4339B /* UIBarButtonItem+Badge.m */ = {isa = PBXFileReference; fileEncoding = 4; lastKnownFileType = sourcecode.c.objc; path = "UIBarButtonItem+Badge.m"; sourceTree = "<group>"; };
		1847FEDC1DD44A6600A4339B /* UIButton+Badge.h */ = {isa = PBXFileReference; fileEncoding = 4; lastKnownFileType = sourcecode.c.h; path = "UIButton+Badge.h"; sourceTree = "<group>"; };
		1847FEDD1DD44A6600A4339B /* UIButton+Badge.m */ = {isa = PBXFileReference; fileEncoding = 4; lastKnownFileType = sourcecode.c.objc; path = "UIButton+Badge.m"; sourceTree = "<group>"; };
		1847FEE01DD44A6600A4339B /* EAFeatureItem.h */ = {isa = PBXFileReference; fileEncoding = 4; lastKnownFileType = sourcecode.c.h; path = EAFeatureItem.h; sourceTree = "<group>"; };
		1847FEE11DD44A6600A4339B /* EAFeatureItem.m */ = {isa = PBXFileReference; fileEncoding = 4; lastKnownFileType = sourcecode.c.objc; path = EAFeatureItem.m; sourceTree = "<group>"; };
		1847FEE21DD44A6600A4339B /* UIView+EAFeatureGuideView.h */ = {isa = PBXFileReference; fileEncoding = 4; lastKnownFileType = sourcecode.c.h; path = "UIView+EAFeatureGuideView.h"; sourceTree = "<group>"; };
		1847FEE31DD44A6600A4339B /* UIView+EAFeatureGuideView.m */ = {isa = PBXFileReference; fileEncoding = 4; lastKnownFileType = sourcecode.c.objc; path = "UIView+EAFeatureGuideView.m"; sourceTree = "<group>"; };
		1847FEE41DD44A6600A4339B /* UIView+AnimationProperty.h */ = {isa = PBXFileReference; fileEncoding = 4; lastKnownFileType = sourcecode.c.h; path = "UIView+AnimationProperty.h"; sourceTree = "<group>"; };
		1847FEE51DD44A6600A4339B /* UIView+AnimationProperty.m */ = {isa = PBXFileReference; fileEncoding = 4; lastKnownFileType = sourcecode.c.objc; path = "UIView+AnimationProperty.m"; sourceTree = "<group>"; };
		1847FEE61DD44A6600A4339B /* UIView+BlockGesture.h */ = {isa = PBXFileReference; fileEncoding = 4; lastKnownFileType = sourcecode.c.h; path = "UIView+BlockGesture.h"; sourceTree = "<group>"; };
		1847FEE71DD44A6600A4339B /* UIView+BlockGesture.m */ = {isa = PBXFileReference; fileEncoding = 4; lastKnownFileType = sourcecode.c.objc; path = "UIView+BlockGesture.m"; sourceTree = "<group>"; };
		1847FEE81DD44A6600A4339B /* UIView+Blur.h */ = {isa = PBXFileReference; fileEncoding = 4; lastKnownFileType = sourcecode.c.h; path = "UIView+Blur.h"; sourceTree = "<group>"; };
		1847FEE91DD44A6600A4339B /* UIView+Blur.m */ = {isa = PBXFileReference; fileEncoding = 4; lastKnownFileType = sourcecode.c.objc; path = "UIView+Blur.m"; sourceTree = "<group>"; };
		1847FEEA1DD44A6600A4339B /* UIView+Find.h */ = {isa = PBXFileReference; fileEncoding = 4; lastKnownFileType = sourcecode.c.h; path = "UIView+Find.h"; sourceTree = "<group>"; };
		1847FEEB1DD44A6600A4339B /* UIView+Find.m */ = {isa = PBXFileReference; fileEncoding = 4; lastKnownFileType = sourcecode.c.objc; path = "UIView+Find.m"; sourceTree = "<group>"; };
		1847FEEC1DD44A6600A4339B /* UIView+GestureCallback.h */ = {isa = PBXFileReference; fileEncoding = 4; lastKnownFileType = sourcecode.c.h; path = "UIView+GestureCallback.h"; sourceTree = "<group>"; };
		1847FEED1DD44A6600A4339B /* UIView+GestureCallback.m */ = {isa = PBXFileReference; fileEncoding = 4; lastKnownFileType = sourcecode.c.objc; path = "UIView+GestureCallback.m"; sourceTree = "<group>"; };
		1847FEEE1DD44A6600A4339B /* UIView+GlowView.h */ = {isa = PBXFileReference; fileEncoding = 4; lastKnownFileType = sourcecode.c.h; path = "UIView+GlowView.h"; sourceTree = "<group>"; };
		1847FEEF1DD44A6600A4339B /* UIView+GlowView.m */ = {isa = PBXFileReference; fileEncoding = 4; lastKnownFileType = sourcecode.c.objc; path = "UIView+GlowView.m"; sourceTree = "<group>"; };
		1847FEF21DD44A6600A4339B /* UIView+MAC.h */ = {isa = PBXFileReference; fileEncoding = 4; lastKnownFileType = sourcecode.c.h; path = "UIView+MAC.h"; sourceTree = "<group>"; };
		1847FEF31DD44A6600A4339B /* UIView+MAC.m */ = {isa = PBXFileReference; fileEncoding = 4; lastKnownFileType = sourcecode.c.objc; path = "UIView+MAC.m"; sourceTree = "<group>"; };
		1847FEF41DD44A6600A4339B /* UIView+Nib.h */ = {isa = PBXFileReference; fileEncoding = 4; lastKnownFileType = sourcecode.c.h; path = "UIView+Nib.h"; sourceTree = "<group>"; };
		1847FEF51DD44A6600A4339B /* UIView+Nib.m */ = {isa = PBXFileReference; fileEncoding = 4; lastKnownFileType = sourcecode.c.objc; path = "UIView+Nib.m"; sourceTree = "<group>"; };
		1847FEF61DD44A6600A4339B /* UIView+RecursiveDescription.h */ = {isa = PBXFileReference; fileEncoding = 4; lastKnownFileType = sourcecode.c.h; path = "UIView+RecursiveDescription.h"; sourceTree = "<group>"; };
		1847FEF71DD44A6600A4339B /* UIView+RecursiveDescription.m */ = {isa = PBXFileReference; fileEncoding = 4; lastKnownFileType = sourcecode.c.objc; path = "UIView+RecursiveDescription.m"; sourceTree = "<group>"; };
		1847FEF81DD44A6600A4339B /* UIView+Screenshot.h */ = {isa = PBXFileReference; fileEncoding = 4; lastKnownFileType = sourcecode.c.h; path = "UIView+Screenshot.h"; sourceTree = "<group>"; };
		1847FEF91DD44A6600A4339B /* UIView+Screenshot.m */ = {isa = PBXFileReference; fileEncoding = 4; lastKnownFileType = sourcecode.c.objc; path = "UIView+Screenshot.m"; sourceTree = "<group>"; };
		1847FEFA1DD44A6600A4339B /* UIView+Shake.h */ = {isa = PBXFileReference; fileEncoding = 4; lastKnownFileType = sourcecode.c.h; path = "UIView+Shake.h"; sourceTree = "<group>"; };
		1847FEFB1DD44A6600A4339B /* UIView+Shake.m */ = {isa = PBXFileReference; fileEncoding = 4; lastKnownFileType = sourcecode.c.objc; path = "UIView+Shake.m"; sourceTree = "<group>"; };
		1847FEFC1DD44A6600A4339B /* UIView+ViewController.h */ = {isa = PBXFileReference; fileEncoding = 4; lastKnownFileType = sourcecode.c.h; path = "UIView+ViewController.h"; sourceTree = "<group>"; };
		1847FEFD1DD44A6600A4339B /* UIView+ViewController.m */ = {isa = PBXFileReference; fileEncoding = 4; lastKnownFileType = sourcecode.c.objc; path = "UIView+ViewController.m"; sourceTree = "<group>"; };
		1847FEFE1DD44A6600A4339B /* UIViewHeader.h */ = {isa = PBXFileReference; fileEncoding = 4; lastKnownFileType = sourcecode.c.h; path = UIViewHeader.h; sourceTree = "<group>"; };
		1847FF001DD44A6600A4339B /* NetWorkRequest.h */ = {isa = PBXFileReference; fileEncoding = 4; lastKnownFileType = sourcecode.c.h; path = NetWorkRequest.h; sourceTree = "<group>"; };
		1847FF011DD44A6600A4339B /* NetWorkRequest.m */ = {isa = PBXFileReference; fileEncoding = 4; lastKnownFileType = sourcecode.c.objc; path = NetWorkRequest.m; sourceTree = "<group>"; };
		1847FF021DD44A6600A4339B /* NetWorkUrlConfig.h */ = {isa = PBXFileReference; fileEncoding = 4; lastKnownFileType = sourcecode.c.h; path = NetWorkUrlConfig.h; sourceTree = "<group>"; };
		1847FF031DD44A6600A4339B /* NetWorkUrlConfig.m */ = {isa = PBXFileReference; fileEncoding = 4; lastKnownFileType = sourcecode.c.objc; path = NetWorkUrlConfig.m; sourceTree = "<group>"; };
		1847FF1C1DD4628300A4339B /* Macros.h */ = {isa = PBXFileReference; fileEncoding = 4; lastKnownFileType = sourcecode.c.h; path = Macros.h; sourceTree = "<group>"; };
		1847FF1D1DD46CD100A4339B /* LPTestModel.h */ = {isa = PBXFileReference; fileEncoding = 4; lastKnownFileType = sourcecode.c.h; path = LPTestModel.h; sourceTree = "<group>"; };
		1847FF1E1DD46CD100A4339B /* LPTestModel.m */ = {isa = PBXFileReference; fileEncoding = 4; lastKnownFileType = sourcecode.c.objc; path = LPTestModel.m; sourceTree = "<group>"; };
		185161871DB772CD00FD1576 /* LPDevTools.app */ = {isa = PBXFileReference; explicitFileType = wrapper.application; includeInIndex = 0; path = LPDevTools.app; sourceTree = BUILT_PRODUCTS_DIR; };
		1851618B1DB772CD00FD1576 /* main.m */ = {isa = PBXFileReference; lastKnownFileType = sourcecode.c.objc; path = main.m; sourceTree = "<group>"; };
		185161961DB772CE00FD1576 /* Assets.xcassets */ = {isa = PBXFileReference; lastKnownFileType = folder.assetcatalog; path = Assets.xcassets; sourceTree = "<group>"; };
		185161991DB772CE00FD1576 /* Base */ = {isa = PBXFileReference; lastKnownFileType = file.storyboard; name = Base; path = Base.lproj/LaunchScreen.storyboard; sourceTree = "<group>"; };
		1851619B1DB772CE00FD1576 /* Info.plist */ = {isa = PBXFileReference; lastKnownFileType = text.plist.xml; path = Info.plist; sourceTree = "<group>"; };
		185161A01DB772CE00FD1576 /* LPDevToolsTests.xctest */ = {isa = PBXFileReference; explicitFileType = wrapper.cfbundle; includeInIndex = 0; path = LPDevToolsTests.xctest; sourceTree = BUILT_PRODUCTS_DIR; };
		185161A41DB772CE00FD1576 /* LPDevToolsTests.m */ = {isa = PBXFileReference; lastKnownFileType = sourcecode.c.objc; path = LPDevToolsTests.m; sourceTree = "<group>"; };
		185161A61DB772CE00FD1576 /* Info.plist */ = {isa = PBXFileReference; lastKnownFileType = text.plist.xml; path = Info.plist; sourceTree = "<group>"; };
		185161B01DB77D4F00FD1576 /* AppDelegate.h */ = {isa = PBXFileReference; fileEncoding = 4; lastKnownFileType = sourcecode.c.h; path = AppDelegate.h; sourceTree = "<group>"; };
		185161B11DB77D4F00FD1576 /* AppDelegate.m */ = {isa = PBXFileReference; fileEncoding = 4; lastKnownFileType = sourcecode.c.objc; path = AppDelegate.m; sourceTree = "<group>"; };
		186F0B151DF00AE900923CF2 /* UIViewController+BackButtonHandler.h */ = {isa = PBXFileReference; fileEncoding = 4; lastKnownFileType = sourcecode.c.h; path = "UIViewController+BackButtonHandler.h"; sourceTree = "<group>"; };
		186F0B161DF00AE900923CF2 /* UIViewController+BackButtonHandler.m */ = {isa = PBXFileReference; fileEncoding = 4; lastKnownFileType = sourcecode.c.objc; path = "UIViewController+BackButtonHandler.m"; sourceTree = "<group>"; };
		186FCE661DE7D18F005E717E /* UIView+HUD.h */ = {isa = PBXFileReference; fileEncoding = 4; lastKnownFileType = sourcecode.c.h; path = "UIView+HUD.h"; sourceTree = "<group>"; };
		186FCE671DE7D18F005E717E /* UIView+HUD.m */ = {isa = PBXFileReference; fileEncoding = 4; lastKnownFileType = sourcecode.c.objc; path = "UIView+HUD.m"; sourceTree = "<group>"; };
		18797D5B1DB855DB00AB093E /* LPTabBarController.h */ = {isa = PBXFileReference; fileEncoding = 4; lastKnownFileType = sourcecode.c.h; path = LPTabBarController.h; sourceTree = "<group>"; };
		18797D5C1DB855DB00AB093E /* LPTabBarController.m */ = {isa = PBXFileReference; fileEncoding = 4; lastKnownFileType = sourcecode.c.objc; path = LPTabBarController.m; sourceTree = "<group>"; };
		18797D5E1DB8562500AB093E /* LPHomeController.h */ = {isa = PBXFileReference; fileEncoding = 4; lastKnownFileType = sourcecode.c.h; path = LPHomeController.h; sourceTree = "<group>"; };
		18797D5F1DB8562500AB093E /* LPHomeController.m */ = {isa = PBXFileReference; fileEncoding = 4; lastKnownFileType = sourcecode.c.objc; path = LPHomeController.m; sourceTree = "<group>"; };
		18797D611DB8755800AB093E /* LPDevToolsPrefix.pch */ = {isa = PBXFileReference; lastKnownFileType = sourcecode.c.h; path = LPDevToolsPrefix.pch; sourceTree = "<group>"; };
		18822F2F1DED1D9600480568 /* NSDate+Mac.h */ = {isa = PBXFileReference; fileEncoding = 4; lastKnownFileType = sourcecode.c.h; path = "NSDate+Mac.h"; sourceTree = "<group>"; };
		18822F301DED1D9600480568 /* NSDate+Mac.m */ = {isa = PBXFileReference; fileEncoding = 4; lastKnownFileType = sourcecode.c.objc; path = "NSDate+Mac.m"; sourceTree = "<group>"; };
		18822F311DED1D9600480568 /* NSDate+MacFormatter.h */ = {isa = PBXFileReference; fileEncoding = 4; lastKnownFileType = sourcecode.c.h; path = "NSDate+MacFormatter.h"; sourceTree = "<group>"; };
		18822F321DED1D9600480568 /* NSDate+MacFormatter.m */ = {isa = PBXFileReference; fileEncoding = 4; lastKnownFileType = sourcecode.c.objc; path = "NSDate+MacFormatter.m"; sourceTree = "<group>"; };
		18822F331DED1D9600480568 /* NSDateHeader.h */ = {isa = PBXFileReference; fileEncoding = 4; lastKnownFileType = sourcecode.c.h; path = NSDateHeader.h; sourceTree = "<group>"; };
		18822F361DED529C00480568 /* NSObject+GCD.h */ = {isa = PBXFileReference; fileEncoding = 4; lastKnownFileType = sourcecode.c.h; path = "NSObject+GCD.h"; sourceTree = "<group>"; };
		18822F371DED529C00480568 /* NSObject+GCD.m */ = {isa = PBXFileReference; fileEncoding = 4; lastKnownFileType = sourcecode.c.objc; path = "NSObject+GCD.m"; sourceTree = "<group>"; };
		18822F3B1DED542600480568 /* NSString+HLHanZiToPinYin.h */ = {isa = PBXFileReference; fileEncoding = 4; lastKnownFileType = sourcecode.c.h; path = "NSString+HLHanZiToPinYin.h"; sourceTree = "<group>"; };
		18822F3C1DED542600480568 /* NSString+HLHanZiToPinYin.m */ = {isa = PBXFileReference; fileEncoding = 4; lastKnownFileType = sourcecode.c.objc; path = "NSString+HLHanZiToPinYin.m"; sourceTree = "<group>"; };
		18822F3D1DED542600480568 /* MF_Base64Additions.h */ = {isa = PBXFileReference; fileEncoding = 4; lastKnownFileType = sourcecode.c.h; path = MF_Base64Additions.h; sourceTree = "<group>"; };
		18822F3E1DED542600480568 /* MF_Base64Additions.m */ = {isa = PBXFileReference; fileEncoding = 4; lastKnownFileType = sourcecode.c.objc; path = MF_Base64Additions.m; sourceTree = "<group>"; };
		18822F3F1DED542600480568 /* NSString+Emoji.h */ = {isa = PBXFileReference; fileEncoding = 4; lastKnownFileType = sourcecode.c.h; path = "NSString+Emoji.h"; sourceTree = "<group>"; };
		18822F401DED542600480568 /* NSString+Emoji.m */ = {isa = PBXFileReference; fileEncoding = 4; lastKnownFileType = sourcecode.c.objc; path = "NSString+Emoji.m"; sourceTree = "<group>"; };
		18822F411DED542600480568 /* NSString+MAC.h */ = {isa = PBXFileReference; fileEncoding = 4; lastKnownFileType = sourcecode.c.h; path = "NSString+MAC.h"; sourceTree = "<group>"; };
		18822F421DED542600480568 /* NSString+MAC.m */ = {isa = PBXFileReference; fileEncoding = 4; lastKnownFileType = sourcecode.c.objc; path = "NSString+MAC.m"; sourceTree = "<group>"; };
		18822F431DED542600480568 /* NSString+MacRegexCategory.h */ = {isa = PBXFileReference; fileEncoding = 4; lastKnownFileType = sourcecode.c.h; path = "NSString+MacRegexCategory.h"; sourceTree = "<group>"; };
		18822F441DED542600480568 /* NSString+MacRegexCategory.m */ = {isa = PBXFileReference; fileEncoding = 4; lastKnownFileType = sourcecode.c.objc; path = "NSString+MacRegexCategory.m"; sourceTree = "<group>"; };
		18822F451DED542600480568 /* NSString+MIME.h */ = {isa = PBXFileReference; fileEncoding = 4; lastKnownFileType = sourcecode.c.h; path = "NSString+MIME.h"; sourceTree = "<group>"; };
		18822F461DED542600480568 /* NSString+MIME.m */ = {isa = PBXFileReference; fileEncoding = 4; lastKnownFileType = sourcecode.c.objc; path = "NSString+MIME.m"; sourceTree = "<group>"; };
		18822F471DED542600480568 /* NSString+RemoveEmoji.h */ = {isa = PBXFileReference; fileEncoding = 4; lastKnownFileType = sourcecode.c.h; path = "NSString+RemoveEmoji.h"; sourceTree = "<group>"; };
		18822F481DED542600480568 /* NSString+RemoveEmoji.m */ = {isa = PBXFileReference; fileEncoding = 4; lastKnownFileType = sourcecode.c.objc; path = "NSString+RemoveEmoji.m"; sourceTree = "<group>"; };
		18822F491DED542600480568 /* NSString+Trims.h */ = {isa = PBXFileReference; fileEncoding = 4; lastKnownFileType = sourcecode.c.h; path = "NSString+Trims.h"; sourceTree = "<group>"; };
		18822F4A1DED542600480568 /* NSString+Trims.m */ = {isa = PBXFileReference; fileEncoding = 4; lastKnownFileType = sourcecode.c.objc; path = "NSString+Trims.m"; sourceTree = "<group>"; };
		18822F4B1DED542600480568 /* NSString+UUID.h */ = {isa = PBXFileReference; fileEncoding = 4; lastKnownFileType = sourcecode.c.h; path = "NSString+UUID.h"; sourceTree = "<group>"; };
		18822F4C1DED542600480568 /* NSString+UUID.m */ = {isa = PBXFileReference; fileEncoding = 4; lastKnownFileType = sourcecode.c.objc; path = "NSString+UUID.m"; sourceTree = "<group>"; };
		18822F4D1DED542600480568 /* NSStringHeader.h */ = {isa = PBXFileReference; fileEncoding = 4; lastKnownFileType = sourcecode.c.h; path = NSStringHeader.h; sourceTree = "<group>"; };
		18822F4F1DED542600480568 /* ChineseToPinyin.h */ = {isa = PBXFileReference; fileEncoding = 4; lastKnownFileType = sourcecode.c.h; path = ChineseToPinyin.h; sourceTree = "<group>"; };
		18822F501DED542600480568 /* ChineseToPinyin.m */ = {isa = PBXFileReference; fileEncoding = 4; lastKnownFileType = sourcecode.c.objc; path = ChineseToPinyin.m; sourceTree = "<group>"; };
		18822F5C1DED550500480568 /* AppleSystemService.h */ = {isa = PBXFileReference; fileEncoding = 4; lastKnownFileType = sourcecode.c.h; path = AppleSystemService.h; sourceTree = "<group>"; };
		18822F5D1DED550500480568 /* AppleSystemService.m */ = {isa = PBXFileReference; fileEncoding = 4; lastKnownFileType = sourcecode.c.objc; path = AppleSystemService.m; sourceTree = "<group>"; };
		18822F5E1DED550500480568 /* UIApplication+AppInfo.h */ = {isa = PBXFileReference; fileEncoding = 4; lastKnownFileType = sourcecode.c.h; path = "UIApplication+AppInfo.h"; sourceTree = "<group>"; };
		18822F5F1DED550500480568 /* UIApplication+AppInfo.m */ = {isa = PBXFileReference; fileEncoding = 4; lastKnownFileType = sourcecode.c.objc; path = "UIApplication+AppInfo.m"; sourceTree = "<group>"; };
		18822F621DED57C600480568 /* UIImage+LPCategory.h */ = {isa = PBXFileReference; fileEncoding = 4; lastKnownFileType = sourcecode.c.h; path = "UIImage+LPCategory.h"; sourceTree = "<group>"; };
		18822F631DED57C600480568 /* UIImage+LPCategory.m */ = {isa = PBXFileReference; fileEncoding = 4; lastKnownFileType = sourcecode.c.objc; path = "UIImage+LPCategory.m"; sourceTree = "<group>"; };
		18822F641DED57C600480568 /* UIImageView+LPCategory.h */ = {isa = PBXFileReference; fileEncoding = 4; lastKnownFileType = sourcecode.c.h; path = "UIImageView+LPCategory.h"; sourceTree = "<group>"; };
		18822F651DED57C600480568 /* UIImageView+LPCategory.m */ = {isa = PBXFileReference; fileEncoding = 4; lastKnownFileType = sourcecode.c.objc; path = "UIImageView+LPCategory.m"; sourceTree = "<group>"; };
		18822F661DED57C600480568 /* UITextView+Placeholder.h */ = {isa = PBXFileReference; fileEncoding = 4; lastKnownFileType = sourcecode.c.h; path = "UITextView+Placeholder.h"; sourceTree = "<group>"; };
		18822F671DED57C600480568 /* UITextView+Placeholder.m */ = {isa = PBXFileReference; fileEncoding = 4; lastKnownFileType = sourcecode.c.objc; path = "UITextView+Placeholder.m"; sourceTree = "<group>"; };
		18822F6B1DED580900480568 /* NSUserDefaults+LPCategory.h */ = {isa = PBXFileReference; fileEncoding = 4; lastKnownFileType = sourcecode.c.h; path = "NSUserDefaults+LPCategory.h"; sourceTree = "<group>"; };
		18822F6C1DED580900480568 /* NSUserDefaults+LPCategory.m */ = {isa = PBXFileReference; fileEncoding = 4; lastKnownFileType = sourcecode.c.objc; path = "NSUserDefaults+LPCategory.m"; sourceTree = "<group>"; };
		18822F6D1DED580900480568 /* UIColor+LPCategory.h */ = {isa = PBXFileReference; fileEncoding = 4; lastKnownFileType = sourcecode.c.h; path = "UIColor+LPCategory.h"; sourceTree = "<group>"; };
		18822F6E1DED580900480568 /* UIColor+LPCategory.m */ = {isa = PBXFileReference; fileEncoding = 4; lastKnownFileType = sourcecode.c.objc; path = "UIColor+LPCategory.m"; sourceTree = "<group>"; };
		18822F6F1DED580900480568 /* UIDevice+LPCategory.h */ = {isa = PBXFileReference; fileEncoding = 4; lastKnownFileType = sourcecode.c.h; path = "UIDevice+LPCategory.h"; sourceTree = "<group>"; };
		18822F701DED580900480568 /* UIDevice+LPCategory.m */ = {isa = PBXFileReference; fileEncoding = 4; lastKnownFileType = sourcecode.c.objc; path = "UIDevice+LPCategory.m"; sourceTree = "<group>"; };
		18822F761DED586600480568 /* UIViewController+Category.h */ = {isa = PBXFileReference; fileEncoding = 4; lastKnownFileType = sourcecode.c.h; path = "UIViewController+Category.h"; sourceTree = "<group>"; };
		18822F771DED586600480568 /* UIViewController+Category.m */ = {isa = PBXFileReference; fileEncoding = 4; lastKnownFileType = sourcecode.c.objc; path = "UIViewController+Category.m"; sourceTree = "<group>"; };
		18822F781DED586600480568 /* UIViewController+Swizzle.h */ = {isa = PBXFileReference; fileEncoding = 4; lastKnownFileType = sourcecode.c.h; path = "UIViewController+Swizzle.h"; sourceTree = "<group>"; };
		18822F791DED586600480568 /* UIViewController+Swizzle.m */ = {isa = PBXFileReference; fileEncoding = 4; lastKnownFileType = sourcecode.c.objc; path = "UIViewController+Swizzle.m"; sourceTree = "<group>"; };
		18822F7E1DED598300480568 /* ObjcRuntime.h */ = {isa = PBXFileReference; fileEncoding = 4; lastKnownFileType = sourcecode.c.h; path = ObjcRuntime.h; sourceTree = "<group>"; };
		18822F7F1DED598300480568 /* ObjcRuntime.m */ = {isa = PBXFileReference; fileEncoding = 4; lastKnownFileType = sourcecode.c.objc; path = ObjcRuntime.m; sourceTree = "<group>"; };
		1890F1A11DE445DF00184637 /* CommonMacro.h */ = {isa = PBXFileReference; fileEncoding = 4; lastKnownFileType = sourcecode.c.h; path = CommonMacro.h; sourceTree = "<group>"; };
		1897A4221DF14AB100970A5B /* NSDictionary+SafeAccess.h */ = {isa = PBXFileReference; fileEncoding = 4; lastKnownFileType = sourcecode.c.h; path = "NSDictionary+SafeAccess.h"; sourceTree = "<group>"; };
		1897A4231DF14AB100970A5B /* NSDictionary+SafeAccess.m */ = {isa = PBXFileReference; fileEncoding = 4; lastKnownFileType = sourcecode.c.objc; path = "NSDictionary+SafeAccess.m"; sourceTree = "<group>"; };
		1897A4251DF14ADC00970A5B /* NSDictionary+Block.h */ = {isa = PBXFileReference; fileEncoding = 4; lastKnownFileType = sourcecode.c.h; path = "NSDictionary+Block.h"; sourceTree = "<group>"; };
		1897A4261DF14ADC00970A5B /* NSDictionary+Block.m */ = {isa = PBXFileReference; fileEncoding = 4; lastKnownFileType = sourcecode.c.objc; path = "NSDictionary+Block.m"; sourceTree = "<group>"; };
		1897A4281DF1545E00970A5B /* NSDictionaryHeader.h */ = {isa = PBXFileReference; fileEncoding = 4; lastKnownFileType = sourcecode.c.h; path = NSDictionaryHeader.h; sourceTree = "<group>"; };
		1897A4291DF155A000970A5B /* UIApplicationHeader.h */ = {isa = PBXFileReference; fileEncoding = 4; lastKnownFileType = sourcecode.c.h; path = UIApplicationHeader.h; sourceTree = "<group>"; };
		44BE1BFBDCFCD4CD0BBDA9D3 /* Pods-LPDevTools.release.xcconfig */ = {isa = PBXFileReference; includeInIndex = 1; lastKnownFileType = text.xcconfig; name = "Pods-LPDevTools.release.xcconfig"; path = "Pods/Target Support Files/Pods-LPDevTools/Pods-LPDevTools.release.xcconfig"; sourceTree = "<group>"; };
		59D595416016D0870177CCC8 /* libPods-LPDevTools.a */ = {isa = PBXFileReference; explicitFileType = archive.ar; includeInIndex = 0; path = "libPods-LPDevTools.a"; sourceTree = BUILT_PRODUCTS_DIR; };
/* End PBXFileReference section */

/* Begin PBXFrameworksBuildPhase section */
		185161841DB772CD00FD1576 /* Frameworks */ = {
			isa = PBXFrameworksBuildPhase;
			buildActionMask = 2147483647;
			files = (
				CF604012695402B68CFD6C1B /* libPods-LPDevTools.a in Frameworks */,
			);
			runOnlyForDeploymentPostprocessing = 0;
		};
		1851619D1DB772CE00FD1576 /* Frameworks */ = {
			isa = PBXFrameworksBuildPhase;
			buildActionMask = 2147483647;
			files = (
			);
			runOnlyForDeploymentPostprocessing = 0;
		};
/* End PBXFrameworksBuildPhase section */

/* Begin PBXGroup section */
		1847FE9D1DD44A5800A4339B /* Vendor */ = {
			isa = PBXGroup;
			children = (
				1847FE9E1DD44A5800A4339B /* Aspects */,
				1847FEA31DD44A5800A4339B /* CYLTabBarController */,
				1847FEAD1DD44A5800A4339B /* JZNavigationExtension */,
				1847FEBF1DD44A5800A4339B /* Vendors.h */,
			);
			path = Vendor;
			sourceTree = "<group>";
		};
		1847FE9E1DD44A5800A4339B /* Aspects */ = {
			isa = PBXGroup;
			children = (
				1847FE9F1DD44A5800A4339B /* Aspects.h */,
				1847FEA01DD44A5800A4339B /* Aspects.m */,
				1847FEA11DD44A5800A4339B /* LPAspectsConfig.h */,
				1847FEA21DD44A5800A4339B /* LPAspectsConfig.m */,
			);
			path = Aspects;
			sourceTree = "<group>";
		};
		1847FEA31DD44A5800A4339B /* CYLTabBarController */ = {
			isa = PBXGroup;
			children = (
				1847FEA41DD44A5800A4339B /* CYLConstants.h */,
				1847FEA51DD44A5800A4339B /* CYLPlusButton.h */,
				1847FEA61DD44A5800A4339B /* CYLPlusButton.m */,
				1847FEA71DD44A5800A4339B /* CYLTabBar.h */,
				1847FEA81DD44A5800A4339B /* CYLTabBar.m */,
				1847FEA91DD44A5800A4339B /* CYLTabBarController.h */,
				1847FEAA1DD44A5800A4339B /* CYLTabBarController.m */,
				1847FEAB1DD44A5800A4339B /* UIViewController+CYLTabBarControllerExtention.h */,
				1847FEAC1DD44A5800A4339B /* UIViewController+CYLTabBarControllerExtention.m */,
			);
			path = CYLTabBarController;
			sourceTree = "<group>";
		};
		1847FEAD1DD44A5800A4339B /* JZNavigationExtension */ = {
			isa = PBXGroup;
			children = (
				1847FEAE1DD44A5800A4339B /* JZNavigationExtension.h */,
				1847FEAF1DD44A5800A4339B /* Private */,
				1847FEBB1DD44A5800A4339B /* UINavigationController+JZExtension.h */,
				1847FEBC1DD44A5800A4339B /* UINavigationController+JZExtension.m */,
				1847FEBD1DD44A5800A4339B /* UIViewController+JZExtension.h */,
				1847FEBE1DD44A5800A4339B /* UIViewController+JZExtension.m */,
			);
			path = JZNavigationExtension;
			sourceTree = "<group>";
		};
		1847FEAF1DD44A5800A4339B /* Private */ = {
			isa = PBXGroup;
			children = (
				1847FEB01DD44A5800A4339B /* _JZ-objc-internal.h */,
				1847FEB11DD44A5800A4339B /* _JZNavigationInteractiveTransition.h */,
				1847FEB21DD44A5800A4339B /* _JZNavigationInteractiveTransition.m */,
				1847FEB31DD44A5800A4339B /* _JZValue.h */,
				1847FEB41DD44A5800A4339B /* _JZValue.m */,
				1847FEB51DD44A5800A4339B /* NSNumber+JZExtension.h */,
				1847FEB61DD44A5800A4339B /* NSNumber+JZExtension.m */,
				1847FEB71DD44A5800A4339B /* UINavigationBar+JZExtension.h */,
				1847FEB81DD44A5800A4339B /* UINavigationBar+JZExtension.m */,
				1847FEB91DD44A5800A4339B /* UIToolbar+JZExtension.h */,
				1847FEBA1DD44A5800A4339B /* UIToolbar+JZExtension.m */,
			);
			path = Private;
			sourceTree = "<group>";
		};
		1847FECD1DD44A6600A4339B /* Util */ = {
			isa = PBXGroup;
			children = (
				1847FECE1DD44A6600A4339B /* Category */,
				1847FEFF1DD44A6600A4339B /* NetWorkManager */,
				1847FF1C1DD4628300A4339B /* Macros.h */,
				1890F1A11DE445DF00184637 /* CommonMacro.h */,
			);
			path = Util;
			sourceTree = "<group>";
		};
		1847FECE1DD44A6600A4339B /* Category */ = {
			isa = PBXGroup;
			children = (
				1897A4201DF149C900970A5B /* NSDictionary */,
				1847FECF1DD44A6600A4339B /* Categorys.h */,
				18822F2E1DED1D9600480568 /* NSDate */,
				1847FEDE1DD44A6600A4339B /* UIView */,
				18822F391DED542600480568 /* NSString */,
				18822F5B1DED550500480568 /* UIApplication */,
				18822F7D1DED598300480568 /* ObjcRuntime */,
				186F0B151DF00AE900923CF2 /* UIViewController+BackButtonHandler.h */,
				186F0B161DF00AE900923CF2 /* UIViewController+BackButtonHandler.m */,
				18822F761DED586600480568 /* UIViewController+Category.h */,
				18822F771DED586600480568 /* UIViewController+Category.m */,
				18822F781DED586600480568 /* UIViewController+Swizzle.h */,
				18822F791DED586600480568 /* UIViewController+Swizzle.m */,
				18822F6B1DED580900480568 /* NSUserDefaults+LPCategory.h */,
				18822F6C1DED580900480568 /* NSUserDefaults+LPCategory.m */,
				18822F6D1DED580900480568 /* UIColor+LPCategory.h */,
				18822F6E1DED580900480568 /* UIColor+LPCategory.m */,
				18822F6F1DED580900480568 /* UIDevice+LPCategory.h */,
				18822F701DED580900480568 /* UIDevice+LPCategory.m */,
				18822F621DED57C600480568 /* UIImage+LPCategory.h */,
				18822F631DED57C600480568 /* UIImage+LPCategory.m */,
				18822F641DED57C600480568 /* UIImageView+LPCategory.h */,
				18822F651DED57C600480568 /* UIImageView+LPCategory.m */,
				18822F661DED57C600480568 /* UITextView+Placeholder.h */,
				18822F671DED57C600480568 /* UITextView+Placeholder.m */,
				18822F361DED529C00480568 /* NSObject+GCD.h */,
				18822F371DED529C00480568 /* NSObject+GCD.m */,
				1847FED01DD44A6600A4339B /* CLLocation+YCLocation.h */,
				1847FED11DD44A6600A4339B /* CLLocation+YCLocation.m */,
				1847FED21DD44A6600A4339B /* NSArray+SafeAccess.h */,
				1847FED31DD44A6600A4339B /* NSArray+SafeAccess.m */,
				1847FED41DD44A6600A4339B /* NSMutableArray+SafeAccess.h */,
				1847FED51DD44A6600A4339B /* NSMutableArray+SafeAccess.m */,
				1847FED61DD44A6600A4339B /* NSObject+Swizzle.h */,
				1847FED71DD44A6600A4339B /* NSObject+Swizzle.m */,
				1847FED81DD44A6600A4339B /* NSTimer+Block.h */,
				1847FED91DD44A6600A4339B /* NSTimer+Block.m */,
				1847FEDA1DD44A6600A4339B /* UIBarButtonItem+Badge.h */,
				1847FEDB1DD44A6600A4339B /* UIBarButtonItem+Badge.m */,
				1847FEDC1DD44A6600A4339B /* UIButton+Badge.h */,
				1847FEDD1DD44A6600A4339B /* UIButton+Badge.m */,
				183D652C1DE57DCC00AF55E8 /* UIView+AFCLodingBlank.h */,
				183D652D1DE57DCC00AF55E8 /* UIView+AFCLodingBlank.m */,
				186FCE661DE7D18F005E717E /* UIView+HUD.h */,
				186FCE671DE7D18F005E717E /* UIView+HUD.m */,
			);
			path = Category;
			sourceTree = "<group>";
		};
		1847FEDE1DD44A6600A4339B /* UIView */ = {
			isa = PBXGroup;
			children = (
				1847FEDF1DD44A6600A4339B /* EAFeatureGuideView */,
				1847FEE41DD44A6600A4339B /* UIView+AnimationProperty.h */,
				1847FEE51DD44A6600A4339B /* UIView+AnimationProperty.m */,
				1847FEE61DD44A6600A4339B /* UIView+BlockGesture.h */,
				1847FEE71DD44A6600A4339B /* UIView+BlockGesture.m */,
				1847FEE81DD44A6600A4339B /* UIView+Blur.h */,
				1847FEE91DD44A6600A4339B /* UIView+Blur.m */,
				1847FEEA1DD44A6600A4339B /* UIView+Find.h */,
				1847FEEB1DD44A6600A4339B /* UIView+Find.m */,
				1847FEEC1DD44A6600A4339B /* UIView+GestureCallback.h */,
				1847FEED1DD44A6600A4339B /* UIView+GestureCallback.m */,
				1847FEEE1DD44A6600A4339B /* UIView+GlowView.h */,
				1847FEEF1DD44A6600A4339B /* UIView+GlowView.m */,
				1847FEF21DD44A6600A4339B /* UIView+MAC.h */,
				1847FEF31DD44A6600A4339B /* UIView+MAC.m */,
				1847FEF41DD44A6600A4339B /* UIView+Nib.h */,
				1847FEF51DD44A6600A4339B /* UIView+Nib.m */,
				1847FEF61DD44A6600A4339B /* UIView+RecursiveDescription.h */,
				1847FEF71DD44A6600A4339B /* UIView+RecursiveDescription.m */,
				1847FEF81DD44A6600A4339B /* UIView+Screenshot.h */,
				1847FEF91DD44A6600A4339B /* UIView+Screenshot.m */,
				1847FEFA1DD44A6600A4339B /* UIView+Shake.h */,
				1847FEFB1DD44A6600A4339B /* UIView+Shake.m */,
				1847FEFC1DD44A6600A4339B /* UIView+ViewController.h */,
				1847FEFD1DD44A6600A4339B /* UIView+ViewController.m */,
				1847FEFE1DD44A6600A4339B /* UIViewHeader.h */,
			);
			path = UIView;
			sourceTree = "<group>";
		};
		1847FEDF1DD44A6600A4339B /* EAFeatureGuideView */ = {
			isa = PBXGroup;
			children = (
				1847FEE01DD44A6600A4339B /* EAFeatureItem.h */,
				1847FEE11DD44A6600A4339B /* EAFeatureItem.m */,
				1847FEE21DD44A6600A4339B /* UIView+EAFeatureGuideView.h */,
				1847FEE31DD44A6600A4339B /* UIView+EAFeatureGuideView.m */,
			);
			path = EAFeatureGuideView;
			sourceTree = "<group>";
		};
		1847FEFF1DD44A6600A4339B /* NetWorkManager */ = {
			isa = PBXGroup;
			children = (
				1847FF001DD44A6600A4339B /* NetWorkRequest.h */,
				1847FF011DD44A6600A4339B /* NetWorkRequest.m */,
				1847FF021DD44A6600A4339B /* NetWorkUrlConfig.h */,
				1847FF031DD44A6600A4339B /* NetWorkUrlConfig.m */,
				180388DD1DE2C658006182C6 /* NetWorkAspects.h */,
				180388DE1DE2C658006182C6 /* NetWorkAspects.m */,
			);
			path = NetWorkManager;
			sourceTree = "<group>";
		};
		1851617E1DB772CC00FD1576 = {
			isa = PBXGroup;
			children = (
				185161891DB772CD00FD1576 /* LPDevTools */,
				185161A31DB772CE00FD1576 /* LPDevToolsTests */,
				185161881DB772CD00FD1576 /* Products */,
				6479FE383D240AC2A6D0A2B9 /* Pods */,
				7500FE0268E87042504F51D8 /* Frameworks */,
			);
			sourceTree = "<group>";
		};
		185161881DB772CD00FD1576 /* Products */ = {
			isa = PBXGroup;
			children = (
				185161871DB772CD00FD1576 /* LPDevTools.app */,
				185161A01DB772CE00FD1576 /* LPDevToolsTests.xctest */,
			);
			name = Products;
			sourceTree = "<group>";
		};
		185161891DB772CD00FD1576 /* LPDevTools */ = {
			isa = PBXGroup;
			children = (
				185161961DB772CE00FD1576 /* Assets.xcassets */,
				185161AF1DB77D4F00FD1576 /* Classes */,
				1847FE9D1DD44A5800A4339B /* Vendor */,
				1847FECD1DD44A6600A4339B /* Util */,
				1851618A1DB772CD00FD1576 /* Supporting Files */,
			);
			path = LPDevTools;
			sourceTree = "<group>";
		};
		1851618A1DB772CD00FD1576 /* Supporting Files */ = {
			isa = PBXGroup;
			children = (
				18797D611DB8755800AB093E /* LPDevToolsPrefix.pch */,
				1851619B1DB772CE00FD1576 /* Info.plist */,
				185161981DB772CE00FD1576 /* LaunchScreen.storyboard */,
				1851618B1DB772CD00FD1576 /* main.m */,
			);
			name = "Supporting Files";
			sourceTree = "<group>";
		};
		185161A31DB772CE00FD1576 /* LPDevToolsTests */ = {
			isa = PBXGroup;
			children = (
				185161A41DB772CE00FD1576 /* LPDevToolsTests.m */,
				185161A61DB772CE00FD1576 /* Info.plist */,
			);
			path = LPDevToolsTests;
			sourceTree = "<group>";
		};
		185161AF1DB77D4F00FD1576 /* Classes */ = {
			isa = PBXGroup;
			children = (
				185161B31DB77E6A00FD1576 /* BaseController */,
				185161B41DB77E6A00FD1576 /* Controller */,
				185161B61DB77E6A00FD1576 /* Model */,
				185161B71DB77E6A00FD1576 /* View */,
				185161B01DB77D4F00FD1576 /* AppDelegate.h */,
				185161B11DB77D4F00FD1576 /* AppDelegate.m */,
			);
			path = Classes;
			sourceTree = "<group>";
		};
		185161B31DB77E6A00FD1576 /* BaseController */ = {
			isa = PBXGroup;
			children = (
				18797D5B1DB855DB00AB093E /* LPTabBarController.h */,
				18797D5C1DB855DB00AB093E /* LPTabBarController.m */,
				183F6D0B1DBA134F009F91F4 /* LPNavigationController.h */,
				183F6D0C1DBA134F009F91F4 /* LPNavigationController.m */,
				182B19E11DC089E500C8DDE3 /* LPTabBarControllerConfig.h */,
				182B19E21DC089E500C8DDE3 /* LPTabBarControllerConfig.m */,
				182B19E41DC0944D00C8DDE3 /* CYLPlusButtonSubclass.h */,
				182B19E51DC0944D00C8DDE3 /* CYLPlusButtonSubclass.m */,
			);
			path = BaseController;
			sourceTree = "<group>";
		};
		185161B41DB77E6A00FD1576 /* Controller */ = {
			isa = PBXGroup;
			children = (
				185161B51DB77E6A00FD1576 /* Home */,
			);
			path = Controller;
			sourceTree = "<group>";
		};
		185161B51DB77E6A00FD1576 /* Home */ = {
			isa = PBXGroup;
			children = (
				18797D5E1DB8562500AB093E /* LPHomeController.h */,
				18797D5F1DB8562500AB093E /* LPHomeController.m */,
				182B19E71DC0A47F00C8DDE3 /* LPSecondViewController.h */,
				182B19E81DC0A47F00C8DDE3 /* LPSecondViewController.m */,
			);
			path = Home;
			sourceTree = "<group>";
		};
		185161B61DB77E6A00FD1576 /* Model */ = {
			isa = PBXGroup;
			children = (
				1847FF1D1DD46CD100A4339B /* LPTestModel.h */,
				1847FF1E1DD46CD100A4339B /* LPTestModel.m */,
			);
			path = Model;
			sourceTree = "<group>";
		};
		185161B71DB77E6A00FD1576 /* View */ = {
			isa = PBXGroup;
			children = (
			);
			path = View;
			sourceTree = "<group>";
		};
		18822F2E1DED1D9600480568 /* NSDate */ = {
			isa = PBXGroup;
			children = (
				18822F2F1DED1D9600480568 /* NSDate+Mac.h */,
				18822F301DED1D9600480568 /* NSDate+Mac.m */,
				18822F311DED1D9600480568 /* NSDate+MacFormatter.h */,
				18822F321DED1D9600480568 /* NSDate+MacFormatter.m */,
				18822F331DED1D9600480568 /* NSDateHeader.h */,
			);
			path = NSDate;
			sourceTree = "<group>";
		};
		18822F391DED542600480568 /* NSString */ = {
			isa = PBXGroup;
			children = (
				18822F3A1DED542600480568 /* HanZiToPingYin(汉字转成拼音) */,
				18822F3D1DED542600480568 /* MF_Base64Additions.h */,
				18822F3E1DED542600480568 /* MF_Base64Additions.m */,
				18822F3F1DED542600480568 /* NSString+Emoji.h */,
				18822F401DED542600480568 /* NSString+Emoji.m */,
				18822F411DED542600480568 /* NSString+MAC.h */,
				18822F421DED542600480568 /* NSString+MAC.m */,
				18822F431DED542600480568 /* NSString+MacRegexCategory.h */,
				18822F441DED542600480568 /* NSString+MacRegexCategory.m */,
				18822F451DED542600480568 /* NSString+MIME.h */,
				18822F461DED542600480568 /* NSString+MIME.m */,
				18822F471DED542600480568 /* NSString+RemoveEmoji.h */,
				18822F481DED542600480568 /* NSString+RemoveEmoji.m */,
				18822F491DED542600480568 /* NSString+Trims.h */,
				18822F4A1DED542600480568 /* NSString+Trims.m */,
				18822F4B1DED542600480568 /* NSString+UUID.h */,
				18822F4C1DED542600480568 /* NSString+UUID.m */,
				18822F4D1DED542600480568 /* NSStringHeader.h */,
				18822F4E1DED542600480568 /* Pinyin */,
			);
			path = NSString;
			sourceTree = "<group>";
		};
		18822F3A1DED542600480568 /* HanZiToPingYin(汉字转成拼音) */ = {
			isa = PBXGroup;
			children = (
				18822F3B1DED542600480568 /* NSString+HLHanZiToPinYin.h */,
				18822F3C1DED542600480568 /* NSString+HLHanZiToPinYin.m */,
			);
			path = "HanZiToPingYin(汉字转成拼音)";
			sourceTree = "<group>";
		};
		18822F4E1DED542600480568 /* Pinyin */ = {
			isa = PBXGroup;
			children = (
				18822F4F1DED542600480568 /* ChineseToPinyin.h */,
				18822F501DED542600480568 /* ChineseToPinyin.m */,
			);
			path = Pinyin;
			sourceTree = "<group>";
		};
		18822F5B1DED550500480568 /* UIApplication */ = {
			isa = PBXGroup;
			children = (
				18822F5C1DED550500480568 /* AppleSystemService.h */,
				18822F5D1DED550500480568 /* AppleSystemService.m */,
				18822F5E1DED550500480568 /* UIApplication+AppInfo.h */,
				18822F5F1DED550500480568 /* UIApplication+AppInfo.m */,
				1897A4291DF155A000970A5B /* UIApplicationHeader.h */,
			);
			path = UIApplication;
			sourceTree = "<group>";
		};
		18822F7D1DED598300480568 /* ObjcRuntime */ = {
			isa = PBXGroup;
			children = (
				18822F7E1DED598300480568 /* ObjcRuntime.h */,
				18822F7F1DED598300480568 /* ObjcRuntime.m */,
			);
			path = ObjcRuntime;
			sourceTree = "<group>";
		};
		1897A4201DF149C900970A5B /* NSDictionary */ = {
			isa = PBXGroup;
			children = (
				1897A4221DF14AB100970A5B /* NSDictionary+SafeAccess.h */,
				1897A4231DF14AB100970A5B /* NSDictionary+SafeAccess.m */,
				1897A4251DF14ADC00970A5B /* NSDictionary+Block.h */,
				1897A4261DF14ADC00970A5B /* NSDictionary+Block.m */,
				1897A4281DF1545E00970A5B /* NSDictionaryHeader.h */,
			);
			path = NSDictionary;
			sourceTree = "<group>";
		};
		6479FE383D240AC2A6D0A2B9 /* Pods */ = {
			isa = PBXGroup;
			children = (
				1372F38191AE2E389061DE59 /* Pods-LPDevTools.debug.xcconfig */,
				44BE1BFBDCFCD4CD0BBDA9D3 /* Pods-LPDevTools.release.xcconfig */,
			);
			name = Pods;
			sourceTree = "<group>";
		};
		7500FE0268E87042504F51D8 /* Frameworks */ = {
			isa = PBXGroup;
			children = (
				59D595416016D0870177CCC8 /* libPods-LPDevTools.a */,
			);
			name = Frameworks;
			sourceTree = "<group>";
		};
/* End PBXGroup section */

/* Begin PBXNativeTarget section */
		185161861DB772CD00FD1576 /* LPDevTools */ = {
			isa = PBXNativeTarget;
			buildConfigurationList = 185161A91DB772CE00FD1576 /* Build configuration list for PBXNativeTarget "LPDevTools" */;
			buildPhases = (
				98FD12AA7B1E26F652DC4F2F /* [CP] Check Pods Manifest.lock */,
				185161831DB772CD00FD1576 /* Sources */,
				185161841DB772CD00FD1576 /* Frameworks */,
				185161851DB772CD00FD1576 /* Resources */,
				F6F2A63FF322E0C6B6B95414 /* [CP] Embed Pods Frameworks */,
				046205A39F24064A4586D04C /* [CP] Copy Pods Resources */,
			);
			buildRules = (
			);
			dependencies = (
			);
			name = LPDevTools;
			productName = LPDevTools;
			productReference = 185161871DB772CD00FD1576 /* LPDevTools.app */;
			productType = "com.apple.product-type.application";
		};
		1851619F1DB772CE00FD1576 /* LPDevToolsTests */ = {
			isa = PBXNativeTarget;
			buildConfigurationList = 185161AC1DB772CE00FD1576 /* Build configuration list for PBXNativeTarget "LPDevToolsTests" */;
			buildPhases = (
				1851619C1DB772CE00FD1576 /* Sources */,
				1851619D1DB772CE00FD1576 /* Frameworks */,
				1851619E1DB772CE00FD1576 /* Resources */,
			);
			buildRules = (
			);
			dependencies = (
				185161A21DB772CE00FD1576 /* PBXTargetDependency */,
			);
			name = LPDevToolsTests;
			productName = LPDevToolsTests;
			productReference = 185161A01DB772CE00FD1576 /* LPDevToolsTests.xctest */;
			productType = "com.apple.product-type.bundle.unit-test";
		};
/* End PBXNativeTarget section */

/* Begin PBXProject section */
		1851617F1DB772CC00FD1576 /* Project object */ = {
			isa = PBXProject;
			attributes = {
				CLASSPREFIX = LP;
				LastUpgradeCheck = 0800;
				ORGANIZATIONNAME = lpdev.com;
				TargetAttributes = {
					185161861DB772CD00FD1576 = {
						CreatedOnToolsVersion = 8.0;
						DevelopmentTeam = VW6B7929D2;
						ProvisioningStyle = Automatic;
					};
					1851619F1DB772CE00FD1576 = {
						CreatedOnToolsVersion = 8.0;
						ProvisioningStyle = Automatic;
						TestTargetID = 185161861DB772CD00FD1576;
					};
				};
			};
			buildConfigurationList = 185161821DB772CC00FD1576 /* Build configuration list for PBXProject "LPDevTools" */;
			compatibilityVersion = "Xcode 3.2";
			developmentRegion = English;
			hasScannedForEncodings = 0;
			knownRegions = (
				en,
				Base,
			);
			mainGroup = 1851617E1DB772CC00FD1576;
			productRefGroup = 185161881DB772CD00FD1576 /* Products */;
			projectDirPath = "";
			projectRoot = "";
			targets = (
				185161861DB772CD00FD1576 /* LPDevTools */,
				1851619F1DB772CE00FD1576 /* LPDevToolsTests */,
			);
		};
/* End PBXProject section */

/* Begin PBXResourcesBuildPhase section */
		185161851DB772CD00FD1576 /* Resources */ = {
			isa = PBXResourcesBuildPhase;
			buildActionMask = 2147483647;
			files = (
				1851619A1DB772CE00FD1576 /* LaunchScreen.storyboard in Resources */,
				185161971DB772CE00FD1576 /* Assets.xcassets in Resources */,
			);
			runOnlyForDeploymentPostprocessing = 0;
		};
		1851619E1DB772CE00FD1576 /* Resources */ = {
			isa = PBXResourcesBuildPhase;
			buildActionMask = 2147483647;
			files = (
			);
			runOnlyForDeploymentPostprocessing = 0;
		};
/* End PBXResourcesBuildPhase section */

/* Begin PBXShellScriptBuildPhase section */
		046205A39F24064A4586D04C /* [CP] Copy Pods Resources */ = {
			isa = PBXShellScriptBuildPhase;
			buildActionMask = 2147483647;
			files = (
			);
			inputPaths = (
			);
			name = "[CP] Copy Pods Resources";
			outputPaths = (
			);
			runOnlyForDeploymentPostprocessing = 0;
			shellPath = /bin/sh;
			shellScript = "\"${SRCROOT}/Pods/Target Support Files/Pods-LPDevTools/Pods-LPDevTools-resources.sh\"\n";
			showEnvVarsInLog = 0;
		};
		98FD12AA7B1E26F652DC4F2F /* [CP] Check Pods Manifest.lock */ = {
			isa = PBXShellScriptBuildPhase;
			buildActionMask = 2147483647;
			files = (
			);
			inputPaths = (
			);
			name = "[CP] Check Pods Manifest.lock";
			outputPaths = (
			);
			runOnlyForDeploymentPostprocessing = 0;
			shellPath = /bin/sh;
			shellScript = "diff \"${PODS_ROOT}/../Podfile.lock\" \"${PODS_ROOT}/Manifest.lock\" > /dev/null\nif [ $? != 0 ] ; then\n    # print error to STDERR\n    echo \"error: The sandbox is not in sync with the Podfile.lock. Run 'pod install' or update your CocoaPods installation.\" >&2\n    exit 1\nfi\n";
			showEnvVarsInLog = 0;
		};
		F6F2A63FF322E0C6B6B95414 /* [CP] Embed Pods Frameworks */ = {
			isa = PBXShellScriptBuildPhase;
			buildActionMask = 2147483647;
			files = (
			);
			inputPaths = (
			);
			name = "[CP] Embed Pods Frameworks";
			outputPaths = (
			);
			runOnlyForDeploymentPostprocessing = 0;
			shellPath = /bin/sh;
			shellScript = "\"${SRCROOT}/Pods/Target Support Files/Pods-LPDevTools/Pods-LPDevTools-frameworks.sh\"\n";
			showEnvVarsInLog = 0;
		};
/* End PBXShellScriptBuildPhase section */

/* Begin PBXSourcesBuildPhase section */
		185161831DB772CD00FD1576 /* Sources */ = {
			isa = PBXSourcesBuildPhase;
			buildActionMask = 2147483647;
			files = (
				1847FF161DD44A6600A4339B /* UIView+RecursiveDescription.m in Sources */,
				1897A4241DF14AB100970A5B /* NSDictionary+SafeAccess.m in Sources */,
				182B19E61DC0944D00C8DDE3 /* CYLPlusButtonSubclass.m in Sources */,
				186FCE681DE7D18F005E717E /* UIView+HUD.m in Sources */,
				1847FF1B1DD44A6700A4339B /* NetWorkUrlConfig.m in Sources */,
				18822F7B1DED586600480568 /* UIViewController+Category.m in Sources */,
				1847FF0C1DD44A6600A4339B /* UIView+EAFeatureGuideView.m in Sources */,
				1847FF111DD44A6600A4339B /* UIView+GestureCallback.m in Sources */,
				1847FEC81DD44A5800A4339B /* NSNumber+JZExtension.m in Sources */,
				18822F681DED57C600480568 /* UIImage+LPCategory.m in Sources */,
				18822F5A1DED542600480568 /* ChineseToPinyin.m in Sources */,
				182B19E31DC089E500C8DDE3 /* LPTabBarControllerConfig.m in Sources */,
				1847FEC01DD44A5800A4339B /* Aspects.m in Sources */,
				1847FF141DD44A6600A4339B /* UIView+MAC.m in Sources */,
				18822F721DED580900480568 /* UIColor+LPCategory.m in Sources */,
				1851618C1DB772CD00FD1576 /* main.m in Sources */,
				183F6D0D1DBA134F009F91F4 /* LPNavigationController.m in Sources */,
				18822F6A1DED57C600480568 /* UITextView+Placeholder.m in Sources */,
				18822F7C1DED586700480568 /* UIViewController+Swizzle.m in Sources */,
				1847FEC71DD44A5800A4339B /* _JZValue.m in Sources */,
				18822F801DED598300480568 /* ObjcRuntime.m in Sources */,
				1847FF191DD44A6700A4339B /* UIView+ViewController.m in Sources */,
				18822F381DED529C00480568 /* NSObject+GCD.m in Sources */,
				1847FEC41DD44A5800A4339B /* CYLTabBarController.m in Sources */,
				1847FF1F1DD46CD100A4339B /* LPTestModel.m in Sources */,
				18822F601DED550500480568 /* AppleSystemService.m in Sources */,
				18822F341DED1D9600480568 /* NSDate+Mac.m in Sources */,
				1847FF081DD44A6600A4339B /* NSTimer+Block.m in Sources */,
				180388DF1DE2C658006182C6 /* NetWorkAspects.m in Sources */,
				18822F541DED542600480568 /* NSString+MAC.m in Sources */,
				18797D5D1DB855DB00AB093E /* LPTabBarController.m in Sources */,
				1847FF181DD44A6700A4339B /* UIView+Shake.m in Sources */,
				1847FF151DD44A6600A4339B /* UIView+Nib.m in Sources */,
				18822F591DED542600480568 /* NSString+UUID.m in Sources */,
				18822F611DED550500480568 /* UIApplication+AppInfo.m in Sources */,
				18822F711DED580900480568 /* NSUserDefaults+LPCategory.m in Sources */,
				183D652E1DE57DCC00AF55E8 /* UIView+AFCLodingBlank.m in Sources */,
				18822F531DED542600480568 /* NSString+Emoji.m in Sources */,
				1847FECB1DD44A5800A4339B /* UINavigationController+JZExtension.m in Sources */,
				18822F511DED542600480568 /* NSString+HLHanZiToPinYin.m in Sources */,
				18822F351DED1D9600480568 /* NSDate+MacFormatter.m in Sources */,
				1847FEC61DD44A5800A4339B /* _JZNavigationInteractiveTransition.m in Sources */,
				1847FF051DD44A6600A4339B /* NSArray+SafeAccess.m in Sources */,
				18822F551DED542600480568 /* NSString+MacRegexCategory.m in Sources */,
				1847FF0D1DD44A6600A4339B /* UIView+AnimationProperty.m in Sources */,
				1847FECC1DD44A5800A4339B /* UIViewController+JZExtension.m in Sources */,
				18797D601DB8562500AB093E /* LPHomeController.m in Sources */,
				1897A4271DF14ADC00970A5B /* NSDictionary+Block.m in Sources */,
				1847FF101DD44A6600A4339B /* UIView+Find.m in Sources */,
				1847FF0A1DD44A6600A4339B /* UIButton+Badge.m in Sources */,
				1847FF071DD44A6600A4339B /* NSObject+Swizzle.m in Sources */,
				186F0B171DF00AE900923CF2 /* UIViewController+BackButtonHandler.m in Sources */,
				1847FF171DD44A6600A4339B /* UIView+Screenshot.m in Sources */,
				1847FEC91DD44A5800A4339B /* UINavigationBar+JZExtension.m in Sources */,
				1847FF041DD44A6600A4339B /* CLLocation+YCLocation.m in Sources */,
				1847FF1A1DD44A6700A4339B /* NetWorkRequest.m in Sources */,
				18822F731DED580900480568 /* UIDevice+LPCategory.m in Sources */,
				1847FECA1DD44A5800A4339B /* UIToolbar+JZExtension.m in Sources */,
				1847FF121DD44A6600A4339B /* UIView+GlowView.m in Sources */,
				18822F561DED542600480568 /* NSString+MIME.m in Sources */,
				1847FEC11DD44A5800A4339B /* LPAspectsConfig.m in Sources */,
				182B19E91DC0A47F00C8DDE3 /* LPSecondViewController.m in Sources */,
				1847FF0F1DD44A6600A4339B /* UIView+Blur.m in Sources */,
				1847FF0B1DD44A6600A4339B /* EAFeatureItem.m in Sources */,
				1847FEC21DD44A5800A4339B /* CYLPlusButton.m in Sources */,
				18822F691DED57C600480568 /* UIImageView+LPCategory.m in Sources */,
				1847FF061DD44A6600A4339B /* NSMutableArray+SafeAccess.m in Sources */,
				1847FEC31DD44A5800A4339B /* CYLTabBar.m in Sources */,
				18822F581DED542600480568 /* NSString+Trims.m in Sources */,
				1847FF091DD44A6600A4339B /* UIBarButtonItem+Badge.m in Sources */,
				1847FEC51DD44A5800A4339B /* UIViewController+CYLTabBarControllerExtention.m in Sources */,
				1847FF0E1DD44A6600A4339B /* UIView+BlockGesture.m in Sources */,
				185161B21DB77D4F00FD1576 /* AppDelegate.m in Sources */,
				18822F571DED542600480568 /* NSString+RemoveEmoji.m in Sources */,
				18822F521DED542600480568 /* MF_Base64Additions.m in Sources */,
			);
			runOnlyForDeploymentPostprocessing = 0;
		};
		1851619C1DB772CE00FD1576 /* Sources */ = {
			isa = PBXSourcesBuildPhase;
			buildActionMask = 2147483647;
			files = (
				185161A51DB772CE00FD1576 /* LPDevToolsTests.m in Sources */,
			);
			runOnlyForDeploymentPostprocessing = 0;
		};
/* End PBXSourcesBuildPhase section */

/* Begin PBXTargetDependency section */
		185161A21DB772CE00FD1576 /* PBXTargetDependency */ = {
			isa = PBXTargetDependency;
			target = 185161861DB772CD00FD1576 /* LPDevTools */;
			targetProxy = 185161A11DB772CE00FD1576 /* PBXContainerItemProxy */;
		};
/* End PBXTargetDependency section */

/* Begin PBXVariantGroup section */
		185161981DB772CE00FD1576 /* LaunchScreen.storyboard */ = {
			isa = PBXVariantGroup;
			children = (
				185161991DB772CE00FD1576 /* Base */,
			);
			name = LaunchScreen.storyboard;
			sourceTree = "<group>";
		};
/* End PBXVariantGroup section */

/* Begin XCBuildConfiguration section */
		185161A71DB772CE00FD1576 /* Debug */ = {
			isa = XCBuildConfiguration;
			buildSettings = {
				ALWAYS_SEARCH_USER_PATHS = NO;
				CLANG_ANALYZER_NONNULL = YES;
				CLANG_CXX_LANGUAGE_STANDARD = "gnu++0x";
				CLANG_CXX_LIBRARY = "libc++";
				CLANG_ENABLE_MODULES = YES;
				CLANG_ENABLE_OBJC_ARC = YES;
				CLANG_WARN_BOOL_CONVERSION = YES;
				CLANG_WARN_CONSTANT_CONVERSION = YES;
				CLANG_WARN_DIRECT_OBJC_ISA_USAGE = YES_ERROR;
				CLANG_WARN_DOCUMENTATION_COMMENTS = YES;
				CLANG_WARN_EMPTY_BODY = YES;
				CLANG_WARN_ENUM_CONVERSION = YES;
				CLANG_WARN_INFINITE_RECURSION = YES;
				CLANG_WARN_INT_CONVERSION = YES;
				CLANG_WARN_OBJC_ROOT_CLASS = YES_ERROR;
				CLANG_WARN_SUSPICIOUS_MOVES = YES;
				CLANG_WARN_UNREACHABLE_CODE = YES;
				CLANG_WARN__DUPLICATE_METHOD_MATCH = YES;
				"CODE_SIGN_IDENTITY[sdk=iphoneos*]" = "iPhone Developer";
				COPY_PHASE_STRIP = NO;
				DEBUG_INFORMATION_FORMAT = dwarf;
				ENABLE_STRICT_OBJC_MSGSEND = YES;
				ENABLE_TESTABILITY = YES;
				GCC_C_LANGUAGE_STANDARD = gnu99;
				GCC_DYNAMIC_NO_PIC = NO;
				GCC_NO_COMMON_BLOCKS = YES;
				GCC_OPTIMIZATION_LEVEL = 0;
				GCC_PREPROCESSOR_DEFINITIONS = (
					"DEBUG=1",
					"$(inherited)",
				);
				GCC_WARN_64_TO_32_BIT_CONVERSION = YES;
				GCC_WARN_ABOUT_RETURN_TYPE = YES_ERROR;
				GCC_WARN_UNDECLARED_SELECTOR = YES;
				GCC_WARN_UNINITIALIZED_AUTOS = YES_AGGRESSIVE;
				GCC_WARN_UNUSED_FUNCTION = YES;
				GCC_WARN_UNUSED_VARIABLE = YES;
				IPHONEOS_DEPLOYMENT_TARGET = 10.0;
				MTL_ENABLE_DEBUG_INFO = YES;
				ONLY_ACTIVE_ARCH = YES;
				SDKROOT = iphoneos;
			};
			name = Debug;
		};
		185161A81DB772CE00FD1576 /* Release */ = {
			isa = XCBuildConfiguration;
			buildSettings = {
				ALWAYS_SEARCH_USER_PATHS = NO;
				CLANG_ANALYZER_NONNULL = YES;
				CLANG_CXX_LANGUAGE_STANDARD = "gnu++0x";
				CLANG_CXX_LIBRARY = "libc++";
				CLANG_ENABLE_MODULES = YES;
				CLANG_ENABLE_OBJC_ARC = YES;
				CLANG_WARN_BOOL_CONVERSION = YES;
				CLANG_WARN_CONSTANT_CONVERSION = YES;
				CLANG_WARN_DIRECT_OBJC_ISA_USAGE = YES_ERROR;
				CLANG_WARN_DOCUMENTATION_COMMENTS = YES;
				CLANG_WARN_EMPTY_BODY = YES;
				CLANG_WARN_ENUM_CONVERSION = YES;
				CLANG_WARN_INFINITE_RECURSION = YES;
				CLANG_WARN_INT_CONVERSION = YES;
				CLANG_WARN_OBJC_ROOT_CLASS = YES_ERROR;
				CLANG_WARN_SUSPICIOUS_MOVES = YES;
				CLANG_WARN_UNREACHABLE_CODE = YES;
				CLANG_WARN__DUPLICATE_METHOD_MATCH = YES;
				"CODE_SIGN_IDENTITY[sdk=iphoneos*]" = "iPhone Developer";
				COPY_PHASE_STRIP = NO;
				DEBUG_INFORMATION_FORMAT = "dwarf-with-dsym";
				ENABLE_NS_ASSERTIONS = NO;
				ENABLE_STRICT_OBJC_MSGSEND = YES;
				GCC_C_LANGUAGE_STANDARD = gnu99;
				GCC_NO_COMMON_BLOCKS = YES;
				GCC_WARN_64_TO_32_BIT_CONVERSION = YES;
				GCC_WARN_ABOUT_RETURN_TYPE = YES_ERROR;
				GCC_WARN_UNDECLARED_SELECTOR = YES;
				GCC_WARN_UNINITIALIZED_AUTOS = YES_AGGRESSIVE;
				GCC_WARN_UNUSED_FUNCTION = YES;
				GCC_WARN_UNUSED_VARIABLE = YES;
				IPHONEOS_DEPLOYMENT_TARGET = 10.0;
				MTL_ENABLE_DEBUG_INFO = NO;
				SDKROOT = iphoneos;
				VALIDATE_PRODUCT = YES;
			};
			name = Release;
		};
		185161AA1DB772CE00FD1576 /* Debug */ = {
			isa = XCBuildConfiguration;
			baseConfigurationReference = 1372F38191AE2E389061DE59 /* Pods-LPDevTools.debug.xcconfig */;
			buildSettings = {
				ASSETCATALOG_COMPILER_APPICON_NAME = AppIcon;
				DEVELOPMENT_TEAM = VW6B7929D2;
				GCC_INCREASE_PRECOMPILED_HEADER_SHARING = NO;
				GCC_PREFIX_HEADER = /Users/apple/Desktop/github/LPDevTools/LPDevTools/LPDevToolsPrefix.pch;
				INFOPLIST_FILE = LPDevTools/Info.plist;
				LD_RUNPATH_SEARCH_PATHS = "$(inherited) @executable_path/Frameworks";
				PRODUCT_BUNDLE_IDENTIFIER = com.lp.LPDevTools;
				PRODUCT_NAME = "$(TARGET_NAME)";
			};
			name = Debug;
		};
		185161AB1DB772CE00FD1576 /* Release */ = {
			isa = XCBuildConfiguration;
			baseConfigurationReference = 44BE1BFBDCFCD4CD0BBDA9D3 /* Pods-LPDevTools.release.xcconfig */;
			buildSettings = {
				ASSETCATALOG_COMPILER_APPICON_NAME = AppIcon;
				DEVELOPMENT_TEAM = VW6B7929D2;
				GCC_INCREASE_PRECOMPILED_HEADER_SHARING = NO;
				GCC_PREFIX_HEADER = /Users/apple/Desktop/github/LPDevTools/LPDevTools/LPDevToolsPrefix.pch;
				INFOPLIST_FILE = LPDevTools/Info.plist;
				LD_RUNPATH_SEARCH_PATHS = "$(inherited) @executable_path/Frameworks";
				PRODUCT_BUNDLE_IDENTIFIER = com.lp.LPDevTools;
				PRODUCT_NAME = "$(TARGET_NAME)";
			};
			name = Release;
		};
		185161AD1DB772CE00FD1576 /* Debug */ = {
			isa = XCBuildConfiguration;
			buildSettings = {
				BUNDLE_LOADER = "$(TEST_HOST)";
				INFOPLIST_FILE = LPDevToolsTests/Info.plist;
				LD_RUNPATH_SEARCH_PATHS = "$(inherited) @executable_path/Frameworks @loader_path/Frameworks";
				PRODUCT_BUNDLE_IDENTIFIER = com.lp.LPDevToolsTests;
				PRODUCT_NAME = "$(TARGET_NAME)";
				TEST_HOST = "$(BUILT_PRODUCTS_DIR)/LPDevTools.app/LPDevTools";
			};
			name = Debug;
		};
		185161AE1DB772CE00FD1576 /* Release */ = {
			isa = XCBuildConfiguration;
			buildSettings = {
				BUNDLE_LOADER = "$(TEST_HOST)";
				INFOPLIST_FILE = LPDevToolsTests/Info.plist;
				LD_RUNPATH_SEARCH_PATHS = "$(inherited) @executable_path/Frameworks @loader_path/Frameworks";
				PRODUCT_BUNDLE_IDENTIFIER = com.lp.LPDevToolsTests;
				PRODUCT_NAME = "$(TARGET_NAME)";
				TEST_HOST = "$(BUILT_PRODUCTS_DIR)/LPDevTools.app/LPDevTools";
			};
			name = Release;
		};
/* End XCBuildConfiguration section */

/* Begin XCConfigurationList section */
		185161821DB772CC00FD1576 /* Build configuration list for PBXProject "LPDevTools" */ = {
			isa = XCConfigurationList;
			buildConfigurations = (
				185161A71DB772CE00FD1576 /* Debug */,
				185161A81DB772CE00FD1576 /* Release */,
			);
			defaultConfigurationIsVisible = 0;
			defaultConfigurationName = Release;
		};
		185161A91DB772CE00FD1576 /* Build configuration list for PBXNativeTarget "LPDevTools" */ = {
			isa = XCConfigurationList;
			buildConfigurations = (
				185161AA1DB772CE00FD1576 /* Debug */,
				185161AB1DB772CE00FD1576 /* Release */,
			);
			defaultConfigurationIsVisible = 0;
			defaultConfigurationName = Release;
		};
		185161AC1DB772CE00FD1576 /* Build configuration list for PBXNativeTarget "LPDevToolsTests" */ = {
			isa = XCConfigurationList;
			buildConfigurations = (
				185161AD1DB772CE00FD1576 /* Debug */,
				185161AE1DB772CE00FD1576 /* Release */,
			);
			defaultConfigurationIsVisible = 0;
			defaultConfigurationName = Release;
		};
/* End XCConfigurationList section */
	};
	rootObject = 1851617F1DB772CC00FD1576 /* Project object */;
}
