// !$*UTF8*$!
{
	archiveVersion = 1;
	classes = {
	};
	objectVersion = 46;
	objects = {

/* Begin PBXBuildFile section */
		0C21C6881F2DD3A90089C5B8 /* LPtestView.m in Sources */ = {isa = PBXBuildFile; fileRef = 0C21C6871F2DD3A90089C5B8 /* LPtestView.m */; };
		182B19E31DC089E500C8DDE3 /* LPTabBarControllerConfig.m in Sources */ = {isa = PBXBuildFile; fileRef = 182B19E21DC089E500C8DDE3 /* LPTabBarControllerConfig.m */; };
		182B19E61DC0944D00C8DDE3 /* CYLPlusButtonSubclass.m in Sources */ = {isa = PBXBuildFile; fileRef = 182B19E51DC0944D00C8DDE3 /* CYLPlusButtonSubclass.m */; };
		182B19E91DC0A47F00C8DDE3 /* LPSecondViewController.m in Sources */ = {isa = PBXBuildFile; fileRef = 182B19E81DC0A47F00C8DDE3 /* LPSecondViewController.m */; };
		183F6D0D1DBA134F009F91F4 /* LPNavigationController.m in Sources */ = {isa = PBXBuildFile; fileRef = 183F6D0C1DBA134F009F91F4 /* LPNavigationController.m */; };
		1847FEC01DD44A5800A4339B /* Aspects.m in Sources */ = {isa = PBXBuildFile; fileRef = 1847FEA01DD44A5800A4339B /* Aspects.m */; };
		1847FEC11DD44A5800A4339B /* LPAspectsConfig.m in Sources */ = {isa = PBXBuildFile; fileRef = 1847FEA21DD44A5800A4339B /* LPAspectsConfig.m */; };
		1847FEC21DD44A5800A4339B /* CYLPlusButton.m in Sources */ = {isa = PBXBuildFile; fileRef = 1847FEA61DD44A5800A4339B /* CYLPlusButton.m */; };
		1847FEC31DD44A5800A4339B /* CYLTabBar.m in Sources */ = {isa = PBXBuildFile; fileRef = 1847FEA81DD44A5800A4339B /* CYLTabBar.m */; };
		1847FEC41DD44A5800A4339B /* CYLTabBarController.m in Sources */ = {isa = PBXBuildFile; fileRef = 1847FEAA1DD44A5800A4339B /* CYLTabBarController.m */; };
		1847FEC51DD44A5800A4339B /* UIViewController+CYLTabBarControllerExtention.m in Sources */ = {isa = PBXBuildFile; fileRef = 1847FEAC1DD44A5800A4339B /* UIViewController+CYLTabBarControllerExtention.m */; };
		1847FEC61DD44A5800A4339B /* _JZNavigationInteractiveTransition.m in Sources */ = {isa = PBXBuildFile; fileRef = 1847FEB21DD44A5800A4339B /* _JZNavigationInteractiveTransition.m */; };
		1847FEC71DD44A5800A4339B /* _JZValue.m in Sources */ = {isa = PBXBuildFile; fileRef = 1847FEB41DD44A5800A4339B /* _JZValue.m */; };
		1847FEC81DD44A5800A4339B /* NSNumber+JZExtension.m in Sources */ = {isa = PBXBuildFile; fileRef = 1847FEB61DD44A5800A4339B /* NSNumber+JZExtension.m */; };
		1847FEC91DD44A5800A4339B /* UINavigationBar+JZExtension.m in Sources */ = {isa = PBXBuildFile; fileRef = 1847FEB81DD44A5800A4339B /* UINavigationBar+JZExtension.m */; };
		1847FECA1DD44A5800A4339B /* UIToolbar+JZExtension.m in Sources */ = {isa = PBXBuildFile; fileRef = 1847FEBA1DD44A5800A4339B /* UIToolbar+JZExtension.m */; };
		1847FECB1DD44A5800A4339B /* UINavigationController+JZExtension.m in Sources */ = {isa = PBXBuildFile; fileRef = 1847FEBC1DD44A5800A4339B /* UINavigationController+JZExtension.m */; };
		1847FECC1DD44A5800A4339B /* UIViewController+JZExtension.m in Sources */ = {isa = PBXBuildFile; fileRef = 1847FEBE1DD44A5800A4339B /* UIViewController+JZExtension.m */; };
		1847FF1F1DD46CD100A4339B /* LPTestModel.m in Sources */ = {isa = PBXBuildFile; fileRef = 1847FF1E1DD46CD100A4339B /* LPTestModel.m */; };
		1851618C1DB772CD00FD1576 /* main.m in Sources */ = {isa = PBXBuildFile; fileRef = 1851618B1DB772CD00FD1576 /* main.m */; };
		185161971DB772CE00FD1576 /* Assets.xcassets in Resources */ = {isa = PBXBuildFile; fileRef = 185161961DB772CE00FD1576 /* Assets.xcassets */; };
		1851619A1DB772CE00FD1576 /* LaunchScreen.storyboard in Resources */ = {isa = PBXBuildFile; fileRef = 185161981DB772CE00FD1576 /* LaunchScreen.storyboard */; };
		185161A51DB772CE00FD1576 /* LPDevToolsTests.m in Sources */ = {isa = PBXBuildFile; fileRef = 185161A41DB772CE00FD1576 /* LPDevToolsTests.m */; };
		185161B21DB77D4F00FD1576 /* AppDelegate.m in Sources */ = {isa = PBXBuildFile; fileRef = 185161B11DB77D4F00FD1576 /* AppDelegate.m */; };
		18797D5D1DB855DB00AB093E /* LPTabBarController.m in Sources */ = {isa = PBXBuildFile; fileRef = 18797D5C1DB855DB00AB093E /* LPTabBarController.m */; };
		18797D601DB8562500AB093E /* LPHomeController.m in Sources */ = {isa = PBXBuildFile; fileRef = 18797D5F1DB8562500AB093E /* LPHomeController.m */; };
		CF604012695402B68CFD6C1B /* libPods-LPDevTools.a in Frameworks */ = {isa = PBXBuildFile; fileRef = 59D595416016D0870177CCC8 /* libPods-LPDevTools.a */; };
		E8D373D51F15CB270040B541 /* NSArray+LPTools.m in Sources */ = {isa = PBXBuildFile; fileRef = E8D373A81F15CB270040B541 /* NSArray+LPTools.m */; };
		E8D373D61F15CB270040B541 /* NSDate+LPTools.m in Sources */ = {isa = PBXBuildFile; fileRef = E8D373AA1F15CB270040B541 /* NSDate+LPTools.m */; };
		E8D373D71F15CB270040B541 /* NSObject+LPTools.m in Sources */ = {isa = PBXBuildFile; fileRef = E8D373AC1F15CB270040B541 /* NSObject+LPTools.m */; };
		E8D373D81F15CB270040B541 /* NSString+LPTools.m in Sources */ = {isa = PBXBuildFile; fileRef = E8D373AE1F15CB270040B541 /* NSString+LPTools.m */; };
		E8D373D91F15CB270040B541 /* NSTimer+LPTools.m in Sources */ = {isa = PBXBuildFile; fileRef = E8D373B01F15CB270040B541 /* NSTimer+LPTools.m */; };
		E8D373DA1F15CB270040B541 /* NSUserDefaults+LPTools.m in Sources */ = {isa = PBXBuildFile; fileRef = E8D373B21F15CB270040B541 /* NSUserDefaults+LPTools.m */; };
		E8D373DB1F15CB270040B541 /* UIApplication+LPTools.m in Sources */ = {isa = PBXBuildFile; fileRef = E8D373B41F15CB270040B541 /* UIApplication+LPTools.m */; };
		E8D373DC1F15CB270040B541 /* UIBarButtonItem+Badge.m in Sources */ = {isa = PBXBuildFile; fileRef = E8D373B61F15CB270040B541 /* UIBarButtonItem+Badge.m */; };
		E8D373DD1F15CB270040B541 /* UIButton+Badge.m in Sources */ = {isa = PBXBuildFile; fileRef = E8D373B81F15CB270040B541 /* UIButton+Badge.m */; };
		E8D373DE1F15CB270040B541 /* UIButton+LPTools.m in Sources */ = {isa = PBXBuildFile; fileRef = E8D373BA1F15CB270040B541 /* UIButton+LPTools.m */; };
		E8D373DF1F15CB270040B541 /* UIColor+LPTools.m in Sources */ = {isa = PBXBuildFile; fileRef = E8D373BC1F15CB270040B541 /* UIColor+LPTools.m */; };
		E8D373E01F15CB270040B541 /* UIDevice+LPTools.m in Sources */ = {isa = PBXBuildFile; fileRef = E8D373BE1F15CB270040B541 /* UIDevice+LPTools.m */; };
		E8D373E11F15CB270040B541 /* UIImage+LPTools.m in Sources */ = {isa = PBXBuildFile; fileRef = E8D373C01F15CB270040B541 /* UIImage+LPTools.m */; };
		E8D373E21F15CB270040B541 /* UILabel+LPTools.m in Sources */ = {isa = PBXBuildFile; fileRef = E8D373C21F15CB270040B541 /* UILabel+LPTools.m */; };
		E8D373E31F15CB270040B541 /* UITextField+LPTools.m in Sources */ = {isa = PBXBuildFile; fileRef = E8D373C41F15CB270040B541 /* UITextField+LPTools.m */; };
		E8D373E41F15CB270040B541 /* UITextView+Placeholder.m in Sources */ = {isa = PBXBuildFile; fileRef = E8D373C61F15CB270040B541 /* UITextView+Placeholder.m */; };
		E8D373E51F15CB270040B541 /* UIView+LPTools.m in Sources */ = {isa = PBXBuildFile; fileRef = E8D373C81F15CB270040B541 /* UIView+LPTools.m */; };
		E8D373E61F15CB270040B541 /* UIViewController+LPTools.m in Sources */ = {isa = PBXBuildFile; fileRef = E8D373CA1F15CB270040B541 /* UIViewController+LPTools.m */; };
		E8D373E71F15CB270040B541 /* LPAPPConfig.m in Sources */ = {isa = PBXBuildFile; fileRef = E8D373CE1F15CB270040B541 /* LPAPPConfig.m */; };
		E8D373E81F15CB270040B541 /* LPAPPKeyConfig.m in Sources */ = {isa = PBXBuildFile; fileRef = E8D373D01F15CB270040B541 /* LPAPPKeyConfig.m */; };
		E8D373E91F15CB270040B541 /* LPJumpManager.m in Sources */ = {isa = PBXBuildFile; fileRef = E8D373D21F15CB270040B541 /* LPJumpManager.m */; };
		E8D373EA1F15CB270040B541 /* LPVersionManager.m in Sources */ = {isa = PBXBuildFile; fileRef = E8D373D41F15CB270040B541 /* LPVersionManager.m */; };
		E8D373EE1F15CE2F0040B541 /* AlipaySDK.bundle in Resources */ = {isa = PBXBuildFile; fileRef = E8D373EC1F15CE2F0040B541 /* AlipaySDK.bundle */; };
		E8D373EF1F15CE2F0040B541 /* AlipaySDK.framework in Frameworks */ = {isa = PBXBuildFile; fileRef = E8D373ED1F15CE2F0040B541 /* AlipaySDK.framework */; };
		E8D373F11F15ED4B0040B541 /* libsqlite3.tbd in Frameworks */ = {isa = PBXBuildFile; fileRef = E8D373F01F15ED4B0040B541 /* libsqlite3.tbd */; };
		E8D373F31F15ED660040B541 /* CoreGraphics.framework in Frameworks */ = {isa = PBXBuildFile; fileRef = E8D373F21F15ED660040B541 /* CoreGraphics.framework */; };
		E8D373F51F15EDE60040B541 /* SystemConfiguration.framework in Frameworks */ = {isa = PBXBuildFile; fileRef = E8D373F41F15EDE60040B541 /* SystemConfiguration.framework */; };
		E8D373F71F15EDF10040B541 /* libz.tbd in Frameworks */ = {isa = PBXBuildFile; fileRef = E8D373F61F15EDF10040B541 /* libz.tbd */; };
		E8D373FB1F15EE090040B541 /* libc++.tbd in Frameworks */ = {isa = PBXBuildFile; fileRef = E8D373FA1F15EE090040B541 /* libc++.tbd */; };
		E8D373FD1F15EE110040B541 /* Security.framework in Frameworks */ = {isa = PBXBuildFile; fileRef = E8D373FC1F15EE110040B541 /* Security.framework */; };
		E8D373FF1F15EE1D0040B541 /* CoreTelephony.framework in Frameworks */ = {isa = PBXBuildFile; fileRef = E8D373FE1F15EE1D0040B541 /* CoreTelephony.framework */; };
		E8D374011F15EE280040B541 /* CFNetwork.framework in Frameworks */ = {isa = PBXBuildFile; fileRef = E8D374001F15EE280040B541 /* CFNetwork.framework */; };
		E8D374031F15EF010040B541 /* CoreMotion.framework in Frameworks */ = {isa = PBXBuildFile; fileRef = E8D374021F15EF000040B541 /* CoreMotion.framework */; };
		E8D374061F15EFEC0040B541 /* LPShareManager.m in Sources */ = {isa = PBXBuildFile; fileRef = E8D374051F15EFEC0040B541 /* LPShareManager.m */; };
		E8D3741B1F15F0A40040B541 /* libSocialQQ.a in Frameworks */ = {isa = PBXBuildFile; fileRef = E8D3740A1F15F0A40040B541 /* libSocialQQ.a */; };
		E8D3741C1F15F0A40040B541 /* libSocialSina.a in Frameworks */ = {isa = PBXBuildFile; fileRef = E8D3740D1F15F0A40040B541 /* libSocialSina.a */; };
		E8D3741D1F15F0A40040B541 /* libSocialWeChat.a in Frameworks */ = {isa = PBXBuildFile; fileRef = E8D374101F15F0A40040B541 /* libSocialWeChat.a */; };
		E8D3741E1F15F0A40040B541 /* UMSocialCore.framework in Frameworks */ = {isa = PBXBuildFile; fileRef = E8D374131F15F0A40040B541 /* UMSocialCore.framework */; };
		E8D3741F1F15F0A40040B541 /* UMSocialNetwork.framework in Frameworks */ = {isa = PBXBuildFile; fileRef = E8D374141F15F0A40040B541 /* UMSocialNetwork.framework */; };
		E8D374201F15F0A40040B541 /* UMSocialSDKPromptResources.bundle in Resources */ = {isa = PBXBuildFile; fileRef = E8D374151F15F0A40040B541 /* UMSocialSDKPromptResources.bundle */; };
		E8D374211F15F0A40040B541 /* libUMSocialLog.a in Frameworks */ = {isa = PBXBuildFile; fileRef = E8D374171F15F0A40040B541 /* libUMSocialLog.a */; };
		E8D374221F15F0A40040B541 /* UMSocialSDKResources.bundle in Resources */ = {isa = PBXBuildFile; fileRef = E8D374191F15F0A40040B541 /* UMSocialSDKResources.bundle */; };
		E8D374231F15F0A40040B541 /* UShareUI.framework in Frameworks */ = {isa = PBXBuildFile; fileRef = E8D3741A1F15F0A40040B541 /* UShareUI.framework */; };
		E8D374261F15F38E0040B541 /* LPPayManager.m in Sources */ = {isa = PBXBuildFile; fileRef = E8D374251F15F38E0040B541 /* LPPayManager.m */; };
		E8D3742D1F15F4410040B541 /* libWeChatSDK.a in Frameworks */ = {isa = PBXBuildFile; fileRef = E8D374281F15F4410040B541 /* libWeChatSDK.a */; };
		E8D3742E1F15F4410040B541 /* README.txt in Resources */ = {isa = PBXBuildFile; fileRef = E8D374291F15F4410040B541 /* README.txt */; };
		E8D374311F15F5F30040B541 /* LPPushManager.m in Sources */ = {isa = PBXBuildFile; fileRef = E8D374301F15F5F30040B541 /* LPPushManager.m */; };
		E8D374351F15F8410040B541 /* LPResourcesManager.m in Sources */ = {isa = PBXBuildFile; fileRef = E8D374341F15F8410040B541 /* LPResourcesManager.m */; };
		E8D374381F15F8FF0040B541 /* LPDataStoreManager.m in Sources */ = {isa = PBXBuildFile; fileRef = E8D374371F15F8FF0040B541 /* LPDataStoreManager.m */; };
		E8D3743B1F15F9AE0040B541 /* LPLocationManager.m in Sources */ = {isa = PBXBuildFile; fileRef = E8D3743A1F15F9AE0040B541 /* LPLocationManager.m */; };
		E8D374461F15FDD10040B541 /* UIScrollView+LPEmptyDataSet.m in Sources */ = {isa = PBXBuildFile; fileRef = E8D374451F15FDD10040B541 /* UIScrollView+LPEmptyDataSet.m */; };
		E8D374491F16045A0040B541 /* UIScrollView+LPRefresh.m in Sources */ = {isa = PBXBuildFile; fileRef = E8D374481F16045A0040B541 /* UIScrollView+LPRefresh.m */; };
		E8D3744F1F16060F0040B541 /* LPApiManager.m in Sources */ = {isa = PBXBuildFile; fileRef = E8D3744C1F16060F0040B541 /* LPApiManager.m */; };
		E8D374501F16060F0040B541 /* LPNetWorkManager.m in Sources */ = {isa = PBXBuildFile; fileRef = E8D3744E1F16060F0040B541 /* LPNetWorkManager.m */; };
		E8FE823F1F258A1900E18C73 /* index.html in Resources */ = {isa = PBXBuildFile; fileRef = E8FE823E1F258A1900E18C73 /* index.html */; };
		E8FE833E1F2867A700E18C73 /* LPLaunchImageAdView.m in Sources */ = {isa = PBXBuildFile; fileRef = E8FE833D1F2867A700E18C73 /* LPLaunchImageAdView.m */; };
/* End PBXBuildFile section */

/* Begin PBXContainerItemProxy section */
		185161A11DB772CE00FD1576 /* PBXContainerItemProxy */ = {
			isa = PBXContainerItemProxy;
			containerPortal = 1851617F1DB772CC00FD1576 /* Project object */;
			proxyType = 1;
			remoteGlobalIDString = 185161861DB772CD00FD1576;
			remoteInfo = LPDevTools;
		};
/* End PBXContainerItemProxy section */

/* Begin PBXFileReference section */
		0C21C6861F2DD3A90089C5B8 /* LPtestView.h */ = {isa = PBXFileReference; fileEncoding = 4; lastKnownFileType = sourcecode.c.h; path = LPtestView.h; sourceTree = "<group>"; };
		0C21C6871F2DD3A90089C5B8 /* LPtestView.m */ = {isa = PBXFileReference; fileEncoding = 4; lastKnownFileType = sourcecode.c.objc; path = LPtestView.m; sourceTree = "<group>"; };
		1372F38191AE2E389061DE59 /* Pods-LPDevTools.debug.xcconfig */ = {isa = PBXFileReference; includeInIndex = 1; lastKnownFileType = text.xcconfig; name = "Pods-LPDevTools.debug.xcconfig"; path = "Pods/Target Support Files/Pods-LPDevTools/Pods-LPDevTools.debug.xcconfig"; sourceTree = "<group>"; };
		182B19E11DC089E500C8DDE3 /* LPTabBarControllerConfig.h */ = {isa = PBXFileReference; fileEncoding = 4; lastKnownFileType = sourcecode.c.h; path = LPTabBarControllerConfig.h; sourceTree = "<group>"; };
		182B19E21DC089E500C8DDE3 /* LPTabBarControllerConfig.m */ = {isa = PBXFileReference; fileEncoding = 4; lastKnownFileType = sourcecode.c.objc; path = LPTabBarControllerConfig.m; sourceTree = "<group>"; };
		182B19E41DC0944D00C8DDE3 /* CYLPlusButtonSubclass.h */ = {isa = PBXFileReference; fileEncoding = 4; lastKnownFileType = sourcecode.c.h; path = CYLPlusButtonSubclass.h; sourceTree = "<group>"; };
		182B19E51DC0944D00C8DDE3 /* CYLPlusButtonSubclass.m */ = {isa = PBXFileReference; fileEncoding = 4; lastKnownFileType = sourcecode.c.objc; path = CYLPlusButtonSubclass.m; sourceTree = "<group>"; };
		182B19E71DC0A47F00C8DDE3 /* LPSecondViewController.h */ = {isa = PBXFileReference; fileEncoding = 4; lastKnownFileType = sourcecode.c.h; path = LPSecondViewController.h; sourceTree = "<group>"; };
		182B19E81DC0A47F00C8DDE3 /* LPSecondViewController.m */ = {isa = PBXFileReference; fileEncoding = 4; lastKnownFileType = sourcecode.c.objc; path = LPSecondViewController.m; sourceTree = "<group>"; };
		183F6D0B1DBA134F009F91F4 /* LPNavigationController.h */ = {isa = PBXFileReference; fileEncoding = 4; lastKnownFileType = sourcecode.c.h; path = LPNavigationController.h; sourceTree = "<group>"; };
		183F6D0C1DBA134F009F91F4 /* LPNavigationController.m */ = {isa = PBXFileReference; fileEncoding = 4; lastKnownFileType = sourcecode.c.objc; path = LPNavigationController.m; sourceTree = "<group>"; };
		1847FE9F1DD44A5800A4339B /* Aspects.h */ = {isa = PBXFileReference; fileEncoding = 4; lastKnownFileType = sourcecode.c.h; path = Aspects.h; sourceTree = "<group>"; };
		1847FEA01DD44A5800A4339B /* Aspects.m */ = {isa = PBXFileReference; fileEncoding = 4; lastKnownFileType = sourcecode.c.objc; path = Aspects.m; sourceTree = "<group>"; };
		1847FEA11DD44A5800A4339B /* LPAspectsConfig.h */ = {isa = PBXFileReference; fileEncoding = 4; lastKnownFileType = sourcecode.c.h; path = LPAspectsConfig.h; sourceTree = "<group>"; };
		1847FEA21DD44A5800A4339B /* LPAspectsConfig.m */ = {isa = PBXFileReference; fileEncoding = 4; lastKnownFileType = sourcecode.c.objc; path = LPAspectsConfig.m; sourceTree = "<group>"; };
		1847FEA41DD44A5800A4339B /* CYLConstants.h */ = {isa = PBXFileReference; fileEncoding = 4; lastKnownFileType = sourcecode.c.h; path = CYLConstants.h; sourceTree = "<group>"; };
		1847FEA51DD44A5800A4339B /* CYLPlusButton.h */ = {isa = PBXFileReference; fileEncoding = 4; lastKnownFileType = sourcecode.c.h; path = CYLPlusButton.h; sourceTree = "<group>"; };
		1847FEA61DD44A5800A4339B /* CYLPlusButton.m */ = {isa = PBXFileReference; fileEncoding = 4; lastKnownFileType = sourcecode.c.objc; path = CYLPlusButton.m; sourceTree = "<group>"; };
		1847FEA71DD44A5800A4339B /* CYLTabBar.h */ = {isa = PBXFileReference; fileEncoding = 4; lastKnownFileType = sourcecode.c.h; path = CYLTabBar.h; sourceTree = "<group>"; };
		1847FEA81DD44A5800A4339B /* CYLTabBar.m */ = {isa = PBXFileReference; fileEncoding = 4; lastKnownFileType = sourcecode.c.objc; path = CYLTabBar.m; sourceTree = "<group>"; };
		1847FEA91DD44A5800A4339B /* CYLTabBarController.h */ = {isa = PBXFileReference; fileEncoding = 4; lastKnownFileType = sourcecode.c.h; path = CYLTabBarController.h; sourceTree = "<group>"; };
		1847FEAA1DD44A5800A4339B /* CYLTabBarController.m */ = {isa = PBXFileReference; fileEncoding = 4; lastKnownFileType = sourcecode.c.objc; path = CYLTabBarController.m; sourceTree = "<group>"; };
		1847FEAB1DD44A5800A4339B /* UIViewController+CYLTabBarControllerExtention.h */ = {isa = PBXFileReference; fileEncoding = 4; lastKnownFileType = sourcecode.c.h; path = "UIViewController+CYLTabBarControllerExtention.h"; sourceTree = "<group>"; };
		1847FEAC1DD44A5800A4339B /* UIViewController+CYLTabBarControllerExtention.m */ = {isa = PBXFileReference; fileEncoding = 4; lastKnownFileType = sourcecode.c.objc; path = "UIViewController+CYLTabBarControllerExtention.m"; sourceTree = "<group>"; };
		1847FEAE1DD44A5800A4339B /* JZNavigationExtension.h */ = {isa = PBXFileReference; fileEncoding = 4; lastKnownFileType = sourcecode.c.h; path = JZNavigationExtension.h; sourceTree = "<group>"; };
		1847FEB01DD44A5800A4339B /* _JZ-objc-internal.h */ = {isa = PBXFileReference; fileEncoding = 4; lastKnownFileType = sourcecode.c.h; path = "_JZ-objc-internal.h"; sourceTree = "<group>"; };
		1847FEB11DD44A5800A4339B /* _JZNavigationInteractiveTransition.h */ = {isa = PBXFileReference; fileEncoding = 4; lastKnownFileType = sourcecode.c.h; path = _JZNavigationInteractiveTransition.h; sourceTree = "<group>"; };
		1847FEB21DD44A5800A4339B /* _JZNavigationInteractiveTransition.m */ = {isa = PBXFileReference; fileEncoding = 4; lastKnownFileType = sourcecode.c.objc; path = _JZNavigationInteractiveTransition.m; sourceTree = "<group>"; };
		1847FEB31DD44A5800A4339B /* _JZValue.h */ = {isa = PBXFileReference; fileEncoding = 4; lastKnownFileType = sourcecode.c.h; path = _JZValue.h; sourceTree = "<group>"; };
		1847FEB41DD44A5800A4339B /* _JZValue.m */ = {isa = PBXFileReference; fileEncoding = 4; lastKnownFileType = sourcecode.c.objc; path = _JZValue.m; sourceTree = "<group>"; };
		1847FEB51DD44A5800A4339B /* NSNumber+JZExtension.h */ = {isa = PBXFileReference; fileEncoding = 4; lastKnownFileType = sourcecode.c.h; path = "NSNumber+JZExtension.h"; sourceTree = "<group>"; };
		1847FEB61DD44A5800A4339B /* NSNumber+JZExtension.m */ = {isa = PBXFileReference; fileEncoding = 4; lastKnownFileType = sourcecode.c.objc; path = "NSNumber+JZExtension.m"; sourceTree = "<group>"; };
		1847FEB71DD44A5800A4339B /* UINavigationBar+JZExtension.h */ = {isa = PBXFileReference; fileEncoding = 4; lastKnownFileType = sourcecode.c.h; path = "UINavigationBar+JZExtension.h"; sourceTree = "<group>"; };
		1847FEB81DD44A5800A4339B /* UINavigationBar+JZExtension.m */ = {isa = PBXFileReference; fileEncoding = 4; lastKnownFileType = sourcecode.c.objc; path = "UINavigationBar+JZExtension.m"; sourceTree = "<group>"; };
		1847FEB91DD44A5800A4339B /* UIToolbar+JZExtension.h */ = {isa = PBXFileReference; fileEncoding = 4; lastKnownFileType = sourcecode.c.h; path = "UIToolbar+JZExtension.h"; sourceTree = "<group>"; };
		1847FEBA1DD44A5800A4339B /* UIToolbar+JZExtension.m */ = {isa = PBXFileReference; fileEncoding = 4; lastKnownFileType = sourcecode.c.objc; path = "UIToolbar+JZExtension.m"; sourceTree = "<group>"; };
		1847FEBB1DD44A5800A4339B /* UINavigationController+JZExtension.h */ = {isa = PBXFileReference; fileEncoding = 4; lastKnownFileType = sourcecode.c.h; path = "UINavigationController+JZExtension.h"; sourceTree = "<group>"; };
		1847FEBC1DD44A5800A4339B /* UINavigationController+JZExtension.m */ = {isa = PBXFileReference; fileEncoding = 4; lastKnownFileType = sourcecode.c.objc; path = "UINavigationController+JZExtension.m"; sourceTree = "<group>"; };
		1847FEBD1DD44A5800A4339B /* UIViewController+JZExtension.h */ = {isa = PBXFileReference; fileEncoding = 4; lastKnownFileType = sourcecode.c.h; path = "UIViewController+JZExtension.h"; sourceTree = "<group>"; };
		1847FEBE1DD44A5800A4339B /* UIViewController+JZExtension.m */ = {isa = PBXFileReference; fileEncoding = 4; lastKnownFileType = sourcecode.c.objc; path = "UIViewController+JZExtension.m"; sourceTree = "<group>"; };
		1847FEBF1DD44A5800A4339B /* Vendors.h */ = {isa = PBXFileReference; fileEncoding = 4; lastKnownFileType = sourcecode.c.h; path = Vendors.h; sourceTree = "<group>"; };
		1847FF1D1DD46CD100A4339B /* LPTestModel.h */ = {isa = PBXFileReference; fileEncoding = 4; lastKnownFileType = sourcecode.c.h; path = LPTestModel.h; sourceTree = "<group>"; };
		1847FF1E1DD46CD100A4339B /* LPTestModel.m */ = {isa = PBXFileReference; fileEncoding = 4; lastKnownFileType = sourcecode.c.objc; path = LPTestModel.m; sourceTree = "<group>"; };
		185161871DB772CD00FD1576 /* LPDevTools.app */ = {isa = PBXFileReference; explicitFileType = wrapper.application; includeInIndex = 0; path = LPDevTools.app; sourceTree = BUILT_PRODUCTS_DIR; };
		1851618B1DB772CD00FD1576 /* main.m */ = {isa = PBXFileReference; lastKnownFileType = sourcecode.c.objc; path = main.m; sourceTree = "<group>"; };
		185161961DB772CE00FD1576 /* Assets.xcassets */ = {isa = PBXFileReference; lastKnownFileType = folder.assetcatalog; path = Assets.xcassets; sourceTree = "<group>"; };
		185161991DB772CE00FD1576 /* Base */ = {isa = PBXFileReference; lastKnownFileType = file.storyboard; name = Base; path = Base.lproj/LaunchScreen.storyboard; sourceTree = "<group>"; };
		1851619B1DB772CE00FD1576 /* Info.plist */ = {isa = PBXFileReference; lastKnownFileType = text.plist.xml; path = Info.plist; sourceTree = "<group>"; };
		185161A01DB772CE00FD1576 /* LPDevToolsTests.xctest */ = {isa = PBXFileReference; explicitFileType = wrapper.cfbundle; includeInIndex = 0; path = LPDevToolsTests.xctest; sourceTree = BUILT_PRODUCTS_DIR; };
		185161A41DB772CE00FD1576 /* LPDevToolsTests.m */ = {isa = PBXFileReference; lastKnownFileType = sourcecode.c.objc; path = LPDevToolsTests.m; sourceTree = "<group>"; };
		185161A61DB772CE00FD1576 /* Info.plist */ = {isa = PBXFileReference; lastKnownFileType = text.plist.xml; path = Info.plist; sourceTree = "<group>"; };
		185161B01DB77D4F00FD1576 /* AppDelegate.h */ = {isa = PBXFileReference; fileEncoding = 4; lastKnownFileType = sourcecode.c.h; path = AppDelegate.h; sourceTree = "<group>"; };
		185161B11DB77D4F00FD1576 /* AppDelegate.m */ = {isa = PBXFileReference; fileEncoding = 4; lastKnownFileType = sourcecode.c.objc; path = AppDelegate.m; sourceTree = "<group>"; };
		18797D5B1DB855DB00AB093E /* LPTabBarController.h */ = {isa = PBXFileReference; fileEncoding = 4; lastKnownFileType = sourcecode.c.h; path = LPTabBarController.h; sourceTree = "<group>"; };
		18797D5C1DB855DB00AB093E /* LPTabBarController.m */ = {isa = PBXFileReference; fileEncoding = 4; lastKnownFileType = sourcecode.c.objc; path = LPTabBarController.m; sourceTree = "<group>"; };
		18797D5E1DB8562500AB093E /* LPHomeController.h */ = {isa = PBXFileReference; fileEncoding = 4; lastKnownFileType = sourcecode.c.h; path = LPHomeController.h; sourceTree = "<group>"; };
		18797D5F1DB8562500AB093E /* LPHomeController.m */ = {isa = PBXFileReference; fileEncoding = 4; lastKnownFileType = sourcecode.c.objc; path = LPHomeController.m; sourceTree = "<group>"; };
		18797D611DB8755800AB093E /* LPDevToolsPrefix.pch */ = {isa = PBXFileReference; lastKnownFileType = sourcecode.c.h; path = LPDevToolsPrefix.pch; sourceTree = "<group>"; };
		44BE1BFBDCFCD4CD0BBDA9D3 /* Pods-LPDevTools.release.xcconfig */ = {isa = PBXFileReference; includeInIndex = 1; lastKnownFileType = text.xcconfig; name = "Pods-LPDevTools.release.xcconfig"; path = "Pods/Target Support Files/Pods-LPDevTools/Pods-LPDevTools.release.xcconfig"; sourceTree = "<group>"; };
		59D595416016D0870177CCC8 /* libPods-LPDevTools.a */ = {isa = PBXFileReference; explicitFileType = archive.ar; includeInIndex = 0; path = "libPods-LPDevTools.a"; sourceTree = BUILT_PRODUCTS_DIR; };
		E8D373A61F15CB270040B541 /* LPCategory.h */ = {isa = PBXFileReference; fileEncoding = 4; lastKnownFileType = sourcecode.c.h; path = LPCategory.h; sourceTree = "<group>"; };
		E8D373A71F15CB270040B541 /* NSArray+LPTools.h */ = {isa = PBXFileReference; fileEncoding = 4; lastKnownFileType = sourcecode.c.h; path = "NSArray+LPTools.h"; sourceTree = "<group>"; };
		E8D373A81F15CB270040B541 /* NSArray+LPTools.m */ = {isa = PBXFileReference; fileEncoding = 4; lastKnownFileType = sourcecode.c.objc; path = "NSArray+LPTools.m"; sourceTree = "<group>"; };
		E8D373A91F15CB270040B541 /* NSDate+LPTools.h */ = {isa = PBXFileReference; fileEncoding = 4; lastKnownFileType = sourcecode.c.h; path = "NSDate+LPTools.h"; sourceTree = "<group>"; };
		E8D373AA1F15CB270040B541 /* NSDate+LPTools.m */ = {isa = PBXFileReference; fileEncoding = 4; lastKnownFileType = sourcecode.c.objc; path = "NSDate+LPTools.m"; sourceTree = "<group>"; };
		E8D373AB1F15CB270040B541 /* NSObject+LPTools.h */ = {isa = PBXFileReference; fileEncoding = 4; lastKnownFileType = sourcecode.c.h; path = "NSObject+LPTools.h"; sourceTree = "<group>"; };
		E8D373AC1F15CB270040B541 /* NSObject+LPTools.m */ = {isa = PBXFileReference; fileEncoding = 4; lastKnownFileType = sourcecode.c.objc; path = "NSObject+LPTools.m"; sourceTree = "<group>"; };
		E8D373AD1F15CB270040B541 /* NSString+LPTools.h */ = {isa = PBXFileReference; fileEncoding = 4; lastKnownFileType = sourcecode.c.h; path = "NSString+LPTools.h"; sourceTree = "<group>"; };
		E8D373AE1F15CB270040B541 /* NSString+LPTools.m */ = {isa = PBXFileReference; fileEncoding = 4; lastKnownFileType = sourcecode.c.objc; path = "NSString+LPTools.m"; sourceTree = "<group>"; };
		E8D373AF1F15CB270040B541 /* NSTimer+LPTools.h */ = {isa = PBXFileReference; fileEncoding = 4; lastKnownFileType = sourcecode.c.h; path = "NSTimer+LPTools.h"; sourceTree = "<group>"; };
		E8D373B01F15CB270040B541 /* NSTimer+LPTools.m */ = {isa = PBXFileReference; fileEncoding = 4; lastKnownFileType = sourcecode.c.objc; path = "NSTimer+LPTools.m"; sourceTree = "<group>"; };
		E8D373B11F15CB270040B541 /* NSUserDefaults+LPTools.h */ = {isa = PBXFileReference; fileEncoding = 4; lastKnownFileType = sourcecode.c.h; path = "NSUserDefaults+LPTools.h"; sourceTree = "<group>"; };
		E8D373B21F15CB270040B541 /* NSUserDefaults+LPTools.m */ = {isa = PBXFileReference; fileEncoding = 4; lastKnownFileType = sourcecode.c.objc; path = "NSUserDefaults+LPTools.m"; sourceTree = "<group>"; };
		E8D373B31F15CB270040B541 /* UIApplication+LPTools.h */ = {isa = PBXFileReference; fileEncoding = 4; lastKnownFileType = sourcecode.c.h; path = "UIApplication+LPTools.h"; sourceTree = "<group>"; };
		E8D373B41F15CB270040B541 /* UIApplication+LPTools.m */ = {isa = PBXFileReference; fileEncoding = 4; lastKnownFileType = sourcecode.c.objc; path = "UIApplication+LPTools.m"; sourceTree = "<group>"; };
		E8D373B51F15CB270040B541 /* UIBarButtonItem+Badge.h */ = {isa = PBXFileReference; fileEncoding = 4; lastKnownFileType = sourcecode.c.h; path = "UIBarButtonItem+Badge.h"; sourceTree = "<group>"; };
		E8D373B61F15CB270040B541 /* UIBarButtonItem+Badge.m */ = {isa = PBXFileReference; fileEncoding = 4; lastKnownFileType = sourcecode.c.objc; path = "UIBarButtonItem+Badge.m"; sourceTree = "<group>"; };
		E8D373B71F15CB270040B541 /* UIButton+Badge.h */ = {isa = PBXFileReference; fileEncoding = 4; lastKnownFileType = sourcecode.c.h; path = "UIButton+Badge.h"; sourceTree = "<group>"; };
		E8D373B81F15CB270040B541 /* UIButton+Badge.m */ = {isa = PBXFileReference; fileEncoding = 4; lastKnownFileType = sourcecode.c.objc; path = "UIButton+Badge.m"; sourceTree = "<group>"; };
		E8D373B91F15CB270040B541 /* UIButton+LPTools.h */ = {isa = PBXFileReference; fileEncoding = 4; lastKnownFileType = sourcecode.c.h; path = "UIButton+LPTools.h"; sourceTree = "<group>"; };
		E8D373BA1F15CB270040B541 /* UIButton+LPTools.m */ = {isa = PBXFileReference; fileEncoding = 4; lastKnownFileType = sourcecode.c.objc; path = "UIButton+LPTools.m"; sourceTree = "<group>"; };
		E8D373BB1F15CB270040B541 /* UIColor+LPTools.h */ = {isa = PBXFileReference; fileEncoding = 4; lastKnownFileType = sourcecode.c.h; path = "UIColor+LPTools.h"; sourceTree = "<group>"; };
		E8D373BC1F15CB270040B541 /* UIColor+LPTools.m */ = {isa = PBXFileReference; fileEncoding = 4; lastKnownFileType = sourcecode.c.objc; path = "UIColor+LPTools.m"; sourceTree = "<group>"; };
		E8D373BD1F15CB270040B541 /* UIDevice+LPTools.h */ = {isa = PBXFileReference; fileEncoding = 4; lastKnownFileType = sourcecode.c.h; path = "UIDevice+LPTools.h"; sourceTree = "<group>"; };
		E8D373BE1F15CB270040B541 /* UIDevice+LPTools.m */ = {isa = PBXFileReference; fileEncoding = 4; lastKnownFileType = sourcecode.c.objc; path = "UIDevice+LPTools.m"; sourceTree = "<group>"; };
		E8D373BF1F15CB270040B541 /* UIImage+LPTools.h */ = {isa = PBXFileReference; fileEncoding = 4; lastKnownFileType = sourcecode.c.h; path = "UIImage+LPTools.h"; sourceTree = "<group>"; };
		E8D373C01F15CB270040B541 /* UIImage+LPTools.m */ = {isa = PBXFileReference; fileEncoding = 4; lastKnownFileType = sourcecode.c.objc; path = "UIImage+LPTools.m"; sourceTree = "<group>"; };
		E8D373C11F15CB270040B541 /* UILabel+LPTools.h */ = {isa = PBXFileReference; fileEncoding = 4; lastKnownFileType = sourcecode.c.h; path = "UILabel+LPTools.h"; sourceTree = "<group>"; };
		E8D373C21F15CB270040B541 /* UILabel+LPTools.m */ = {isa = PBXFileReference; fileEncoding = 4; lastKnownFileType = sourcecode.c.objc; path = "UILabel+LPTools.m"; sourceTree = "<group>"; };
		E8D373C31F15CB270040B541 /* UITextField+LPTools.h */ = {isa = PBXFileReference; fileEncoding = 4; lastKnownFileType = sourcecode.c.h; path = "UITextField+LPTools.h"; sourceTree = "<group>"; };
		E8D373C41F15CB270040B541 /* UITextField+LPTools.m */ = {isa = PBXFileReference; fileEncoding = 4; lastKnownFileType = sourcecode.c.objc; path = "UITextField+LPTools.m"; sourceTree = "<group>"; };
		E8D373C51F15CB270040B541 /* UITextView+Placeholder.h */ = {isa = PBXFileReference; fileEncoding = 4; lastKnownFileType = sourcecode.c.h; path = "UITextView+Placeholder.h"; sourceTree = "<group>"; };
		E8D373C61F15CB270040B541 /* UITextView+Placeholder.m */ = {isa = PBXFileReference; fileEncoding = 4; lastKnownFileType = sourcecode.c.objc; path = "UITextView+Placeholder.m"; sourceTree = "<group>"; };
		E8D373C71F15CB270040B541 /* UIView+LPTools.h */ = {isa = PBXFileReference; fileEncoding = 4; lastKnownFileType = sourcecode.c.h; path = "UIView+LPTools.h"; sourceTree = "<group>"; };
		E8D373C81F15CB270040B541 /* UIView+LPTools.m */ = {isa = PBXFileReference; fileEncoding = 4; lastKnownFileType = sourcecode.c.objc; path = "UIView+LPTools.m"; sourceTree = "<group>"; };
		E8D373C91F15CB270040B541 /* UIViewController+LPTools.h */ = {isa = PBXFileReference; fileEncoding = 4; lastKnownFileType = sourcecode.c.h; path = "UIViewController+LPTools.h"; sourceTree = "<group>"; };
		E8D373CA1F15CB270040B541 /* UIViewController+LPTools.m */ = {isa = PBXFileReference; fileEncoding = 4; lastKnownFileType = sourcecode.c.objc; path = "UIViewController+LPTools.m"; sourceTree = "<group>"; };
		E8D373CB1F15CB270040B541 /* LPCommonMacro.h */ = {isa = PBXFileReference; fileEncoding = 4; lastKnownFileType = sourcecode.c.h; path = LPCommonMacro.h; sourceTree = "<group>"; };
		E8D373CD1F15CB270040B541 /* LPAPPConfig.h */ = {isa = PBXFileReference; fileEncoding = 4; lastKnownFileType = sourcecode.c.h; path = LPAPPConfig.h; sourceTree = "<group>"; };
		E8D373CE1F15CB270040B541 /* LPAPPConfig.m */ = {isa = PBXFileReference; fileEncoding = 4; lastKnownFileType = sourcecode.c.objc; path = LPAPPConfig.m; sourceTree = "<group>"; };
		E8D373CF1F15CB270040B541 /* LPAPPKeyConfig.h */ = {isa = PBXFileReference; fileEncoding = 4; lastKnownFileType = sourcecode.c.h; path = LPAPPKeyConfig.h; sourceTree = "<group>"; };
		E8D373D01F15CB270040B541 /* LPAPPKeyConfig.m */ = {isa = PBXFileReference; fileEncoding = 4; lastKnownFileType = sourcecode.c.objc; path = LPAPPKeyConfig.m; sourceTree = "<group>"; };
		E8D373D11F15CB270040B541 /* LPJumpManager.h */ = {isa = PBXFileReference; fileEncoding = 4; lastKnownFileType = sourcecode.c.h; path = LPJumpManager.h; sourceTree = "<group>"; };
		E8D373D21F15CB270040B541 /* LPJumpManager.m */ = {isa = PBXFileReference; fileEncoding = 4; lastKnownFileType = sourcecode.c.objc; path = LPJumpManager.m; sourceTree = "<group>"; };
		E8D373D31F15CB270040B541 /* LPVersionManager.h */ = {isa = PBXFileReference; fileEncoding = 4; lastKnownFileType = sourcecode.c.h; path = LPVersionManager.h; sourceTree = "<group>"; };
		E8D373D41F15CB270040B541 /* LPVersionManager.m */ = {isa = PBXFileReference; fileEncoding = 4; lastKnownFileType = sourcecode.c.objc; path = LPVersionManager.m; sourceTree = "<group>"; };
		E8D373EC1F15CE2F0040B541 /* AlipaySDK.bundle */ = {isa = PBXFileReference; lastKnownFileType = "wrapper.plug-in"; path = AlipaySDK.bundle; sourceTree = "<group>"; };
		E8D373ED1F15CE2F0040B541 /* AlipaySDK.framework */ = {isa = PBXFileReference; lastKnownFileType = wrapper.framework; path = AlipaySDK.framework; sourceTree = "<group>"; };
		E8D373F01F15ED4B0040B541 /* libsqlite3.tbd */ = {isa = PBXFileReference; lastKnownFileType = "sourcecode.text-based-dylib-definition"; name = libsqlite3.tbd; path = usr/lib/libsqlite3.tbd; sourceTree = SDKROOT; };
		E8D373F21F15ED660040B541 /* CoreGraphics.framework */ = {isa = PBXFileReference; lastKnownFileType = wrapper.framework; name = CoreGraphics.framework; path = System/Library/Frameworks/CoreGraphics.framework; sourceTree = SDKROOT; };
		E8D373F41F15EDE60040B541 /* SystemConfiguration.framework */ = {isa = PBXFileReference; lastKnownFileType = wrapper.framework; name = SystemConfiguration.framework; path = System/Library/Frameworks/SystemConfiguration.framework; sourceTree = SDKROOT; };
		E8D373F61F15EDF10040B541 /* libz.tbd */ = {isa = PBXFileReference; lastKnownFileType = "sourcecode.text-based-dylib-definition"; name = libz.tbd; path = usr/lib/libz.tbd; sourceTree = SDKROOT; };
		E8D373F81F15EDFC0040B541 /* libc.tbd */ = {isa = PBXFileReference; lastKnownFileType = "sourcecode.text-based-dylib-definition"; name = libc.tbd; path = usr/lib/libc.tbd; sourceTree = SDKROOT; };
		E8D373FA1F15EE090040B541 /* libc++.tbd */ = {isa = PBXFileReference; lastKnownFileType = "sourcecode.text-based-dylib-definition"; name = "libc++.tbd"; path = "usr/lib/libc++.tbd"; sourceTree = SDKROOT; };
		E8D373FC1F15EE110040B541 /* Security.framework */ = {isa = PBXFileReference; lastKnownFileType = wrapper.framework; name = Security.framework; path = System/Library/Frameworks/Security.framework; sourceTree = SDKROOT; };
		E8D373FE1F15EE1D0040B541 /* CoreTelephony.framework */ = {isa = PBXFileReference; lastKnownFileType = wrapper.framework; name = CoreTelephony.framework; path = System/Library/Frameworks/CoreTelephony.framework; sourceTree = SDKROOT; };
		E8D374001F15EE280040B541 /* CFNetwork.framework */ = {isa = PBXFileReference; lastKnownFileType = wrapper.framework; name = CFNetwork.framework; path = System/Library/Frameworks/CFNetwork.framework; sourceTree = SDKROOT; };
		E8D374021F15EF000040B541 /* CoreMotion.framework */ = {isa = PBXFileReference; lastKnownFileType = wrapper.framework; name = CoreMotion.framework; path = System/Library/Frameworks/CoreMotion.framework; sourceTree = SDKROOT; };
		E8D374041F15EFEC0040B541 /* LPShareManager.h */ = {isa = PBXFileReference; fileEncoding = 4; lastKnownFileType = sourcecode.c.h; path = LPShareManager.h; sourceTree = "<group>"; };
		E8D374051F15EFEC0040B541 /* LPShareManager.m */ = {isa = PBXFileReference; fileEncoding = 4; lastKnownFileType = sourcecode.c.objc; path = LPShareManager.m; sourceTree = "<group>"; };
		E8D3740A1F15F0A40040B541 /* libSocialQQ.a */ = {isa = PBXFileReference; lastKnownFileType = archive.ar; path = libSocialQQ.a; sourceTree = "<group>"; };
		E8D3740B1F15F0A40040B541 /* UMSocialQQHandler.h */ = {isa = PBXFileReference; fileEncoding = 4; lastKnownFileType = sourcecode.c.h; path = UMSocialQQHandler.h; sourceTree = "<group>"; };
		E8D3740D1F15F0A40040B541 /* libSocialSina.a */ = {isa = PBXFileReference; lastKnownFileType = archive.ar; path = libSocialSina.a; sourceTree = "<group>"; };
		E8D3740E1F15F0A40040B541 /* UMSocialSinaHandler.h */ = {isa = PBXFileReference; fileEncoding = 4; lastKnownFileType = sourcecode.c.h; path = UMSocialSinaHandler.h; sourceTree = "<group>"; };
		E8D374101F15F0A40040B541 /* libSocialWeChat.a */ = {isa = PBXFileReference; lastKnownFileType = archive.ar; path = libSocialWeChat.a; sourceTree = "<group>"; };
		E8D374111F15F0A40040B541 /* UMSocialWechatHandler.h */ = {isa = PBXFileReference; fileEncoding = 4; lastKnownFileType = sourcecode.c.h; path = UMSocialWechatHandler.h; sourceTree = "<group>"; };
		E8D374131F15F0A40040B541 /* UMSocialCore.framework */ = {isa = PBXFileReference; lastKnownFileType = wrapper.framework; path = UMSocialCore.framework; sourceTree = "<group>"; };
		E8D374141F15F0A40040B541 /* UMSocialNetwork.framework */ = {isa = PBXFileReference; lastKnownFileType = wrapper.framework; path = UMSocialNetwork.framework; sourceTree = "<group>"; };
		E8D374151F15F0A40040B541 /* UMSocialSDKPromptResources.bundle */ = {isa = PBXFileReference; lastKnownFileType = "wrapper.plug-in"; path = UMSocialSDKPromptResources.bundle; sourceTree = "<group>"; };
		E8D374171F15F0A40040B541 /* libUMSocialLog.a */ = {isa = PBXFileReference; lastKnownFileType = archive.ar; path = libUMSocialLog.a; sourceTree = "<group>"; };
		E8D374191F15F0A40040B541 /* UMSocialSDKResources.bundle */ = {isa = PBXFileReference; lastKnownFileType = "wrapper.plug-in"; path = UMSocialSDKResources.bundle; sourceTree = "<group>"; };
		E8D3741A1F15F0A40040B541 /* UShareUI.framework */ = {isa = PBXFileReference; lastKnownFileType = wrapper.framework; path = UShareUI.framework; sourceTree = "<group>"; };
		E8D374241F15F38E0040B541 /* LPPayManager.h */ = {isa = PBXFileReference; fileEncoding = 4; lastKnownFileType = sourcecode.c.h; path = LPPayManager.h; sourceTree = "<group>"; };
		E8D374251F15F38E0040B541 /* LPPayManager.m */ = {isa = PBXFileReference; fileEncoding = 4; lastKnownFileType = sourcecode.c.objc; path = LPPayManager.m; sourceTree = "<group>"; };
		E8D374281F15F4410040B541 /* libWeChatSDK.a */ = {isa = PBXFileReference; lastKnownFileType = archive.ar; path = libWeChatSDK.a; sourceTree = "<group>"; };
		E8D374291F15F4410040B541 /* README.txt */ = {isa = PBXFileReference; fileEncoding = 4; lastKnownFileType = text; path = README.txt; sourceTree = "<group>"; };
		E8D3742A1F15F4410040B541 /* WechatAuthSDK.h */ = {isa = PBXFileReference; fileEncoding = 4; lastKnownFileType = sourcecode.c.h; path = WechatAuthSDK.h; sourceTree = "<group>"; };
		E8D3742B1F15F4410040B541 /* WXApi.h */ = {isa = PBXFileReference; fileEncoding = 4; lastKnownFileType = sourcecode.c.h; path = WXApi.h; sourceTree = "<group>"; };
		E8D3742C1F15F4410040B541 /* WXApiObject.h */ = {isa = PBXFileReference; fileEncoding = 4; lastKnownFileType = sourcecode.c.h; path = WXApiObject.h; sourceTree = "<group>"; };
		E8D3742F1F15F5F30040B541 /* LPPushManager.h */ = {isa = PBXFileReference; fileEncoding = 4; lastKnownFileType = sourcecode.c.h; path = LPPushManager.h; sourceTree = "<group>"; };
		E8D374301F15F5F30040B541 /* LPPushManager.m */ = {isa = PBXFileReference; fileEncoding = 4; lastKnownFileType = sourcecode.c.objc; path = LPPushManager.m; sourceTree = "<group>"; };
		E8D374321F15F7AA0040B541 /* LPManager.h */ = {isa = PBXFileReference; lastKnownFileType = sourcecode.c.h; path = LPManager.h; sourceTree = "<group>"; };
		E8D374331F15F8410040B541 /* LPResourcesManager.h */ = {isa = PBXFileReference; fileEncoding = 4; lastKnownFileType = sourcecode.c.h; path = LPResourcesManager.h; sourceTree = "<group>"; };
		E8D374341F15F8410040B541 /* LPResourcesManager.m */ = {isa = PBXFileReference; fileEncoding = 4; lastKnownFileType = sourcecode.c.objc; path = LPResourcesManager.m; sourceTree = "<group>"; };
		E8D374361F15F8FF0040B541 /* LPDataStoreManager.h */ = {isa = PBXFileReference; fileEncoding = 4; lastKnownFileType = sourcecode.c.h; path = LPDataStoreManager.h; sourceTree = "<group>"; };
		E8D374371F15F8FF0040B541 /* LPDataStoreManager.m */ = {isa = PBXFileReference; fileEncoding = 4; lastKnownFileType = sourcecode.c.objc; path = LPDataStoreManager.m; sourceTree = "<group>"; };
		E8D374391F15F9AE0040B541 /* LPLocationManager.h */ = {isa = PBXFileReference; fileEncoding = 4; lastKnownFileType = sourcecode.c.h; path = LPLocationManager.h; sourceTree = "<group>"; };
		E8D3743A1F15F9AE0040B541 /* LPLocationManager.m */ = {isa = PBXFileReference; fileEncoding = 4; lastKnownFileType = sourcecode.c.objc; path = LPLocationManager.m; sourceTree = "<group>"; };
		E8D374441F15FDD10040B541 /* UIScrollView+LPEmptyDataSet.h */ = {isa = PBXFileReference; fileEncoding = 4; lastKnownFileType = sourcecode.c.h; path = "UIScrollView+LPEmptyDataSet.h"; sourceTree = "<group>"; };
		E8D374451F15FDD10040B541 /* UIScrollView+LPEmptyDataSet.m */ = {isa = PBXFileReference; fileEncoding = 4; lastKnownFileType = sourcecode.c.objc; path = "UIScrollView+LPEmptyDataSet.m"; sourceTree = "<group>"; };
		E8D374471F16045A0040B541 /* UIScrollView+LPRefresh.h */ = {isa = PBXFileReference; fileEncoding = 4; lastKnownFileType = sourcecode.c.h; path = "UIScrollView+LPRefresh.h"; sourceTree = "<group>"; };
		E8D374481F16045A0040B541 /* UIScrollView+LPRefresh.m */ = {isa = PBXFileReference; fileEncoding = 4; lastKnownFileType = sourcecode.c.objc; path = "UIScrollView+LPRefresh.m"; sourceTree = "<group>"; };
		E8D3744B1F16060F0040B541 /* LPApiManager.h */ = {isa = PBXFileReference; fileEncoding = 4; lastKnownFileType = sourcecode.c.h; path = LPApiManager.h; sourceTree = "<group>"; };
		E8D3744C1F16060F0040B541 /* LPApiManager.m */ = {isa = PBXFileReference; fileEncoding = 4; lastKnownFileType = sourcecode.c.objc; path = LPApiManager.m; sourceTree = "<group>"; };
		E8D3744D1F16060F0040B541 /* LPNetWorkManager.h */ = {isa = PBXFileReference; fileEncoding = 4; lastKnownFileType = sourcecode.c.h; path = LPNetWorkManager.h; sourceTree = "<group>"; };
		E8D3744E1F16060F0040B541 /* LPNetWorkManager.m */ = {isa = PBXFileReference; fileEncoding = 4; lastKnownFileType = sourcecode.c.objc; path = LPNetWorkManager.m; sourceTree = "<group>"; };
		E8FE823E1F258A1900E18C73 /* index.html */ = {isa = PBXFileReference; fileEncoding = 4; lastKnownFileType = text.html; path = index.html; sourceTree = "<group>"; };
		E8FE833C1F2867A700E18C73 /* LPLaunchImageAdView.h */ = {isa = PBXFileReference; fileEncoding = 4; lastKnownFileType = sourcecode.c.h; path = LPLaunchImageAdView.h; sourceTree = "<group>"; };
		E8FE833D1F2867A700E18C73 /* LPLaunchImageAdView.m */ = {isa = PBXFileReference; fileEncoding = 4; lastKnownFileType = sourcecode.c.objc; path = LPLaunchImageAdView.m; sourceTree = "<group>"; };
/* End PBXFileReference section */

/* Begin PBXFrameworksBuildPhase section */
		185161841DB772CD00FD1576 /* Frameworks */ = {
			isa = PBXFrameworksBuildPhase;
			buildActionMask = 2147483647;
			files = (
				E8D3741C1F15F0A40040B541 /* libSocialSina.a in Frameworks */,
				E8D3741B1F15F0A40040B541 /* libSocialQQ.a in Frameworks */,
				E8D374031F15EF010040B541 /* CoreMotion.framework in Frameworks */,
				E8D374011F15EE280040B541 /* CFNetwork.framework in Frameworks */,
				E8D373FF1F15EE1D0040B541 /* CoreTelephony.framework in Frameworks */,
				E8D374211F15F0A40040B541 /* libUMSocialLog.a in Frameworks */,
				E8D373FD1F15EE110040B541 /* Security.framework in Frameworks */,
				E8D373FB1F15EE090040B541 /* libc++.tbd in Frameworks */,
				E8D374231F15F0A40040B541 /* UShareUI.framework in Frameworks */,
				E8D373F71F15EDF10040B541 /* libz.tbd in Frameworks */,
				E8D373F51F15EDE60040B541 /* SystemConfiguration.framework in Frameworks */,
				E8D373F31F15ED660040B541 /* CoreGraphics.framework in Frameworks */,
				E8D3742D1F15F4410040B541 /* libWeChatSDK.a in Frameworks */,
				E8D3741E1F15F0A40040B541 /* UMSocialCore.framework in Frameworks */,
				E8D3741D1F15F0A40040B541 /* libSocialWeChat.a in Frameworks */,
				E8D3741F1F15F0A40040B541 /* UMSocialNetwork.framework in Frameworks */,
				E8D373F11F15ED4B0040B541 /* libsqlite3.tbd in Frameworks */,
				CF604012695402B68CFD6C1B /* libPods-LPDevTools.a in Frameworks */,
				E8D373EF1F15CE2F0040B541 /* AlipaySDK.framework in Frameworks */,
			);
			runOnlyForDeploymentPostprocessing = 0;
		};
		1851619D1DB772CE00FD1576 /* Frameworks */ = {
			isa = PBXFrameworksBuildPhase;
			buildActionMask = 2147483647;
			files = (
			);
			runOnlyForDeploymentPostprocessing = 0;
		};
/* End PBXFrameworksBuildPhase section */

/* Begin PBXGroup section */
		0C21C6851F2C55410089C5B8 /* LPPhotoBrowser */ = {
			isa = PBXGroup;
			children = (
				0C21C6861F2DD3A90089C5B8 /* LPtestView.h */,
				0C21C6871F2DD3A90089C5B8 /* LPtestView.m */,
			);
			path = LPPhotoBrowser;
			sourceTree = "<group>";
		};
		1847FE9D1DD44A5800A4339B /* Vendor */ = {
			isa = PBXGroup;
			children = (
				E8D374271F15F4410040B541 /* WechatPay */,
				E8D374071F15F0A40040B541 /* UMSocial */,
				E8D373EB1F15CE2F0040B541 /* Alipay */,
				1847FE9E1DD44A5800A4339B /* Aspects */,
				1847FEA31DD44A5800A4339B /* CYLTabBarController */,
				1847FEAD1DD44A5800A4339B /* JZNavigationExtension */,
				1847FEBF1DD44A5800A4339B /* Vendors.h */,
			);
			path = Vendor;
			sourceTree = "<group>";
		};
		1847FE9E1DD44A5800A4339B /* Aspects */ = {
			isa = PBXGroup;
			children = (
				1847FE9F1DD44A5800A4339B /* Aspects.h */,
				1847FEA01DD44A5800A4339B /* Aspects.m */,
				1847FEA11DD44A5800A4339B /* LPAspectsConfig.h */,
				1847FEA21DD44A5800A4339B /* LPAspectsConfig.m */,
			);
			path = Aspects;
			sourceTree = "<group>";
		};
		1847FEA31DD44A5800A4339B /* CYLTabBarController */ = {
			isa = PBXGroup;
			children = (
				1847FEA41DD44A5800A4339B /* CYLConstants.h */,
				1847FEA51DD44A5800A4339B /* CYLPlusButton.h */,
				1847FEA61DD44A5800A4339B /* CYLPlusButton.m */,
				1847FEA71DD44A5800A4339B /* CYLTabBar.h */,
				1847FEA81DD44A5800A4339B /* CYLTabBar.m */,
				1847FEA91DD44A5800A4339B /* CYLTabBarController.h */,
				1847FEAA1DD44A5800A4339B /* CYLTabBarController.m */,
				1847FEAB1DD44A5800A4339B /* UIViewController+CYLTabBarControllerExtention.h */,
				1847FEAC1DD44A5800A4339B /* UIViewController+CYLTabBarControllerExtention.m */,
			);
			path = CYLTabBarController;
			sourceTree = "<group>";
		};
		1847FEAD1DD44A5800A4339B /* JZNavigationExtension */ = {
			isa = PBXGroup;
			children = (
				1847FEAE1DD44A5800A4339B /* JZNavigationExtension.h */,
				1847FEAF1DD44A5800A4339B /* Private */,
				1847FEBB1DD44A5800A4339B /* UINavigationController+JZExtension.h */,
				1847FEBC1DD44A5800A4339B /* UINavigationController+JZExtension.m */,
				1847FEBD1DD44A5800A4339B /* UIViewController+JZExtension.h */,
				1847FEBE1DD44A5800A4339B /* UIViewController+JZExtension.m */,
			);
			path = JZNavigationExtension;
			sourceTree = "<group>";
		};
		1847FEAF1DD44A5800A4339B /* Private */ = {
			isa = PBXGroup;
			children = (
				1847FEB01DD44A5800A4339B /* _JZ-objc-internal.h */,
				1847FEB11DD44A5800A4339B /* _JZNavigationInteractiveTransition.h */,
				1847FEB21DD44A5800A4339B /* _JZNavigationInteractiveTransition.m */,
				1847FEB31DD44A5800A4339B /* _JZValue.h */,
				1847FEB41DD44A5800A4339B /* _JZValue.m */,
				1847FEB51DD44A5800A4339B /* NSNumber+JZExtension.h */,
				1847FEB61DD44A5800A4339B /* NSNumber+JZExtension.m */,
				1847FEB71DD44A5800A4339B /* UINavigationBar+JZExtension.h */,
				1847FEB81DD44A5800A4339B /* UINavigationBar+JZExtension.m */,
				1847FEB91DD44A5800A4339B /* UIToolbar+JZExtension.h */,
				1847FEBA1DD44A5800A4339B /* UIToolbar+JZExtension.m */,
			);
			path = Private;
			sourceTree = "<group>";
		};
		1851617E1DB772CC00FD1576 = {
			isa = PBXGroup;
			children = (
				185161891DB772CD00FD1576 /* LPDevTools */,
				185161A31DB772CE00FD1576 /* LPDevToolsTests */,
				185161881DB772CD00FD1576 /* Products */,
				6479FE383D240AC2A6D0A2B9 /* Pods */,
				7500FE0268E87042504F51D8 /* Frameworks */,
			);
			sourceTree = "<group>";
		};
		185161881DB772CD00FD1576 /* Products */ = {
			isa = PBXGroup;
			children = (
				185161871DB772CD00FD1576 /* LPDevTools.app */,
				185161A01DB772CE00FD1576 /* LPDevToolsTests.xctest */,
			);
			name = Products;
			sourceTree = "<group>";
		};
		185161891DB772CD00FD1576 /* LPDevTools */ = {
			isa = PBXGroup;
			children = (
				E8FE823E1F258A1900E18C73 /* index.html */,
				E8D3744A1F16060F0040B541 /* LPNetWorkManager */,
				E8D373A41F15CB270040B541 /* LPToolKit */,
				185161961DB772CE00FD1576 /* Assets.xcassets */,
				185161AF1DB77D4F00FD1576 /* Classes */,
				1847FE9D1DD44A5800A4339B /* Vendor */,
				1851618A1DB772CD00FD1576 /* Supporting Files */,
			);
			path = LPDevTools;
			sourceTree = "<group>";
		};
		1851618A1DB772CD00FD1576 /* Supporting Files */ = {
			isa = PBXGroup;
			children = (
				18797D611DB8755800AB093E /* LPDevToolsPrefix.pch */,
				1851619B1DB772CE00FD1576 /* Info.plist */,
				185161981DB772CE00FD1576 /* LaunchScreen.storyboard */,
				1851618B1DB772CD00FD1576 /* main.m */,
			);
			name = "Supporting Files";
			sourceTree = "<group>";
		};
		185161A31DB772CE00FD1576 /* LPDevToolsTests */ = {
			isa = PBXGroup;
			children = (
				185161A41DB772CE00FD1576 /* LPDevToolsTests.m */,
				185161A61DB772CE00FD1576 /* Info.plist */,
			);
			path = LPDevToolsTests;
			sourceTree = "<group>";
		};
		185161AF1DB77D4F00FD1576 /* Classes */ = {
			isa = PBXGroup;
			children = (
				185161B31DB77E6A00FD1576 /* BaseController */,
				185161B41DB77E6A00FD1576 /* Controller */,
				185161B61DB77E6A00FD1576 /* Model */,
				185161B71DB77E6A00FD1576 /* View */,
				185161B01DB77D4F00FD1576 /* AppDelegate.h */,
				185161B11DB77D4F00FD1576 /* AppDelegate.m */,
			);
			path = Classes;
			sourceTree = "<group>";
		};
		185161B31DB77E6A00FD1576 /* BaseController */ = {
			isa = PBXGroup;
			children = (
				18797D5B1DB855DB00AB093E /* LPTabBarController.h */,
				18797D5C1DB855DB00AB093E /* LPTabBarController.m */,
				183F6D0B1DBA134F009F91F4 /* LPNavigationController.h */,
				183F6D0C1DBA134F009F91F4 /* LPNavigationController.m */,
				182B19E11DC089E500C8DDE3 /* LPTabBarControllerConfig.h */,
				182B19E21DC089E500C8DDE3 /* LPTabBarControllerConfig.m */,
				182B19E41DC0944D00C8DDE3 /* CYLPlusButtonSubclass.h */,
				182B19E51DC0944D00C8DDE3 /* CYLPlusButtonSubclass.m */,
			);
			path = BaseController;
			sourceTree = "<group>";
		};
		185161B41DB77E6A00FD1576 /* Controller */ = {
			isa = PBXGroup;
			children = (
				185161B51DB77E6A00FD1576 /* Home */,
			);
			path = Controller;
			sourceTree = "<group>";
		};
		185161B51DB77E6A00FD1576 /* Home */ = {
			isa = PBXGroup;
			children = (
				18797D5E1DB8562500AB093E /* LPHomeController.h */,
				18797D5F1DB8562500AB093E /* LPHomeController.m */,
				182B19E71DC0A47F00C8DDE3 /* LPSecondViewController.h */,
				182B19E81DC0A47F00C8DDE3 /* LPSecondViewController.m */,
			);
			path = Home;
			sourceTree = "<group>";
		};
		185161B61DB77E6A00FD1576 /* Model */ = {
			isa = PBXGroup;
			children = (
				1847FF1D1DD46CD100A4339B /* LPTestModel.h */,
				1847FF1E1DD46CD100A4339B /* LPTestModel.m */,
			);
			path = Model;
			sourceTree = "<group>";
		};
		185161B71DB77E6A00FD1576 /* View */ = {
			isa = PBXGroup;
			children = (
			);
			path = View;
			sourceTree = "<group>";
		};
		6479FE383D240AC2A6D0A2B9 /* Pods */ = {
			isa = PBXGroup;
			children = (
				1372F38191AE2E389061DE59 /* Pods-LPDevTools.debug.xcconfig */,
				44BE1BFBDCFCD4CD0BBDA9D3 /* Pods-LPDevTools.release.xcconfig */,
			);
			name = Pods;
			sourceTree = "<group>";
		};
		7500FE0268E87042504F51D8 /* Frameworks */ = {
			isa = PBXGroup;
			children = (
				E8D374021F15EF000040B541 /* CoreMotion.framework */,
				E8D374001F15EE280040B541 /* CFNetwork.framework */,
				E8D373FE1F15EE1D0040B541 /* CoreTelephony.framework */,
				E8D373FC1F15EE110040B541 /* Security.framework */,
				E8D373FA1F15EE090040B541 /* libc++.tbd */,
				E8D373F81F15EDFC0040B541 /* libc.tbd */,
				E8D373F61F15EDF10040B541 /* libz.tbd */,
				E8D373F41F15EDE60040B541 /* SystemConfiguration.framework */,
				E8D373F21F15ED660040B541 /* CoreGraphics.framework */,
				E8D373F01F15ED4B0040B541 /* libsqlite3.tbd */,
				59D595416016D0870177CCC8 /* libPods-LPDevTools.a */,
			);
			name = Frameworks;
			sourceTree = "<group>";
		};
		E8D373A41F15CB270040B541 /* LPToolKit */ = {
			isa = PBXGroup;
			children = (
				0C21C6851F2C55410089C5B8 /* LPPhotoBrowser */,
				E8FE83661F2B06BC00E18C73 /* CustomView */,
				E8D373A51F15CB270040B541 /* Category */,
				E8D373CB1F15CB270040B541 /* LPCommonMacro.h */,
				E8D373CC1F15CB270040B541 /* Manager */,
				E8FE833C1F2867A700E18C73 /* LPLaunchImageAdView.h */,
				E8FE833D1F2867A700E18C73 /* LPLaunchImageAdView.m */,
			);
			path = LPToolKit;
			sourceTree = "<group>";
		};
		E8D373A51F15CB270040B541 /* Category */ = {
			isa = PBXGroup;
			children = (
				E8D373A61F15CB270040B541 /* LPCategory.h */,
				E8D373A71F15CB270040B541 /* NSArray+LPTools.h */,
				E8D373A81F15CB270040B541 /* NSArray+LPTools.m */,
				E8D373A91F15CB270040B541 /* NSDate+LPTools.h */,
				E8D373AA1F15CB270040B541 /* NSDate+LPTools.m */,
				E8D373AB1F15CB270040B541 /* NSObject+LPTools.h */,
				E8D373AC1F15CB270040B541 /* NSObject+LPTools.m */,
				E8D373AD1F15CB270040B541 /* NSString+LPTools.h */,
				E8D373AE1F15CB270040B541 /* NSString+LPTools.m */,
				E8D373AF1F15CB270040B541 /* NSTimer+LPTools.h */,
				E8D373B01F15CB270040B541 /* NSTimer+LPTools.m */,
				E8D373B11F15CB270040B541 /* NSUserDefaults+LPTools.h */,
				E8D373B21F15CB270040B541 /* NSUserDefaults+LPTools.m */,
				E8D373B31F15CB270040B541 /* UIApplication+LPTools.h */,
				E8D373B41F15CB270040B541 /* UIApplication+LPTools.m */,
				E8D373B51F15CB270040B541 /* UIBarButtonItem+Badge.h */,
				E8D373B61F15CB270040B541 /* UIBarButtonItem+Badge.m */,
				E8D373B71F15CB270040B541 /* UIButton+Badge.h */,
				E8D373B81F15CB270040B541 /* UIButton+Badge.m */,
				E8D373B91F15CB270040B541 /* UIButton+LPTools.h */,
				E8D373BA1F15CB270040B541 /* UIButton+LPTools.m */,
				E8D373BB1F15CB270040B541 /* UIColor+LPTools.h */,
				E8D373BC1F15CB270040B541 /* UIColor+LPTools.m */,
				E8D373BD1F15CB270040B541 /* UIDevice+LPTools.h */,
				E8D373BE1F15CB270040B541 /* UIDevice+LPTools.m */,
				E8D373BF1F15CB270040B541 /* UIImage+LPTools.h */,
				E8D373C01F15CB270040B541 /* UIImage+LPTools.m */,
				E8D373C11F15CB270040B541 /* UILabel+LPTools.h */,
				E8D373C21F15CB270040B541 /* UILabel+LPTools.m */,
				E8D373C31F15CB270040B541 /* UITextField+LPTools.h */,
				E8D373C41F15CB270040B541 /* UITextField+LPTools.m */,
				E8D373C51F15CB270040B541 /* UITextView+Placeholder.h */,
				E8D373C61F15CB270040B541 /* UITextView+Placeholder.m */,
				E8D373C71F15CB270040B541 /* UIView+LPTools.h */,
				E8D373C81F15CB270040B541 /* UIView+LPTools.m */,
				E8D373C91F15CB270040B541 /* UIViewController+LPTools.h */,
				E8D373CA1F15CB270040B541 /* UIViewController+LPTools.m */,
				E8D374441F15FDD10040B541 /* UIScrollView+LPEmptyDataSet.h */,
				E8D374451F15FDD10040B541 /* UIScrollView+LPEmptyDataSet.m */,
				E8D374471F16045A0040B541 /* UIScrollView+LPRefresh.h */,
				E8D374481F16045A0040B541 /* UIScrollView+LPRefresh.m */,
			);
			path = Category;
			sourceTree = "<group>";
		};
		E8D373CC1F15CB270040B541 /* Manager */ = {
			isa = PBXGroup;
			children = (
				E8D373CD1F15CB270040B541 /* LPAPPConfig.h */,
				E8D373CE1F15CB270040B541 /* LPAPPConfig.m */,
				E8D373CF1F15CB270040B541 /* LPAPPKeyConfig.h */,
				E8D373D01F15CB270040B541 /* LPAPPKeyConfig.m */,
				E8D373D11F15CB270040B541 /* LPJumpManager.h */,
				E8D373D21F15CB270040B541 /* LPJumpManager.m */,
				E8D373D31F15CB270040B541 /* LPVersionManager.h */,
				E8D373D41F15CB270040B541 /* LPVersionManager.m */,
				E8D374041F15EFEC0040B541 /* LPShareManager.h */,
				E8D374051F15EFEC0040B541 /* LPShareManager.m */,
				E8D374241F15F38E0040B541 /* LPPayManager.h */,
				E8D374251F15F38E0040B541 /* LPPayManager.m */,
				E8D3742F1F15F5F30040B541 /* LPPushManager.h */,
				E8D374301F15F5F30040B541 /* LPPushManager.m */,
				E8D374331F15F8410040B541 /* LPResourcesManager.h */,
				E8D374341F15F8410040B541 /* LPResourcesManager.m */,
				E8D374361F15F8FF0040B541 /* LPDataStoreManager.h */,
				E8D374371F15F8FF0040B541 /* LPDataStoreManager.m */,
				E8D374391F15F9AE0040B541 /* LPLocationManager.h */,
				E8D3743A1F15F9AE0040B541 /* LPLocationManager.m */,
				E8D374321F15F7AA0040B541 /* LPManager.h */,
			);
			path = Manager;
			sourceTree = "<group>";
		};
		E8D373EB1F15CE2F0040B541 /* Alipay */ = {
			isa = PBXGroup;
			children = (
				E8D373EC1F15CE2F0040B541 /* AlipaySDK.bundle */,
				E8D373ED1F15CE2F0040B541 /* AlipaySDK.framework */,
			);
			path = Alipay;
			sourceTree = "<group>";
		};
		E8D374071F15F0A40040B541 /* UMSocial */ = {
			isa = PBXGroup;
			children = (
				E8D374081F15F0A40040B541 /* SocialLibraries */,
				E8D374121F15F0A40040B541 /* UMSocialSDK */,
				E8D374161F15F0A40040B541 /* UMSocialSDKPlugin */,
				E8D374181F15F0A40040B541 /* UMSocialUI */,
			);
			path = UMSocial;
			sourceTree = "<group>";
		};
		E8D374081F15F0A40040B541 /* SocialLibraries */ = {
			isa = PBXGroup;
			children = (
				E8D374091F15F0A40040B541 /* QQ */,
				E8D3740C1F15F0A40040B541 /* Sina */,
				E8D3740F1F15F0A40040B541 /* WeChat */,
			);
			path = SocialLibraries;
			sourceTree = "<group>";
		};
		E8D374091F15F0A40040B541 /* QQ */ = {
			isa = PBXGroup;
			children = (
				E8D3740A1F15F0A40040B541 /* libSocialQQ.a */,
				E8D3740B1F15F0A40040B541 /* UMSocialQQHandler.h */,
			);
			path = QQ;
			sourceTree = "<group>";
		};
		E8D3740C1F15F0A40040B541 /* Sina */ = {
			isa = PBXGroup;
			children = (
				E8D3740D1F15F0A40040B541 /* libSocialSina.a */,
				E8D3740E1F15F0A40040B541 /* UMSocialSinaHandler.h */,
			);
			path = Sina;
			sourceTree = "<group>";
		};
		E8D3740F1F15F0A40040B541 /* WeChat */ = {
			isa = PBXGroup;
			children = (
				E8D374101F15F0A40040B541 /* libSocialWeChat.a */,
				E8D374111F15F0A40040B541 /* UMSocialWechatHandler.h */,
			);
			path = WeChat;
			sourceTree = "<group>";
		};
		E8D374121F15F0A40040B541 /* UMSocialSDK */ = {
			isa = PBXGroup;
			children = (
				E8D374131F15F0A40040B541 /* UMSocialCore.framework */,
				E8D374141F15F0A40040B541 /* UMSocialNetwork.framework */,
				E8D374151F15F0A40040B541 /* UMSocialSDKPromptResources.bundle */,
			);
			path = UMSocialSDK;
			sourceTree = "<group>";
		};
		E8D374161F15F0A40040B541 /* UMSocialSDKPlugin */ = {
			isa = PBXGroup;
			children = (
				E8D374171F15F0A40040B541 /* libUMSocialLog.a */,
			);
			path = UMSocialSDKPlugin;
			sourceTree = "<group>";
		};
		E8D374181F15F0A40040B541 /* UMSocialUI */ = {
			isa = PBXGroup;
			children = (
				E8D374191F15F0A40040B541 /* UMSocialSDKResources.bundle */,
				E8D3741A1F15F0A40040B541 /* UShareUI.framework */,
			);
			path = UMSocialUI;
			sourceTree = "<group>";
		};
		E8D374271F15F4410040B541 /* WechatPay */ = {
			isa = PBXGroup;
			children = (
				E8D374281F15F4410040B541 /* libWeChatSDK.a */,
				E8D374291F15F4410040B541 /* README.txt */,
				E8D3742A1F15F4410040B541 /* WechatAuthSDK.h */,
				E8D3742B1F15F4410040B541 /* WXApi.h */,
				E8D3742C1F15F4410040B541 /* WXApiObject.h */,
			);
			path = WechatPay;
			sourceTree = "<group>";
		};
		E8D3744A1F16060F0040B541 /* LPNetWorkManager */ = {
			isa = PBXGroup;
			children = (
				E8D3744B1F16060F0040B541 /* LPApiManager.h */,
				E8D3744C1F16060F0040B541 /* LPApiManager.m */,
				E8D3744D1F16060F0040B541 /* LPNetWorkManager.h */,
				E8D3744E1F16060F0040B541 /* LPNetWorkManager.m */,
			);
			name = LPNetWorkManager;
			path = LPToolKit/LPNetWorkManager;
			sourceTree = "<group>";
		};
		E8FE83661F2B06BC00E18C73 /* CustomView */ = {
			isa = PBXGroup;
			children = (
			);
			path = CustomView;
			sourceTree = "<group>";
		};
/* End PBXGroup section */

/* Begin PBXNativeTarget section */
		185161861DB772CD00FD1576 /* LPDevTools */ = {
			isa = PBXNativeTarget;
			buildConfigurationList = 185161A91DB772CE00FD1576 /* Build configuration list for PBXNativeTarget "LPDevTools" */;
			buildPhases = (
				98FD12AA7B1E26F652DC4F2F /* [CP] Check Pods Manifest.lock */,
				185161831DB772CD00FD1576 /* Sources */,
				185161841DB772CD00FD1576 /* Frameworks */,
				185161851DB772CD00FD1576 /* Resources */,
				F6F2A63FF322E0C6B6B95414 /* [CP] Embed Pods Frameworks */,
				046205A39F24064A4586D04C /* [CP] Copy Pods Resources */,
			);
			buildRules = (
			);
			dependencies = (
			);
			name = LPDevTools;
			productName = LPDevTools;
			productReference = 185161871DB772CD00FD1576 /* LPDevTools.app */;
			productType = "com.apple.product-type.application";
		};
		1851619F1DB772CE00FD1576 /* LPDevToolsTests */ = {
			isa = PBXNativeTarget;
			buildConfigurationList = 185161AC1DB772CE00FD1576 /* Build configuration list for PBXNativeTarget "LPDevToolsTests" */;
			buildPhases = (
				1851619C1DB772CE00FD1576 /* Sources */,
				1851619D1DB772CE00FD1576 /* Frameworks */,
				1851619E1DB772CE00FD1576 /* Resources */,
			);
			buildRules = (
			);
			dependencies = (
				185161A21DB772CE00FD1576 /* PBXTargetDependency */,
			);
			name = LPDevToolsTests;
			productName = LPDevToolsTests;
			productReference = 185161A01DB772CE00FD1576 /* LPDevToolsTests.xctest */;
			productType = "com.apple.product-type.bundle.unit-test";
		};
/* End PBXNativeTarget section */

/* Begin PBXProject section */
		1851617F1DB772CC00FD1576 /* Project object */ = {
			isa = PBXProject;
			attributes = {
				CLASSPREFIX = LP;
				LastUpgradeCheck = 0800;
				ORGANIZATIONNAME = lpdev.com;
				TargetAttributes = {
					185161861DB772CD00FD1576 = {
						CreatedOnToolsVersion = 8.0;
						DevelopmentTeam = VW6B7929D2;
						ProvisioningStyle = Automatic;
					};
					1851619F1DB772CE00FD1576 = {
						CreatedOnToolsVersion = 8.0;
						ProvisioningStyle = Automatic;
						TestTargetID = 185161861DB772CD00FD1576;
					};
				};
			};
			buildConfigurationList = 185161821DB772CC00FD1576 /* Build configuration list for PBXProject "LPDevTools" */;
			compatibilityVersion = "Xcode 3.2";
			developmentRegion = English;
			hasScannedForEncodings = 0;
			knownRegions = (
				en,
				Base,
			);
			mainGroup = 1851617E1DB772CC00FD1576;
			productRefGroup = 185161881DB772CD00FD1576 /* Products */;
			projectDirPath = "";
			projectRoot = "";
			targets = (
				185161861DB772CD00FD1576 /* LPDevTools */,
				1851619F1DB772CE00FD1576 /* LPDevToolsTests */,
			);
		};
/* End PBXProject section */

/* Begin PBXResourcesBuildPhase section */
		185161851DB772CD00FD1576 /* Resources */ = {
			isa = PBXResourcesBuildPhase;
			buildActionMask = 2147483647;
			files = (
				E8FE823F1F258A1900E18C73 /* index.html in Resources */,
				E8D373EE1F15CE2F0040B541 /* AlipaySDK.bundle in Resources */,
				1851619A1DB772CE00FD1576 /* LaunchScreen.storyboard in Resources */,
				185161971DB772CE00FD1576 /* Assets.xcassets in Resources */,
				E8D374201F15F0A40040B541 /* UMSocialSDKPromptResources.bundle in Resources */,
				E8D3742E1F15F4410040B541 /* README.txt in Resources */,
				E8D374221F15F0A40040B541 /* UMSocialSDKResources.bundle in Resources */,
			);
			runOnlyForDeploymentPostprocessing = 0;
		};
		1851619E1DB772CE00FD1576 /* Resources */ = {
			isa = PBXResourcesBuildPhase;
			buildActionMask = 2147483647;
			files = (
			);
			runOnlyForDeploymentPostprocessing = 0;
		};
/* End PBXResourcesBuildPhase section */

/* Begin PBXShellScriptBuildPhase section */
		046205A39F24064A4586D04C /* [CP] Copy Pods Resources */ = {
			isa = PBXShellScriptBuildPhase;
			buildActionMask = 2147483647;
			files = (
			);
			inputPaths = (
			);
			name = "[CP] Copy Pods Resources";
			outputPaths = (
			);
			runOnlyForDeploymentPostprocessing = 0;
			shellPath = /bin/sh;
			shellScript = "\"${SRCROOT}/Pods/Target Support Files/Pods-LPDevTools/Pods-LPDevTools-resources.sh\"\n";
			showEnvVarsInLog = 0;
		};
		98FD12AA7B1E26F652DC4F2F /* [CP] Check Pods Manifest.lock */ = {
			isa = PBXShellScriptBuildPhase;
			buildActionMask = 2147483647;
			files = (
			);
			inputPaths = (
			);
			name = "[CP] Check Pods Manifest.lock";
			outputPaths = (
			);
			runOnlyForDeploymentPostprocessing = 0;
			shellPath = /bin/sh;
			shellScript = "diff \"${PODS_PODFILE_DIR_PATH}/Podfile.lock\" \"${PODS_ROOT}/Manifest.lock\" > /dev/null\nif [ $? != 0 ] ; then\n    # print error to STDERR\n    echo \"error: The sandbox is not in sync with the Podfile.lock. Run 'pod install' or update your CocoaPods installation.\" >&2\n    exit 1\nfi\n";
			showEnvVarsInLog = 0;
		};
		F6F2A63FF322E0C6B6B95414 /* [CP] Embed Pods Frameworks */ = {
			isa = PBXShellScriptBuildPhase;
			buildActionMask = 2147483647;
			files = (
			);
			inputPaths = (
			);
			name = "[CP] Embed Pods Frameworks";
			outputPaths = (
			);
			runOnlyForDeploymentPostprocessing = 0;
			shellPath = /bin/sh;
			shellScript = "\"${SRCROOT}/Pods/Target Support Files/Pods-LPDevTools/Pods-LPDevTools-frameworks.sh\"\n";
			showEnvVarsInLog = 0;
		};
/* End PBXShellScriptBuildPhase section */

/* Begin PBXSourcesBuildPhase section */
		185161831DB772CD00FD1576 /* Sources */ = {
			isa = PBXSourcesBuildPhase;
			buildActionMask = 2147483647;
			files = (
				182B19E61DC0944D00C8DDE3 /* CYLPlusButtonSubclass.m in Sources */,
				E8D373E41F15CB270040B541 /* UITextView+Placeholder.m in Sources */,
				E8D373EA1F15CB270040B541 /* LPVersionManager.m in Sources */,
				E8D373E81F15CB270040B541 /* LPAPPKeyConfig.m in Sources */,
				1847FEC81DD44A5800A4339B /* NSNumber+JZExtension.m in Sources */,
				E8D373D71F15CB270040B541 /* NSObject+LPTools.m in Sources */,
				E8D3743B1F15F9AE0040B541 /* LPLocationManager.m in Sources */,
				E8D373E01F15CB270040B541 /* UIDevice+LPTools.m in Sources */,
				182B19E31DC089E500C8DDE3 /* LPTabBarControllerConfig.m in Sources */,
				1847FEC01DD44A5800A4339B /* Aspects.m in Sources */,
				E8D373E71F15CB270040B541 /* LPAPPConfig.m in Sources */,
				E8D374311F15F5F30040B541 /* LPPushManager.m in Sources */,
				1851618C1DB772CD00FD1576 /* main.m in Sources */,
				E8D374491F16045A0040B541 /* UIScrollView+LPRefresh.m in Sources */,
				0C21C6881F2DD3A90089C5B8 /* LPtestView.m in Sources */,
				E8D373D91F15CB270040B541 /* NSTimer+LPTools.m in Sources */,
				183F6D0D1DBA134F009F91F4 /* LPNavigationController.m in Sources */,
				1847FEC71DD44A5800A4339B /* _JZValue.m in Sources */,
				E8D373E51F15CB270040B541 /* UIView+LPTools.m in Sources */,
				E8D374501F16060F0040B541 /* LPNetWorkManager.m in Sources */,
				E8D373DD1F15CB270040B541 /* UIButton+Badge.m in Sources */,
				E8D374351F15F8410040B541 /* LPResourcesManager.m in Sources */,
				E8D373E91F15CB270040B541 /* LPJumpManager.m in Sources */,
				E8D374061F15EFEC0040B541 /* LPShareManager.m in Sources */,
				E8D373E31F15CB270040B541 /* UITextField+LPTools.m in Sources */,
				E8D373E61F15CB270040B541 /* UIViewController+LPTools.m in Sources */,
				1847FEC41DD44A5800A4339B /* CYLTabBarController.m in Sources */,
				1847FF1F1DD46CD100A4339B /* LPTestModel.m in Sources */,
				E8FE833E1F2867A700E18C73 /* LPLaunchImageAdView.m in Sources */,
				E8D374261F15F38E0040B541 /* LPPayManager.m in Sources */,
				E8D373D81F15CB270040B541 /* NSString+LPTools.m in Sources */,
				E8D373DB1F15CB270040B541 /* UIApplication+LPTools.m in Sources */,
				18797D5D1DB855DB00AB093E /* LPTabBarController.m in Sources */,
				1847FECB1DD44A5800A4339B /* UINavigationController+JZExtension.m in Sources */,
				1847FEC61DD44A5800A4339B /* _JZNavigationInteractiveTransition.m in Sources */,
				1847FECC1DD44A5800A4339B /* UIViewController+JZExtension.m in Sources */,
				18797D601DB8562500AB093E /* LPHomeController.m in Sources */,
				E8D373DC1F15CB270040B541 /* UIBarButtonItem+Badge.m in Sources */,
				E8D373DF1F15CB270040B541 /* UIColor+LPTools.m in Sources */,
				1847FEC91DD44A5800A4339B /* UINavigationBar+JZExtension.m in Sources */,
				E8D373D51F15CB270040B541 /* NSArray+LPTools.m in Sources */,
				E8D373E21F15CB270040B541 /* UILabel+LPTools.m in Sources */,
				1847FECA1DD44A5800A4339B /* UIToolbar+JZExtension.m in Sources */,
				E8D373DA1F15CB270040B541 /* NSUserDefaults+LPTools.m in Sources */,
				1847FEC11DD44A5800A4339B /* LPAspectsConfig.m in Sources */,
				182B19E91DC0A47F00C8DDE3 /* LPSecondViewController.m in Sources */,
				1847FEC21DD44A5800A4339B /* CYLPlusButton.m in Sources */,
				E8D374461F15FDD10040B541 /* UIScrollView+LPEmptyDataSet.m in Sources */,
				E8D373DE1F15CB270040B541 /* UIButton+LPTools.m in Sources */,
				1847FEC31DD44A5800A4339B /* CYLTabBar.m in Sources */,
				E8D3744F1F16060F0040B541 /* LPApiManager.m in Sources */,
				E8D373E11F15CB270040B541 /* UIImage+LPTools.m in Sources */,
				1847FEC51DD44A5800A4339B /* UIViewController+CYLTabBarControllerExtention.m in Sources */,
				185161B21DB77D4F00FD1576 /* AppDelegate.m in Sources */,
				E8D374381F15F8FF0040B541 /* LPDataStoreManager.m in Sources */,
				E8D373D61F15CB270040B541 /* NSDate+LPTools.m in Sources */,
			);
			runOnlyForDeploymentPostprocessing = 0;
		};
		1851619C1DB772CE00FD1576 /* Sources */ = {
			isa = PBXSourcesBuildPhase;
			buildActionMask = 2147483647;
			files = (
				185161A51DB772CE00FD1576 /* LPDevToolsTests.m in Sources */,
			);
			runOnlyForDeploymentPostprocessing = 0;
		};
/* End PBXSourcesBuildPhase section */

/* Begin PBXTargetDependency section */
		185161A21DB772CE00FD1576 /* PBXTargetDependency */ = {
			isa = PBXTargetDependency;
			target = 185161861DB772CD00FD1576 /* LPDevTools */;
			targetProxy = 185161A11DB772CE00FD1576 /* PBXContainerItemProxy */;
		};
/* End PBXTargetDependency section */

/* Begin PBXVariantGroup section */
		185161981DB772CE00FD1576 /* LaunchScreen.storyboard */ = {
			isa = PBXVariantGroup;
			children = (
				185161991DB772CE00FD1576 /* Base */,
			);
			name = LaunchScreen.storyboard;
			sourceTree = "<group>";
		};
/* End PBXVariantGroup section */

/* Begin XCBuildConfiguration section */
		185161A71DB772CE00FD1576 /* Debug */ = {
			isa = XCBuildConfiguration;
			buildSettings = {
				ALWAYS_SEARCH_USER_PATHS = NO;
				CLANG_ANALYZER_NONNULL = YES;
				CLANG_CXX_LANGUAGE_STANDARD = "gnu++0x";
				CLANG_CXX_LIBRARY = "libc++";
				CLANG_ENABLE_MODULES = YES;
				CLANG_ENABLE_OBJC_ARC = YES;
				CLANG_WARN_BOOL_CONVERSION = YES;
				CLANG_WARN_CONSTANT_CONVERSION = YES;
				CLANG_WARN_DIRECT_OBJC_ISA_USAGE = YES_ERROR;
				CLANG_WARN_DOCUMENTATION_COMMENTS = YES;
				CLANG_WARN_EMPTY_BODY = YES;
				CLANG_WARN_ENUM_CONVERSION = YES;
				CLANG_WARN_INFINITE_RECURSION = YES;
				CLANG_WARN_INT_CONVERSION = YES;
				CLANG_WARN_OBJC_ROOT_CLASS = YES_ERROR;
				CLANG_WARN_SUSPICIOUS_MOVES = YES;
				CLANG_WARN_UNREACHABLE_CODE = YES;
				CLANG_WARN__DUPLICATE_METHOD_MATCH = YES;
				"CODE_SIGN_IDENTITY[sdk=iphoneos*]" = "iPhone Developer";
				COPY_PHASE_STRIP = NO;
				DEBUG_INFORMATION_FORMAT = dwarf;
				ENABLE_STRICT_OBJC_MSGSEND = YES;
				ENABLE_TESTABILITY = YES;
				GCC_C_LANGUAGE_STANDARD = gnu99;
				GCC_DYNAMIC_NO_PIC = NO;
				GCC_NO_COMMON_BLOCKS = YES;
				GCC_OPTIMIZATION_LEVEL = 0;
				GCC_PREPROCESSOR_DEFINITIONS = (
					"DEBUG=1",
					"$(inherited)",
				);
				GCC_WARN_64_TO_32_BIT_CONVERSION = YES;
				GCC_WARN_ABOUT_RETURN_TYPE = YES_ERROR;
				GCC_WARN_UNDECLARED_SELECTOR = YES;
				GCC_WARN_UNINITIALIZED_AUTOS = YES_AGGRESSIVE;
				GCC_WARN_UNUSED_FUNCTION = YES;
				GCC_WARN_UNUSED_VARIABLE = YES;
				IPHONEOS_DEPLOYMENT_TARGET = 10.0;
				MTL_ENABLE_DEBUG_INFO = YES;
				ONLY_ACTIVE_ARCH = YES;
				SDKROOT = iphoneos;
			};
			name = Debug;
		};
		185161A81DB772CE00FD1576 /* Release */ = {
			isa = XCBuildConfiguration;
			buildSettings = {
				ALWAYS_SEARCH_USER_PATHS = NO;
				CLANG_ANALYZER_NONNULL = YES;
				CLANG_CXX_LANGUAGE_STANDARD = "gnu++0x";
				CLANG_CXX_LIBRARY = "libc++";
				CLANG_ENABLE_MODULES = YES;
				CLANG_ENABLE_OBJC_ARC = YES;
				CLANG_WARN_BOOL_CONVERSION = YES;
				CLANG_WARN_CONSTANT_CONVERSION = YES;
				CLANG_WARN_DIRECT_OBJC_ISA_USAGE = YES_ERROR;
				CLANG_WARN_DOCUMENTATION_COMMENTS = YES;
				CLANG_WARN_EMPTY_BODY = YES;
				CLANG_WARN_ENUM_CONVERSION = YES;
				CLANG_WARN_INFINITE_RECURSION = YES;
				CLANG_WARN_INT_CONVERSION = YES;
				CLANG_WARN_OBJC_ROOT_CLASS = YES_ERROR;
				CLANG_WARN_SUSPICIOUS_MOVES = YES;
				CLANG_WARN_UNREACHABLE_CODE = YES;
				CLANG_WARN__DUPLICATE_METHOD_MATCH = YES;
				"CODE_SIGN_IDENTITY[sdk=iphoneos*]" = "iPhone Developer";
				COPY_PHASE_STRIP = NO;
				DEBUG_INFORMATION_FORMAT = "dwarf-with-dsym";
				ENABLE_NS_ASSERTIONS = NO;
				ENABLE_STRICT_OBJC_MSGSEND = YES;
				GCC_C_LANGUAGE_STANDARD = gnu99;
				GCC_NO_COMMON_BLOCKS = YES;
				GCC_WARN_64_TO_32_BIT_CONVERSION = YES;
				GCC_WARN_ABOUT_RETURN_TYPE = YES_ERROR;
				GCC_WARN_UNDECLARED_SELECTOR = YES;
				GCC_WARN_UNINITIALIZED_AUTOS = YES_AGGRESSIVE;
				GCC_WARN_UNUSED_FUNCTION = YES;
				GCC_WARN_UNUSED_VARIABLE = YES;
				IPHONEOS_DEPLOYMENT_TARGET = 10.0;
				MTL_ENABLE_DEBUG_INFO = NO;
				SDKROOT = iphoneos;
				VALIDATE_PRODUCT = YES;
			};
			name = Release;
		};
		185161AA1DB772CE00FD1576 /* Debug */ = {
			isa = XCBuildConfiguration;
			baseConfigurationReference = 1372F38191AE2E389061DE59 /* Pods-LPDevTools.debug.xcconfig */;
			buildSettings = {
				ASSETCATALOG_COMPILER_APPICON_NAME = AppIcon;
				ASSETCATALOG_COMPILER_LAUNCHIMAGE_NAME = LaunchImage;
				DEVELOPMENT_TEAM = VW6B7929D2;
				FRAMEWORK_SEARCH_PATHS = (
					"$(inherited)",
					"$(PROJECT_DIR)/LPDevTools/Vendor/Alipay",
					"$(PROJECT_DIR)/LPDevTools/Vendor/UMSocial/UMSocialSDK",
					"$(PROJECT_DIR)/LPDevTools/Vendor/UMSocial/UMSocialUI",
				);
				GCC_INCREASE_PRECOMPILED_HEADER_SHARING = NO;
				GCC_PREFIX_HEADER = "$(PROJECT_DIR)/LPDevTools/LPDevToolsPrefix.pch";
				INFOPLIST_FILE = LPDevTools/Info.plist;
				LD_RUNPATH_SEARCH_PATHS = "$(inherited) @executable_path/Frameworks";
				LIBRARY_SEARCH_PATHS = (
					"$(inherited)",
					"$(PROJECT_DIR)/LPDevTools/Vendor/UMSocial/SocialLibraries/QQ",
					"$(PROJECT_DIR)/LPDevTools/Vendor/UMSocial/SocialLibraries/Sina",
					"$(PROJECT_DIR)/LPDevTools/Vendor/UMSocial/SocialLibraries/WeChat",
					"$(PROJECT_DIR)/LPDevTools/Vendor/UMSocial/UMSocialSDKPlugin",
					"$(PROJECT_DIR)/LPDevTools/Vendor/WechatPay",
				);
				OTHER_LDFLAGS = (
					"$(inherited)",
					"-ObjC",
					"-l\"AFNetworking\"",
					"-l\"MBProgressHUD\"",
					"-l\"MJExtension\"",
					"-l\"MJRefresh\"",
					"-l\"Masonry\"",
					"-l\"SDWebImage\"",
					"-framework",
					"\"CoreGraphics\"",
					"-framework",
					"\"Foundation\"",
					"-framework",
					"\"ImageIO\"",
					"-framework",
					"\"MobileCoreServices\"",
					"-framework",
					"\"QuartzCore\"",
					"-framework",
					"\"Security\"",
					"-framework",
					"\"SystemConfiguration\"",
					"-framework",
					"\"UIKit\"",
					"-all_load",
				);
				PRODUCT_BUNDLE_IDENTIFIER = com.lp.LPDevTools;
				PRODUCT_NAME = "$(TARGET_NAME)";
			};
			name = Debug;
		};
		185161AB1DB772CE00FD1576 /* Release */ = {
			isa = XCBuildConfiguration;
			baseConfigurationReference = 44BE1BFBDCFCD4CD0BBDA9D3 /* Pods-LPDevTools.release.xcconfig */;
			buildSettings = {
				ASSETCATALOG_COMPILER_APPICON_NAME = AppIcon;
				ASSETCATALOG_COMPILER_LAUNCHIMAGE_NAME = LaunchImage;
				DEVELOPMENT_TEAM = VW6B7929D2;
				FRAMEWORK_SEARCH_PATHS = (
					"$(inherited)",
					"$(PROJECT_DIR)/LPDevTools/Vendor/Alipay",
					"$(PROJECT_DIR)/LPDevTools/Vendor/UMSocial/UMSocialSDK",
					"$(PROJECT_DIR)/LPDevTools/Vendor/UMSocial/UMSocialUI",
				);
				GCC_INCREASE_PRECOMPILED_HEADER_SHARING = NO;
				GCC_PREFIX_HEADER = "$(PROJECT_DIR)/LPDevTools/LPDevToolsPrefix.pch";
				INFOPLIST_FILE = LPDevTools/Info.plist;
				LD_RUNPATH_SEARCH_PATHS = "$(inherited) @executable_path/Frameworks";
				LIBRARY_SEARCH_PATHS = (
					"$(inherited)",
					"$(PROJECT_DIR)/LPDevTools/Vendor/UMSocial/SocialLibraries/QQ",
					"$(PROJECT_DIR)/LPDevTools/Vendor/UMSocial/SocialLibraries/Sina",
					"$(PROJECT_DIR)/LPDevTools/Vendor/UMSocial/SocialLibraries/WeChat",
					"$(PROJECT_DIR)/LPDevTools/Vendor/UMSocial/UMSocialSDKPlugin",
					"$(PROJECT_DIR)/LPDevTools/Vendor/WechatPay",
				);
				OTHER_LDFLAGS = (
					"$(inherited)",
					"-ObjC",
					"-l\"AFNetworking\"",
					"-l\"MBProgressHUD\"",
					"-l\"MJExtension\"",
					"-l\"MJRefresh\"",
					"-l\"Masonry\"",
					"-l\"SDWebImage\"",
					"-framework",
					"\"CoreGraphics\"",
					"-framework",
					"\"Foundation\"",
					"-framework",
					"\"ImageIO\"",
					"-framework",
					"\"MobileCoreServices\"",
					"-framework",
					"\"QuartzCore\"",
					"-framework",
					"\"Security\"",
					"-framework",
					"\"SystemConfiguration\"",
					"-framework",
					"\"UIKit\"",
					"-all_load",
				);
				PRODUCT_BUNDLE_IDENTIFIER = com.lp.LPDevTools;
				PRODUCT_NAME = "$(TARGET_NAME)";
			};
			name = Release;
		};
		185161AD1DB772CE00FD1576 /* Debug */ = {
			isa = XCBuildConfiguration;
			buildSettings = {
				BUNDLE_LOADER = "$(TEST_HOST)";
				INFOPLIST_FILE = LPDevToolsTests/Info.plist;
				LD_RUNPATH_SEARCH_PATHS = "$(inherited) @executable_path/Frameworks @loader_path/Frameworks";
				PRODUCT_BUNDLE_IDENTIFIER = com.lp.LPDevToolsTests;
				PRODUCT_NAME = "$(TARGET_NAME)";
				TEST_HOST = "$(BUILT_PRODUCTS_DIR)/LPDevTools.app/LPDevTools";
			};
			name = Debug;
		};
		185161AE1DB772CE00FD1576 /* Release */ = {
			isa = XCBuildConfiguration;
			buildSettings = {
				BUNDLE_LOADER = "$(TEST_HOST)";
				INFOPLIST_FILE = LPDevToolsTests/Info.plist;
				LD_RUNPATH_SEARCH_PATHS = "$(inherited) @executable_path/Frameworks @loader_path/Frameworks";
				PRODUCT_BUNDLE_IDENTIFIER = com.lp.LPDevToolsTests;
				PRODUCT_NAME = "$(TARGET_NAME)";
				TEST_HOST = "$(BUILT_PRODUCTS_DIR)/LPDevTools.app/LPDevTools";
			};
			name = Release;
		};
/* End XCBuildConfiguration section */

/* Begin XCConfigurationList section */
		185161821DB772CC00FD1576 /* Build configuration list for PBXProject "LPDevTools" */ = {
			isa = XCConfigurationList;
			buildConfigurations = (
				185161A71DB772CE00FD1576 /* Debug */,
				185161A81DB772CE00FD1576 /* Release */,
			);
			defaultConfigurationIsVisible = 0;
			defaultConfigurationName = Release;
		};
		185161A91DB772CE00FD1576 /* Build configuration list for PBXNativeTarget "LPDevTools" */ = {
			isa = XCConfigurationList;
			buildConfigurations = (
				185161AA1DB772CE00FD1576 /* Debug */,
				185161AB1DB772CE00FD1576 /* Release */,
			);
			defaultConfigurationIsVisible = 0;
			defaultConfigurationName = Release;
		};
		185161AC1DB772CE00FD1576 /* Build configuration list for PBXNativeTarget "LPDevToolsTests" */ = {
			isa = XCConfigurationList;
			buildConfigurations = (
				185161AD1DB772CE00FD1576 /* Debug */,
				185161AE1DB772CE00FD1576 /* Release */,
			);
			defaultConfigurationIsVisible = 0;
			defaultConfigurationName = Release;
		};
/* End XCConfigurationList section */
	};
	rootObject = 1851617F1DB772CC00FD1576 /* Project object */;
}
